// !$*UTF8*$!
{
	archiveVersion = 1;
	classes = {
	};
	objectVersion = 56;
	objects = {

/* Begin PBXBuildFile section */
		91C51E2E461BDC6F5A352807 /* Pods_traveltune.framework in Frameworks */ = {isa = PBXBuildFile; fileRef = 72431900FFBB4314210744B8 /* Pods_traveltune.framework */; };
		C002E3B12ACA7FB0004C9C54 /* ThemeDetailInfoVC.swift in Sources */ = {isa = PBXBuildFile; fileRef = C002E3B02ACA7FB0004C9C54 /* ThemeDetailInfoVC.swift */; };
		C002E3B32ACA7FD4004C9C54 /* ThemeDetailInfoView.swift in Sources */ = {isa = PBXBuildFile; fileRef = C002E3B22ACA7FD4004C9C54 /* ThemeDetailInfoView.swift */; };
		C002E3B82ACAA225004C9C54 /* StoryScriptView.swift in Sources */ = {isa = PBXBuildFile; fileRef = C002E3B72ACAA225004C9C54 /* StoryScriptView.swift */; };
		C00839F12AC5E6DE00C17BD6 /* CircleView.swift in Sources */ = {isa = PBXBuildFile; fileRef = C00839F02AC5E6DE00C17BD6 /* CircleView.swift */; };
		C00839F32AC67EBB00C17BD6 /* AudioUISlider.swift in Sources */ = {isa = PBXBuildFile; fileRef = C00839F22AC67EBB00C17BD6 /* AudioUISlider.swift */; };
		C00839F62AC68DB700C17BD6 /* AudioImageView.swift in Sources */ = {isa = PBXBuildFile; fileRef = C00839F52AC68DB700C17BD6 /* AudioImageView.swift */; };
		C00C3C832ACC8A3C00B89928 /* RegionType.swift in Sources */ = {isa = PBXBuildFile; fileRef = C00C3C822ACC8A3C00B89928 /* RegionType.swift */; };
		C00C3CB12ACD28DC00B89928 /* LocalSearchKeywordRepository.swift in Sources */ = {isa = PBXBuildFile; fileRef = C00C3CB02ACD28DC00B89928 /* LocalSearchKeywordRepository.swift */; };
		C00C3CB42ACD2D2D00B89928 /* Results+Extension.swift in Sources */ = {isa = PBXBuildFile; fileRef = C00C3CB32ACD2D2D00B89928 /* Results+Extension.swift */; };
		C00C3CB92ACD4A2B00B89928 /* SearchKeyword.swift in Sources */ = {isa = PBXBuildFile; fileRef = C00C3CB82ACD4A2B00B89928 /* SearchKeyword.swift */; };
		C011CAA22AD29E2400D1E89B /* DetailTravelSpotProtocol.swift in Sources */ = {isa = PBXBuildFile; fileRef = C011CAA12AD29E2400D1E89B /* DetailTravelSpotProtocol.swift */; };
		C0139F6F2ACC040800F7A378 /* SearchTagCell.swift in Sources */ = {isa = PBXBuildFile; fileRef = C0139F6E2ACC040800F7A378 /* SearchTagCell.swift */; };
		C01AF0ED2AC9CB74006E8494 /* LoadingIndicator.swift in Sources */ = {isa = PBXBuildFile; fileRef = C01AF0EC2AC9CB74006E8494 /* LoadingIndicator.swift */; };
		C02C02F12AC5B7FF0078CB29 /* UIVisualEffectView+Extension.swift in Sources */ = {isa = PBXBuildFile; fileRef = C02C02F02AC5B7FF0078CB29 /* UIVisualEffectView+Extension.swift */; };
		C02DABDA2ACAAE4E00F3BC42 /* UITextView+Extension.swift in Sources */ = {isa = PBXBuildFile; fileRef = C02DABD92ACAAE4E00F3BC42 /* UITextView+Extension.swift */; };
		C02DABDF2ACADE3000F3BC42 /* SearchVC.swift in Sources */ = {isa = PBXBuildFile; fileRef = C02DABDE2ACADE3000F3BC42 /* SearchVC.swift */; };
		C02DABE12ACADE4700F3BC42 /* SearchView.swift in Sources */ = {isa = PBXBuildFile; fileRef = C02DABE02ACADE4700F3BC42 /* SearchView.swift */; };
		C03019402ACC6BFF00926451 /* SearchRecommendWord.swift in Sources */ = {isa = PBXBuildFile; fileRef = C030193F2ACC6BFF00926451 /* SearchRecommendWord.swift */; };
		C03019422ACC713C00926451 /* SearchViewModel.swift in Sources */ = {isa = PBXBuildFile; fileRef = C03019412ACC713C00926451 /* SearchViewModel.swift */; };
		C03592812ACD79D700AA3D36 /* SearchResultVC.swift in Sources */ = {isa = PBXBuildFile; fileRef = C03592802ACD79D700AA3D36 /* SearchResultVC.swift */; };
		C03592832ACD987A00AA3D36 /* CommonTabPagingVC.swift in Sources */ = {isa = PBXBuildFile; fileRef = C03592822ACD987A00AA3D36 /* CommonTabPagingVC.swift */; };
		C03592892ACDA03700AA3D36 /* SearchResultTabStoryVC.swift in Sources */ = {isa = PBXBuildFile; fileRef = C03592882ACDA03700AA3D36 /* SearchResultTabStoryVC.swift */; };
		C035928B2ACDA05100AA3D36 /* SearchResultTabStoryView.swift in Sources */ = {isa = PBXBuildFile; fileRef = C035928A2ACDA05100AA3D36 /* SearchResultTabStoryView.swift */; };
		C035928D2ACDA07900AA3D36 /* SearchResultTabTravelSpotVC.swift in Sources */ = {isa = PBXBuildFile; fileRef = C035928C2ACDA07900AA3D36 /* SearchResultTabTravelSpotVC.swift */; };
		C035928F2ACDA09600AA3D36 /* SearchResultTabTravelSpotView.swift in Sources */ = {isa = PBXBuildFile; fileRef = C035928E2ACDA09600AA3D36 /* SearchResultTabTravelSpotView.swift */; };
		C03592912ACDCD1200AA3D36 /* RequestSearchStory.swift in Sources */ = {isa = PBXBuildFile; fileRef = C03592902ACDCD1200AA3D36 /* RequestSearchStory.swift */; };
		C03592952ACDDC2600AA3D36 /* SearchResultViewModel.swift in Sources */ = {isa = PBXBuildFile; fileRef = C03592942ACDDC2600AA3D36 /* SearchResultViewModel.swift */; };
		C03FE0372ACFDB2800D02385 /* MapViewModel.swift in Sources */ = {isa = PBXBuildFile; fileRef = C03FE0362ACFDB2800D02385 /* MapViewModel.swift */; };
		C03FE0392ACFDB6600D02385 /* SettingViewModel.swift in Sources */ = {isa = PBXBuildFile; fileRef = C03FE0382ACFDB6600D02385 /* SettingViewModel.swift */; };
		C03FE03B2ACFE73800D02385 /* SearchResultTabStoryVCProtocol.swift in Sources */ = {isa = PBXBuildFile; fileRef = C03FE03A2ACFE73800D02385 /* SearchResultTabStoryVCProtocol.swift */; };
		C03FE03D2ACFEB0400D02385 /* SearchResultStoryCell.swift in Sources */ = {isa = PBXBuildFile; fileRef = C03FE03C2ACFEB0400D02385 /* SearchResultStoryCell.swift */; };
		C0453D192AC6A3DB00C220A6 /* RequestStory.swift in Sources */ = {isa = PBXBuildFile; fileRef = C0453D182AC6A3DB00C220A6 /* RequestStory.swift */; };
		C0453D1B2AC6A49900C220A6 /* ResponseStory.swift in Sources */ = {isa = PBXBuildFile; fileRef = C0453D1A2AC6A49900C220A6 /* ResponseStory.swift */; };
		C0453D1D2AC7F6B900C220A6 /* StoryRepository.swift in Sources */ = {isa = PBXBuildFile; fileRef = C0453D1C2AC7F6B900C220A6 /* StoryRepository.swift */; };
		C0453D1F2AC7F8F500C220A6 /* ThemeDetailViewModel.swift in Sources */ = {isa = PBXBuildFile; fileRef = C0453D1E2AC7F8F500C220A6 /* ThemeDetailViewModel.swift */; };
		C04F9C892ABEE0590058A8D0 /* GoogleService-Info.plist in Resources */ = {isa = PBXBuildFile; fileRef = C04F9C882ABEE0590058A8D0 /* GoogleService-Info.plist */; };
		C04F9C9E2ABEEE460058A8D0 /* .gitignore in Resources */ = {isa = PBXBuildFile; fileRef = C04F9C9D2ABEEE460058A8D0 /* .gitignore */; };
		C04F9CA02ABEEED60058A8D0 /* APIKey.swift in Sources */ = {isa = PBXBuildFile; fileRef = C04F9C9F2ABEEED60058A8D0 /* APIKey.swift */; };
		C04F9CA22ABEEF610058A8D0 /* Network.swift in Sources */ = {isa = PBXBuildFile; fileRef = C04F9CA12ABEEF610058A8D0 /* Network.swift */; };
		C04F9CA72ABEEFD50058A8D0 /* Router.swift in Sources */ = {isa = PBXBuildFile; fileRef = C04F9CA62ABEEFD50058A8D0 /* Router.swift */; };
		C04F9CA92ABEF6320058A8D0 /* Encodable+Extension.swift in Sources */ = {isa = PBXBuildFile; fileRef = C04F9CA82ABEF6320058A8D0 /* Encodable+Extension.swift */; };
		C04F9CAE2ABEF8320058A8D0 /* ResponseTravelSpots.swift in Sources */ = {isa = PBXBuildFile; fileRef = C04F9CAD2ABEF8320058A8D0 /* ResponseTravelSpots.swift */; };
		C04F9CB02ABEF8950058A8D0 /* RequestTravelSpots.swift in Sources */ = {isa = PBXBuildFile; fileRef = C04F9CAF2ABEF8950058A8D0 /* RequestTravelSpots.swift */; };
		C04F9CF42AC0772C0058A8D0 /* AVPlayerManager.swift in Sources */ = {isa = PBXBuildFile; fileRef = C04F9CF32AC0772C0058A8D0 /* AVPlayerManager.swift */; };
		C04F9CF62AC0919B0058A8D0 /* BaseRequestInterceptor.swift in Sources */ = {isa = PBXBuildFile; fileRef = C04F9CF52AC0919B0058A8D0 /* BaseRequestInterceptor.swift */; };
		C04F9CFA2AC09C0E0058A8D0 /* RequestCheckVisitorsInMetro.swift in Sources */ = {isa = PBXBuildFile; fileRef = C04F9CF92AC09C0E0058A8D0 /* RequestCheckVisitorsInMetro.swift */; };
		C04F9CFC2AC09CBC0058A8D0 /* ResponseCheckVisitorsInMetro.swift in Sources */ = {isa = PBXBuildFile; fileRef = C04F9CFB2AC09CBC0058A8D0 /* ResponseCheckVisitorsInMetro.swift */; };
		C05BB6B02AC31770007CC4A5 /* ThemeStory.swift in Sources */ = {isa = PBXBuildFile; fileRef = C05BB6AF2AC31770007CC4A5 /* ThemeStory.swift */; };
		C05BB6B22AC31D2A007CC4A5 /* ThemeViewModel.swift in Sources */ = {isa = PBXBuildFile; fileRef = C05BB6B12AC31D2A007CC4A5 /* ThemeViewModel.swift */; };
		C05BB6B62AC335D5007CC4A5 /* Pavelt 400.otf in Resources */ = {isa = PBXBuildFile; fileRef = C05BB6B52AC335D5007CC4A5 /* Pavelt 400.otf */; };
		C05F921A2AC3494F00427F6D /* UILabel+Extension.swift in Sources */ = {isa = PBXBuildFile; fileRef = C05F92192AC3494F00427F6D /* UILabel+Extension.swift */; };
		C05F921C2AC3F33000427F6D /* RequestSearchTravelSpots.swift in Sources */ = {isa = PBXBuildFile; fileRef = C05F921B2AC3F33000427F6D /* RequestSearchTravelSpots.swift */; };
		C05F921F2AC3F4C600427F6D /* ThemeDetailVC.swift in Sources */ = {isa = PBXBuildFile; fileRef = C05F921E2AC3F4C600427F6D /* ThemeDetailVC.swift */; };
		C05F92212AC3F4F400427F6D /* ThemeDetailView.swift in Sources */ = {isa = PBXBuildFile; fileRef = C05F92202AC3F4F400427F6D /* ThemeDetailView.swift */; };
		C05F92262AC3F93B00427F6D /* ThemeVCProtocol.swift in Sources */ = {isa = PBXBuildFile; fileRef = C05F92252AC3F93B00427F6D /* ThemeVCProtocol.swift */; };
		C0607D8B2AD27C44002E4CBD /* DetailTravelSpotVC.swift in Sources */ = {isa = PBXBuildFile; fileRef = C0607D8A2AD27C44002E4CBD /* DetailTravelSpotVC.swift */; };
		C0607D8D2AD27C64002E4CBD /* DetailTravelSpotView.swift in Sources */ = {isa = PBXBuildFile; fileRef = C0607D8C2AD27C64002E4CBD /* DetailTravelSpotView.swift */; };
		C0607D8F2AD27C8B002E4CBD /* DetailTravelSpotViewModel.swift in Sources */ = {isa = PBXBuildFile; fileRef = C0607D8E2AD27C8B002E4CBD /* DetailTravelSpotViewModel.swift */; };
		C06449F22ACC2D60005C8529 /* SearchRecentWordCell.swift in Sources */ = {isa = PBXBuildFile; fileRef = C06449F12ACC2D60005C8529 /* SearchRecentWordCell.swift */; };
		C06449F92ACC37D7005C8529 /* SearchVCProtocol.swift in Sources */ = {isa = PBXBuildFile; fileRef = C06449F82ACC37D7005C8529 /* SearchVCProtocol.swift */; };
		C06449FC2ACC3AE6005C8529 /* IQKeyboardManagerSwift in Frameworks */ = {isa = PBXBuildFile; productRef = C06449FB2ACC3AE6005C8529 /* IQKeyboardManagerSwift */; };
		C06449FE2ACC3C4D005C8529 /* UITextfield+Extension.swift in Sources */ = {isa = PBXBuildFile; fileRef = C06449FD2ACC3C4D005C8529 /* UITextfield+Extension.swift */; };
		C06C933C2AC2B231006B26F6 /* ThemePagerCellView.swift in Sources */ = {isa = PBXBuildFile; fileRef = C06C933B2AC2B231006B26F6 /* ThemePagerCellView.swift */; };
		C073F6512AD2D5B500EEE107 /* CustomAnnotaionView.swift in Sources */ = {isa = PBXBuildFile; fileRef = C073F6502AD2D5B500EEE107 /* CustomAnnotaionView.swift */; };
		C073F6542AD3074300EEE107 /* URLSchemeManager.swift in Sources */ = {isa = PBXBuildFile; fileRef = C073F6532AD3074300EEE107 /* URLSchemeManager.swift */; };
		C07D8B162AD00D4800267C8B /* Notification+Extension.swift in Sources */ = {isa = PBXBuildFile; fileRef = C07D8B152AD00D4800267C8B /* Notification+Extension.swift */; };
		C07D8B182AD0358B00267C8B /* launch_screen.png in Resources */ = {isa = PBXBuildFile; fileRef = C07D8B172AD0358B00267C8B /* launch_screen.png */; };
		C08B37A32AC2A627007FF39F /* ThemePagerCell.swift in Sources */ = {isa = PBXBuildFile; fileRef = C08B37A22AC2A627007FF39F /* ThemePagerCell.swift */; };
		C08B37A82AC2A761007FF39F /* ReusableViewProtocol.swift in Sources */ = {isa = PBXBuildFile; fileRef = C08B37A72AC2A761007FF39F /* ReusableViewProtocol.swift */; };
		C08B37AC2AC2AAAB007FF39F /* BaseCellProtocol.swift in Sources */ = {isa = PBXBuildFile; fileRef = C08B37AB2AC2AAAB007FF39F /* BaseCellProtocol.swift */; };
		C09A697D2ACB04CD002FA468 /* SearchTextField.swift in Sources */ = {isa = PBXBuildFile; fileRef = C09A697C2ACB04CD002FA468 /* SearchTextField.swift */; };
		C09A697F2ACB34F1002FA468 /* SearchController.swift in Sources */ = {isa = PBXBuildFile; fileRef = C09A697E2ACB34F1002FA468 /* SearchController.swift */; };
		C09A69832ACB3A6D002FA468 /* TitleSupplementaryView.swift in Sources */ = {isa = PBXBuildFile; fileRef = C09A69822ACB3A6D002FA468 /* TitleSupplementaryView.swift */; };
		C09B48792ACF195A00B951CB /* SearchResultTabTravelSpotVCProtocol.swift in Sources */ = {isa = PBXBuildFile; fileRef = C09B48782ACF195A00B951CB /* SearchResultTabTravelSpotVCProtocol.swift */; };
		C0B6CA172AC994AF005A0E2A /* PlayerBottomProtocol.swift in Sources */ = {isa = PBXBuildFile; fileRef = C0B6CA162AC994AF005A0E2A /* PlayerBottomProtocol.swift */; };
		C0B6CA192AC99EDD005A0E2A /* ThumbnailImageView.swift in Sources */ = {isa = PBXBuildFile; fileRef = C0B6CA182AC99EDD005A0E2A /* ThumbnailImageView.swift */; };
		C0BDC31B2AC8871A00D7331E /* LocalThemeStoryRepository.swift in Sources */ = {isa = PBXBuildFile; fileRef = C0BDC31A2AC8871A00D7331E /* LocalThemeStoryRepository.swift */; };
		C0BDC3262AC8912200D7331E /* Copy+Extension.swift in Sources */ = {isa = PBXBuildFile; fileRef = C0BDC3252AC8912200D7331E /* Copy+Extension.swift */; };
		C0BDC3282AC934F100D7331E /* FavoriteStory.swift in Sources */ = {isa = PBXBuildFile; fileRef = C0BDC3272AC934F100D7331E /* FavoriteStory.swift */; };
		C0BDC32D2AC9372B00D7331E /* LocalFavoriteStoryRepository.swift in Sources */ = {isa = PBXBuildFile; fileRef = C0BDC32C2AC9372B00D7331E /* LocalFavoriteStoryRepository.swift */; };
		C0BDC3352AC982E100D7331E /* PlayerBottomView.swift in Sources */ = {isa = PBXBuildFile; fileRef = C0BDC3342AC982E100D7331E /* PlayerBottomView.swift */; };
		C0D615322ACE81A000EC5EE9 /* SearchResultSpotCell.swift in Sources */ = {isa = PBXBuildFile; fileRef = C0D615312ACE81A000EC5EE9 /* SearchResultSpotCell.swift */; };
		C0D615342ACE890A00EC5EE9 /* SearchResultTabTravelSpotViewModel.swift in Sources */ = {isa = PBXBuildFile; fileRef = C0D615332ACE890A00EC5EE9 /* SearchResultTabTravelSpotViewModel.swift */; };
		C0D615362ACE89E100EC5EE9 /* SearchResultTabStoryViewModel.swift in Sources */ = {isa = PBXBuildFile; fileRef = C0D615352ACE89E100EC5EE9 /* SearchResultTabStoryViewModel.swift */; };
		C0D6153D2ACEE8AA00EC5EE9 /* BaseViewModel.swift in Sources */ = {isa = PBXBuildFile; fileRef = C0D6153C2ACEE8AA00EC5EE9 /* BaseViewModel.swift */; };
		C0D81A722AC40A5A00CB2EF0 /* SplashVC.swift in Sources */ = {isa = PBXBuildFile; fileRef = C0D81A712AC40A5A00CB2EF0 /* SplashVC.swift */; };
		C0D81A742AC40A7700CB2EF0 /* SplashView.swift in Sources */ = {isa = PBXBuildFile; fileRef = C0D81A732AC40A7700CB2EF0 /* SplashView.swift */; };
		C0D81A762AC40C8E00CB2EF0 /* SplashViewModel.swift in Sources */ = {isa = PBXBuildFile; fileRef = C0D81A752AC40C8E00CB2EF0 /* SplashViewModel.swift */; };
		C0D81A782AC40FB000CB2EF0 /* NetworkMonitor.swift in Sources */ = {isa = PBXBuildFile; fileRef = C0D81A772AC40FB000CB2EF0 /* NetworkMonitor.swift */; };
		C0D81A7A2AC4104300CB2EF0 /* RealmProtocol.swift in Sources */ = {isa = PBXBuildFile; fileRef = C0D81A792AC4104300CB2EF0 /* RealmProtocol.swift */; };
		C0D81A7F2AC4143A00CB2EF0 /* LocalTravelSpotRepository.swift in Sources */ = {isa = PBXBuildFile; fileRef = C0D81A7E2AC4143A00CB2EF0 /* LocalTravelSpotRepository.swift */; };
		C0D81A862AC42C2800CB2EF0 /* TravelSpotRepository.swift in Sources */ = {isa = PBXBuildFile; fileRef = C0D81A852AC42C2800CB2EF0 /* TravelSpotRepository.swift */; };
		C0D81A882AC43EF300CB2EF0 /* UIViewController+Extension.swift in Sources */ = {isa = PBXBuildFile; fileRef = C0D81A872AC43EF300CB2EF0 /* UIViewController+Extension.swift */; };
		C0D81A8D2AC4941100CB2EF0 /* UserDefault.swift in Sources */ = {isa = PBXBuildFile; fileRef = C0D81A8C2AC4941100CB2EF0 /* UserDefault.swift */; };
		C0D81A8F2AC4966F00CB2EF0 /* Date+Extension.swift in Sources */ = {isa = PBXBuildFile; fileRef = C0D81A8E2AC4966F00CB2EF0 /* Date+Extension.swift */; };
		C0D81A912AC49D1000CB2EF0 /* VisitorDataInfoRequestInterceptor.swift in Sources */ = {isa = PBXBuildFile; fileRef = C0D81A902AC49D1000CB2EF0 /* VisitorDataInfoRequestInterceptor.swift */; };
		C0D81A932AC4A5B300CB2EF0 /* DateManager.swift in Sources */ = {isa = PBXBuildFile; fileRef = C0D81A922AC4A5B300CB2EF0 /* DateManager.swift */; };
		C0D81A962AC5437800CB2EF0 /* Hero in Frameworks */ = {isa = PBXBuildFile; productRef = C0D81A952AC5437800CB2EF0 /* Hero */; };
		C0D81A9A2AC5609800CB2EF0 /* Constant.swift in Sources */ = {isa = PBXBuildFile; fileRef = C0D81A992AC5609800CB2EF0 /* Constant.swift */; };
		C0D81AA22AC56D7000CB2EF0 /* UICollectionViewFlowLayout+Extension.swift in Sources */ = {isa = PBXBuildFile; fileRef = C0D81AA12AC56D7000CB2EF0 /* UICollectionViewFlowLayout+Extension.swift */; };
		C0D81AA52AC575F100CB2EF0 /* ThemeDetailVCProtocol.swift in Sources */ = {isa = PBXBuildFile; fileRef = C0D81AA42AC575F100CB2EF0 /* ThemeDetailVCProtocol.swift */; };
		C0E8BA4B2ABC8B7600B1CCA6 /* AppDelegate.swift in Sources */ = {isa = PBXBuildFile; fileRef = C0E8BA4A2ABC8B7600B1CCA6 /* AppDelegate.swift */; };
		C0E8BA4D2ABC8B7600B1CCA6 /* SceneDelegate.swift in Sources */ = {isa = PBXBuildFile; fileRef = C0E8BA4C2ABC8B7600B1CCA6 /* SceneDelegate.swift */; };
		C0E8BA542ABC8B7700B1CCA6 /* Assets.xcassets in Resources */ = {isa = PBXBuildFile; fileRef = C0E8BA532ABC8B7700B1CCA6 /* Assets.xcassets */; };
		C0E8BA572ABC8B7700B1CCA6 /* LaunchScreen.storyboard in Resources */ = {isa = PBXBuildFile; fileRef = C0E8BA552ABC8B7700B1CCA6 /* LaunchScreen.storyboard */; };
		C0E8BA732ABC972D00B1CCA6 /* SnapKit in Frameworks */ = {isa = PBXBuildFile; productRef = C0E8BA722ABC972D00B1CCA6 /* SnapKit */; };
		C0E8BA762ABC973900B1CCA6 /* Kingfisher in Frameworks */ = {isa = PBXBuildFile; productRef = C0E8BA752ABC973900B1CCA6 /* Kingfisher */; };
		C0E8BA792ABC974900B1CCA6 /* Alamofire in Frameworks */ = {isa = PBXBuildFile; productRef = C0E8BA782ABC974900B1CCA6 /* Alamofire */; };
		C0E8BA7C2ABC976500B1CCA6 /* Realm in Frameworks */ = {isa = PBXBuildFile; productRef = C0E8BA7B2ABC976500B1CCA6 /* Realm */; };
		C0E8BA7E2ABC976500B1CCA6 /* RealmSwift in Frameworks */ = {isa = PBXBuildFile; productRef = C0E8BA7D2ABC976500B1CCA6 /* RealmSwift */; };
		C0E8BA812ABC977C00B1CCA6 /* Toast in Frameworks */ = {isa = PBXBuildFile; productRef = C0E8BA802ABC977C00B1CCA6 /* Toast */; };
		C0E8BA852ABC98F800B1CCA6 /* Localizable.strings in Resources */ = {isa = PBXBuildFile; fileRef = C0E8BA872ABC98F800B1CCA6 /* Localizable.strings */; };
		C0E8BA8A2ABC993000B1CCA6 /* Strings.swift in Sources */ = {isa = PBXBuildFile; fileRef = C0E8BA892ABC993000B1CCA6 /* Strings.swift */; };
		C0E8BA8C2ABC997800B1CCA6 /* String+Extension.swift in Sources */ = {isa = PBXBuildFile; fileRef = C0E8BA8B2ABC997800B1CCA6 /* String+Extension.swift */; };
		C0E8BA932ABDCCC900B1CCA6 /* TabBarVC.swift in Sources */ = {isa = PBXBuildFile; fileRef = C0E8BA922ABDCCC900B1CCA6 /* TabBarVC.swift */; };
		C0E8BA9A2ABDCD3800B1CCA6 /* ThemeVC.swift in Sources */ = {isa = PBXBuildFile; fileRef = C0E8BA992ABDCD3800B1CCA6 /* ThemeVC.swift */; };
		C0E8BA9C2ABDCD5B00B1CCA6 /* MapVC.swift in Sources */ = {isa = PBXBuildFile; fileRef = C0E8BA9B2ABDCD5B00B1CCA6 /* MapVC.swift */; };
		C0E8BA9E2ABDCD8300B1CCA6 /* SettingVC.swift in Sources */ = {isa = PBXBuildFile; fileRef = C0E8BA9D2ABDCD8300B1CCA6 /* SettingVC.swift */; };
		C0E8BAA12ABDDA5900B1CCA6 /* Observable.swift in Sources */ = {isa = PBXBuildFile; fileRef = C0E8BAA02ABDDA5900B1CCA6 /* Observable.swift */; };
		C0E8BAA32ABDDAF100B1CCA6 /* BaseView.swift in Sources */ = {isa = PBXBuildFile; fileRef = C0E8BAA22ABDDAF100B1CCA6 /* BaseView.swift */; };
		C0E8BAA52ABDDB5D00B1CCA6 /* BaseViewController.swift in Sources */ = {isa = PBXBuildFile; fileRef = C0E8BAA42ABDDB5D00B1CCA6 /* BaseViewController.swift */; };
		C0E8BAA72ABDDBE400B1CCA6 /* BaseCollectionViewCell.swift in Sources */ = {isa = PBXBuildFile; fileRef = C0E8BAA62ABDDBE400B1CCA6 /* BaseCollectionViewCell.swift */; };
		C0E8BAAA2ABDDC3D00B1CCA6 /* ConfigurableViewProtocol.swift in Sources */ = {isa = PBXBuildFile; fileRef = C0E8BAA92ABDDC3D00B1CCA6 /* ConfigurableViewProtocol.swift */; };
		C0E8BAAC2ABDDCC800B1CCA6 /* ThemeView.swift in Sources */ = {isa = PBXBuildFile; fileRef = C0E8BAAB2ABDDCC800B1CCA6 /* ThemeView.swift */; };
		C0E8BAAE2ABDDD7700B1CCA6 /* MapView.swift in Sources */ = {isa = PBXBuildFile; fileRef = C0E8BAAD2ABDDD7700B1CCA6 /* MapView.swift */; };
		C0E8BAB02ABDDD9700B1CCA6 /* SettingView.swift in Sources */ = {isa = PBXBuildFile; fileRef = C0E8BAAF2ABDDD9700B1CCA6 /* SettingView.swift */; };
		C0E8BAB32ABDE72800B1CCA6 /* RegionButton.swift in Sources */ = {isa = PBXBuildFile; fileRef = C0E8BAB22ABDE72800B1CCA6 /* RegionButton.swift */; };
		C0EF787E2AC5D4470098D091 /* ThemeDetailCollectionHeaderView.swift in Sources */ = {isa = PBXBuildFile; fileRef = C0EF787D2AC5D4470098D091 /* ThemeDetailCollectionHeaderView.swift */; };
		C0EF78812AC5D60B0098D091 /* StoryCell.swift in Sources */ = {isa = PBXBuildFile; fileRef = C0EF78802AC5D60B0098D091 /* StoryCell.swift */; };
/* End PBXBuildFile section */

/* Begin PBXFileReference section */
		6A6C9A4659B7BEA01E36D10E /* Pods-traveltune.release.xcconfig */ = {isa = PBXFileReference; includeInIndex = 1; lastKnownFileType = text.xcconfig; name = "Pods-traveltune.release.xcconfig"; path = "Target Support Files/Pods-traveltune/Pods-traveltune.release.xcconfig"; sourceTree = "<group>"; };
		72431900FFBB4314210744B8 /* Pods_traveltune.framework */ = {isa = PBXFileReference; explicitFileType = wrapper.framework; includeInIndex = 0; path = Pods_traveltune.framework; sourceTree = BUILT_PRODUCTS_DIR; };
		C002E3B02ACA7FB0004C9C54 /* ThemeDetailInfoVC.swift */ = {isa = PBXFileReference; lastKnownFileType = sourcecode.swift; path = ThemeDetailInfoVC.swift; sourceTree = "<group>"; };
		C002E3B22ACA7FD4004C9C54 /* ThemeDetailInfoView.swift */ = {isa = PBXFileReference; lastKnownFileType = sourcecode.swift; path = ThemeDetailInfoView.swift; sourceTree = "<group>"; };
		C002E3B72ACAA225004C9C54 /* StoryScriptView.swift */ = {isa = PBXFileReference; lastKnownFileType = sourcecode.swift; path = StoryScriptView.swift; sourceTree = "<group>"; };
		C00839F02AC5E6DE00C17BD6 /* CircleView.swift */ = {isa = PBXFileReference; lastKnownFileType = sourcecode.swift; path = CircleView.swift; sourceTree = "<group>"; };
		C00839F22AC67EBB00C17BD6 /* AudioUISlider.swift */ = {isa = PBXFileReference; lastKnownFileType = sourcecode.swift; path = AudioUISlider.swift; sourceTree = "<group>"; };
		C00839F52AC68DB700C17BD6 /* AudioImageView.swift */ = {isa = PBXFileReference; lastKnownFileType = sourcecode.swift; path = AudioImageView.swift; sourceTree = "<group>"; };
		C00C3C822ACC8A3C00B89928 /* RegionType.swift */ = {isa = PBXFileReference; lastKnownFileType = sourcecode.swift; path = RegionType.swift; sourceTree = "<group>"; };
		C00C3CB02ACD28DC00B89928 /* LocalSearchKeywordRepository.swift */ = {isa = PBXFileReference; lastKnownFileType = sourcecode.swift; path = LocalSearchKeywordRepository.swift; sourceTree = "<group>"; };
		C00C3CB32ACD2D2D00B89928 /* Results+Extension.swift */ = {isa = PBXFileReference; lastKnownFileType = sourcecode.swift; path = "Results+Extension.swift"; sourceTree = "<group>"; };
		C00C3CB82ACD4A2B00B89928 /* SearchKeyword.swift */ = {isa = PBXFileReference; lastKnownFileType = sourcecode.swift; path = SearchKeyword.swift; sourceTree = "<group>"; };
		C011CAA12AD29E2400D1E89B /* DetailTravelSpotProtocol.swift */ = {isa = PBXFileReference; lastKnownFileType = sourcecode.swift; path = DetailTravelSpotProtocol.swift; sourceTree = "<group>"; };
		C0139F6E2ACC040800F7A378 /* SearchTagCell.swift */ = {isa = PBXFileReference; lastKnownFileType = sourcecode.swift; path = SearchTagCell.swift; sourceTree = "<group>"; };
		C01AF0EC2AC9CB74006E8494 /* LoadingIndicator.swift */ = {isa = PBXFileReference; lastKnownFileType = sourcecode.swift; path = LoadingIndicator.swift; sourceTree = "<group>"; };
		C02C02F02AC5B7FF0078CB29 /* UIVisualEffectView+Extension.swift */ = {isa = PBXFileReference; lastKnownFileType = sourcecode.swift; path = "UIVisualEffectView+Extension.swift"; sourceTree = "<group>"; };
		C02DABD92ACAAE4E00F3BC42 /* UITextView+Extension.swift */ = {isa = PBXFileReference; lastKnownFileType = sourcecode.swift; path = "UITextView+Extension.swift"; sourceTree = "<group>"; };
		C02DABDE2ACADE3000F3BC42 /* SearchVC.swift */ = {isa = PBXFileReference; lastKnownFileType = sourcecode.swift; path = SearchVC.swift; sourceTree = "<group>"; };
		C02DABE02ACADE4700F3BC42 /* SearchView.swift */ = {isa = PBXFileReference; lastKnownFileType = sourcecode.swift; path = SearchView.swift; sourceTree = "<group>"; };
		C030193F2ACC6BFF00926451 /* SearchRecommendWord.swift */ = {isa = PBXFileReference; lastKnownFileType = sourcecode.swift; path = SearchRecommendWord.swift; sourceTree = "<group>"; };
		C03019412ACC713C00926451 /* SearchViewModel.swift */ = {isa = PBXFileReference; lastKnownFileType = sourcecode.swift; path = SearchViewModel.swift; sourceTree = "<group>"; };
		C03592802ACD79D700AA3D36 /* SearchResultVC.swift */ = {isa = PBXFileReference; lastKnownFileType = sourcecode.swift; path = SearchResultVC.swift; sourceTree = "<group>"; };
		C03592822ACD987A00AA3D36 /* CommonTabPagingVC.swift */ = {isa = PBXFileReference; lastKnownFileType = sourcecode.swift; path = CommonTabPagingVC.swift; sourceTree = "<group>"; };
		C03592882ACDA03700AA3D36 /* SearchResultTabStoryVC.swift */ = {isa = PBXFileReference; lastKnownFileType = sourcecode.swift; path = SearchResultTabStoryVC.swift; sourceTree = "<group>"; };
		C035928A2ACDA05100AA3D36 /* SearchResultTabStoryView.swift */ = {isa = PBXFileReference; lastKnownFileType = sourcecode.swift; path = SearchResultTabStoryView.swift; sourceTree = "<group>"; };
		C035928C2ACDA07900AA3D36 /* SearchResultTabTravelSpotVC.swift */ = {isa = PBXFileReference; lastKnownFileType = sourcecode.swift; path = SearchResultTabTravelSpotVC.swift; sourceTree = "<group>"; };
		C035928E2ACDA09600AA3D36 /* SearchResultTabTravelSpotView.swift */ = {isa = PBXFileReference; lastKnownFileType = sourcecode.swift; path = SearchResultTabTravelSpotView.swift; sourceTree = "<group>"; };
		C03592902ACDCD1200AA3D36 /* RequestSearchStory.swift */ = {isa = PBXFileReference; lastKnownFileType = sourcecode.swift; path = RequestSearchStory.swift; sourceTree = "<group>"; };
		C03592942ACDDC2600AA3D36 /* SearchResultViewModel.swift */ = {isa = PBXFileReference; lastKnownFileType = sourcecode.swift; path = SearchResultViewModel.swift; sourceTree = "<group>"; };
		C03FE0362ACFDB2800D02385 /* MapViewModel.swift */ = {isa = PBXFileReference; lastKnownFileType = sourcecode.swift; path = MapViewModel.swift; sourceTree = "<group>"; };
		C03FE0382ACFDB6600D02385 /* SettingViewModel.swift */ = {isa = PBXFileReference; lastKnownFileType = sourcecode.swift; path = SettingViewModel.swift; sourceTree = "<group>"; };
		C03FE03A2ACFE73800D02385 /* SearchResultTabStoryVCProtocol.swift */ = {isa = PBXFileReference; lastKnownFileType = sourcecode.swift; path = SearchResultTabStoryVCProtocol.swift; sourceTree = "<group>"; };
		C03FE03C2ACFEB0400D02385 /* SearchResultStoryCell.swift */ = {isa = PBXFileReference; lastKnownFileType = sourcecode.swift; path = SearchResultStoryCell.swift; sourceTree = "<group>"; };
		C0453D182AC6A3DB00C220A6 /* RequestStory.swift */ = {isa = PBXFileReference; lastKnownFileType = sourcecode.swift; path = RequestStory.swift; sourceTree = "<group>"; };
		C0453D1A2AC6A49900C220A6 /* ResponseStory.swift */ = {isa = PBXFileReference; lastKnownFileType = sourcecode.swift; path = ResponseStory.swift; sourceTree = "<group>"; };
		C0453D1C2AC7F6B900C220A6 /* StoryRepository.swift */ = {isa = PBXFileReference; lastKnownFileType = sourcecode.swift; path = StoryRepository.swift; sourceTree = "<group>"; };
		C0453D1E2AC7F8F500C220A6 /* ThemeDetailViewModel.swift */ = {isa = PBXFileReference; lastKnownFileType = sourcecode.swift; path = ThemeDetailViewModel.swift; sourceTree = "<group>"; };
		C04F9C882ABEE0590058A8D0 /* GoogleService-Info.plist */ = {isa = PBXFileReference; fileEncoding = 4; lastKnownFileType = text.plist.xml; path = "GoogleService-Info.plist"; sourceTree = "<group>"; };
		C04F9C9D2ABEEE460058A8D0 /* .gitignore */ = {isa = PBXFileReference; lastKnownFileType = text; path = .gitignore; sourceTree = "<group>"; };
		C04F9C9F2ABEEED60058A8D0 /* APIKey.swift */ = {isa = PBXFileReference; lastKnownFileType = sourcecode.swift; path = APIKey.swift; sourceTree = "<group>"; };
		C04F9CA12ABEEF610058A8D0 /* Network.swift */ = {isa = PBXFileReference; lastKnownFileType = sourcecode.swift; path = Network.swift; sourceTree = "<group>"; };
		C04F9CA62ABEEFD50058A8D0 /* Router.swift */ = {isa = PBXFileReference; lastKnownFileType = sourcecode.swift; path = Router.swift; sourceTree = "<group>"; };
		C04F9CA82ABEF6320058A8D0 /* Encodable+Extension.swift */ = {isa = PBXFileReference; lastKnownFileType = sourcecode.swift; path = "Encodable+Extension.swift"; sourceTree = "<group>"; };
		C04F9CAD2ABEF8320058A8D0 /* ResponseTravelSpots.swift */ = {isa = PBXFileReference; lastKnownFileType = sourcecode.swift; path = ResponseTravelSpots.swift; sourceTree = "<group>"; };
		C04F9CAF2ABEF8950058A8D0 /* RequestTravelSpots.swift */ = {isa = PBXFileReference; lastKnownFileType = sourcecode.swift; path = RequestTravelSpots.swift; sourceTree = "<group>"; };
		C04F9CF32AC0772C0058A8D0 /* AVPlayerManager.swift */ = {isa = PBXFileReference; lastKnownFileType = sourcecode.swift; path = AVPlayerManager.swift; sourceTree = "<group>"; };
		C04F9CF52AC0919B0058A8D0 /* BaseRequestInterceptor.swift */ = {isa = PBXFileReference; lastKnownFileType = sourcecode.swift; path = BaseRequestInterceptor.swift; sourceTree = "<group>"; };
		C04F9CF92AC09C0E0058A8D0 /* RequestCheckVisitorsInMetro.swift */ = {isa = PBXFileReference; lastKnownFileType = sourcecode.swift; path = RequestCheckVisitorsInMetro.swift; sourceTree = "<group>"; };
		C04F9CFB2AC09CBC0058A8D0 /* ResponseCheckVisitorsInMetro.swift */ = {isa = PBXFileReference; lastKnownFileType = sourcecode.swift; path = ResponseCheckVisitorsInMetro.swift; sourceTree = "<group>"; };
		C05BB6AF2AC31770007CC4A5 /* ThemeStory.swift */ = {isa = PBXFileReference; lastKnownFileType = sourcecode.swift; path = ThemeStory.swift; sourceTree = "<group>"; };
		C05BB6B12AC31D2A007CC4A5 /* ThemeViewModel.swift */ = {isa = PBXFileReference; lastKnownFileType = sourcecode.swift; path = ThemeViewModel.swift; sourceTree = "<group>"; };
		C05BB6B52AC335D5007CC4A5 /* Pavelt 400.otf */ = {isa = PBXFileReference; lastKnownFileType = file; path = "Pavelt 400.otf"; sourceTree = "<group>"; };
		C05F92192AC3494F00427F6D /* UILabel+Extension.swift */ = {isa = PBXFileReference; lastKnownFileType = sourcecode.swift; path = "UILabel+Extension.swift"; sourceTree = "<group>"; };
		C05F921B2AC3F33000427F6D /* RequestSearchTravelSpots.swift */ = {isa = PBXFileReference; lastKnownFileType = sourcecode.swift; path = RequestSearchTravelSpots.swift; sourceTree = "<group>"; };
		C05F921E2AC3F4C600427F6D /* ThemeDetailVC.swift */ = {isa = PBXFileReference; lastKnownFileType = sourcecode.swift; path = ThemeDetailVC.swift; sourceTree = "<group>"; };
		C05F92202AC3F4F400427F6D /* ThemeDetailView.swift */ = {isa = PBXFileReference; lastKnownFileType = sourcecode.swift; path = ThemeDetailView.swift; sourceTree = "<group>"; };
		C05F92252AC3F93B00427F6D /* ThemeVCProtocol.swift */ = {isa = PBXFileReference; lastKnownFileType = sourcecode.swift; path = ThemeVCProtocol.swift; sourceTree = "<group>"; };
		C0607D8A2AD27C44002E4CBD /* DetailTravelSpotVC.swift */ = {isa = PBXFileReference; lastKnownFileType = sourcecode.swift; path = DetailTravelSpotVC.swift; sourceTree = "<group>"; };
		C0607D8C2AD27C64002E4CBD /* DetailTravelSpotView.swift */ = {isa = PBXFileReference; lastKnownFileType = sourcecode.swift; path = DetailTravelSpotView.swift; sourceTree = "<group>"; };
		C0607D8E2AD27C8B002E4CBD /* DetailTravelSpotViewModel.swift */ = {isa = PBXFileReference; lastKnownFileType = sourcecode.swift; path = DetailTravelSpotViewModel.swift; sourceTree = "<group>"; };
		C06449F12ACC2D60005C8529 /* SearchRecentWordCell.swift */ = {isa = PBXFileReference; lastKnownFileType = sourcecode.swift; path = SearchRecentWordCell.swift; sourceTree = "<group>"; };
		C06449F82ACC37D7005C8529 /* SearchVCProtocol.swift */ = {isa = PBXFileReference; lastKnownFileType = sourcecode.swift; path = SearchVCProtocol.swift; sourceTree = "<group>"; };
		C06449FD2ACC3C4D005C8529 /* UITextfield+Extension.swift */ = {isa = PBXFileReference; lastKnownFileType = sourcecode.swift; path = "UITextfield+Extension.swift"; sourceTree = "<group>"; };
		C06C933B2AC2B231006B26F6 /* ThemePagerCellView.swift */ = {isa = PBXFileReference; lastKnownFileType = sourcecode.swift; path = ThemePagerCellView.swift; sourceTree = "<group>"; };
		C073F6502AD2D5B500EEE107 /* CustomAnnotaionView.swift */ = {isa = PBXFileReference; lastKnownFileType = sourcecode.swift; path = CustomAnnotaionView.swift; sourceTree = "<group>"; };
		C073F6532AD3074300EEE107 /* URLSchemeManager.swift */ = {isa = PBXFileReference; lastKnownFileType = sourcecode.swift; path = URLSchemeManager.swift; sourceTree = "<group>"; };
		C07D8B152AD00D4800267C8B /* Notification+Extension.swift */ = {isa = PBXFileReference; lastKnownFileType = sourcecode.swift; path = "Notification+Extension.swift"; sourceTree = "<group>"; };
		C07D8B172AD0358B00267C8B /* launch_screen.png */ = {isa = PBXFileReference; lastKnownFileType = image.png; path = launch_screen.png; sourceTree = "<group>"; };
		C08B37A22AC2A627007FF39F /* ThemePagerCell.swift */ = {isa = PBXFileReference; lastKnownFileType = sourcecode.swift; path = ThemePagerCell.swift; sourceTree = "<group>"; };
		C08B37A72AC2A761007FF39F /* ReusableViewProtocol.swift */ = {isa = PBXFileReference; lastKnownFileType = sourcecode.swift; path = ReusableViewProtocol.swift; sourceTree = "<group>"; };
		C08B37AB2AC2AAAB007FF39F /* BaseCellProtocol.swift */ = {isa = PBXFileReference; lastKnownFileType = sourcecode.swift; path = BaseCellProtocol.swift; sourceTree = "<group>"; };
		C09A697C2ACB04CD002FA468 /* SearchTextField.swift */ = {isa = PBXFileReference; lastKnownFileType = sourcecode.swift; path = SearchTextField.swift; sourceTree = "<group>"; };
		C09A697E2ACB34F1002FA468 /* SearchController.swift */ = {isa = PBXFileReference; lastKnownFileType = sourcecode.swift; path = SearchController.swift; sourceTree = "<group>"; };
		C09A69822ACB3A6D002FA468 /* TitleSupplementaryView.swift */ = {isa = PBXFileReference; lastKnownFileType = sourcecode.swift; path = TitleSupplementaryView.swift; sourceTree = "<group>"; };
		C09B48782ACF195A00B951CB /* SearchResultTabTravelSpotVCProtocol.swift */ = {isa = PBXFileReference; lastKnownFileType = sourcecode.swift; path = SearchResultTabTravelSpotVCProtocol.swift; sourceTree = "<group>"; };
		C0B6CA162AC994AF005A0E2A /* PlayerBottomProtocol.swift */ = {isa = PBXFileReference; lastKnownFileType = sourcecode.swift; path = PlayerBottomProtocol.swift; sourceTree = "<group>"; };
		C0B6CA182AC99EDD005A0E2A /* ThumbnailImageView.swift */ = {isa = PBXFileReference; lastKnownFileType = sourcecode.swift; path = ThumbnailImageView.swift; sourceTree = "<group>"; };
		C0BDC31A2AC8871A00D7331E /* LocalThemeStoryRepository.swift */ = {isa = PBXFileReference; lastKnownFileType = sourcecode.swift; path = LocalThemeStoryRepository.swift; sourceTree = "<group>"; };
		C0BDC3252AC8912200D7331E /* Copy+Extension.swift */ = {isa = PBXFileReference; lastKnownFileType = sourcecode.swift; path = "Copy+Extension.swift"; sourceTree = "<group>"; };
		C0BDC3272AC934F100D7331E /* FavoriteStory.swift */ = {isa = PBXFileReference; lastKnownFileType = sourcecode.swift; path = FavoriteStory.swift; sourceTree = "<group>"; };
		C0BDC32C2AC9372B00D7331E /* LocalFavoriteStoryRepository.swift */ = {isa = PBXFileReference; lastKnownFileType = sourcecode.swift; path = LocalFavoriteStoryRepository.swift; sourceTree = "<group>"; };
		C0BDC3342AC982E100D7331E /* PlayerBottomView.swift */ = {isa = PBXFileReference; lastKnownFileType = sourcecode.swift; path = PlayerBottomView.swift; sourceTree = "<group>"; };
		C0D615312ACE81A000EC5EE9 /* SearchResultSpotCell.swift */ = {isa = PBXFileReference; lastKnownFileType = sourcecode.swift; path = SearchResultSpotCell.swift; sourceTree = "<group>"; };
		C0D615332ACE890A00EC5EE9 /* SearchResultTabTravelSpotViewModel.swift */ = {isa = PBXFileReference; lastKnownFileType = sourcecode.swift; path = SearchResultTabTravelSpotViewModel.swift; sourceTree = "<group>"; };
		C0D615352ACE89E100EC5EE9 /* SearchResultTabStoryViewModel.swift */ = {isa = PBXFileReference; lastKnownFileType = sourcecode.swift; path = SearchResultTabStoryViewModel.swift; sourceTree = "<group>"; };
		C0D6153C2ACEE8AA00EC5EE9 /* BaseViewModel.swift */ = {isa = PBXFileReference; lastKnownFileType = sourcecode.swift; path = BaseViewModel.swift; sourceTree = "<group>"; };
		C0D81A712AC40A5A00CB2EF0 /* SplashVC.swift */ = {isa = PBXFileReference; lastKnownFileType = sourcecode.swift; path = SplashVC.swift; sourceTree = "<group>"; };
		C0D81A732AC40A7700CB2EF0 /* SplashView.swift */ = {isa = PBXFileReference; lastKnownFileType = sourcecode.swift; path = SplashView.swift; sourceTree = "<group>"; };
		C0D81A752AC40C8E00CB2EF0 /* SplashViewModel.swift */ = {isa = PBXFileReference; lastKnownFileType = sourcecode.swift; path = SplashViewModel.swift; sourceTree = "<group>"; };
		C0D81A772AC40FB000CB2EF0 /* NetworkMonitor.swift */ = {isa = PBXFileReference; lastKnownFileType = sourcecode.swift; path = NetworkMonitor.swift; sourceTree = "<group>"; };
		C0D81A792AC4104300CB2EF0 /* RealmProtocol.swift */ = {isa = PBXFileReference; lastKnownFileType = sourcecode.swift; path = RealmProtocol.swift; sourceTree = "<group>"; };
		C0D81A7E2AC4143A00CB2EF0 /* LocalTravelSpotRepository.swift */ = {isa = PBXFileReference; lastKnownFileType = sourcecode.swift; name = LocalTravelSpotRepository.swift; path = traveltune/Repository/Local/LocalTravelSpotRepository.swift; sourceTree = SOURCE_ROOT; };
		C0D81A852AC42C2800CB2EF0 /* TravelSpotRepository.swift */ = {isa = PBXFileReference; lastKnownFileType = sourcecode.swift; path = TravelSpotRepository.swift; sourceTree = "<group>"; };
		C0D81A872AC43EF300CB2EF0 /* UIViewController+Extension.swift */ = {isa = PBXFileReference; lastKnownFileType = sourcecode.swift; path = "UIViewController+Extension.swift"; sourceTree = "<group>"; };
		C0D81A8C2AC4941100CB2EF0 /* UserDefault.swift */ = {isa = PBXFileReference; lastKnownFileType = sourcecode.swift; path = UserDefault.swift; sourceTree = "<group>"; };
		C0D81A8E2AC4966F00CB2EF0 /* Date+Extension.swift */ = {isa = PBXFileReference; lastKnownFileType = sourcecode.swift; path = "Date+Extension.swift"; sourceTree = "<group>"; };
		C0D81A902AC49D1000CB2EF0 /* VisitorDataInfoRequestInterceptor.swift */ = {isa = PBXFileReference; lastKnownFileType = sourcecode.swift; path = VisitorDataInfoRequestInterceptor.swift; sourceTree = "<group>"; };
		C0D81A922AC4A5B300CB2EF0 /* DateManager.swift */ = {isa = PBXFileReference; lastKnownFileType = sourcecode.swift; path = DateManager.swift; sourceTree = "<group>"; };
		C0D81A992AC5609800CB2EF0 /* Constant.swift */ = {isa = PBXFileReference; lastKnownFileType = sourcecode.swift; path = Constant.swift; sourceTree = "<group>"; };
		C0D81AA12AC56D7000CB2EF0 /* UICollectionViewFlowLayout+Extension.swift */ = {isa = PBXFileReference; lastKnownFileType = sourcecode.swift; path = "UICollectionViewFlowLayout+Extension.swift"; sourceTree = "<group>"; };
		C0D81AA42AC575F100CB2EF0 /* ThemeDetailVCProtocol.swift */ = {isa = PBXFileReference; lastKnownFileType = sourcecode.swift; path = ThemeDetailVCProtocol.swift; sourceTree = "<group>"; };
		C0E8BA472ABC8B7600B1CCA6 /* traveltune.app */ = {isa = PBXFileReference; explicitFileType = wrapper.application; includeInIndex = 0; path = traveltune.app; sourceTree = BUILT_PRODUCTS_DIR; };
		C0E8BA4A2ABC8B7600B1CCA6 /* AppDelegate.swift */ = {isa = PBXFileReference; lastKnownFileType = sourcecode.swift; path = AppDelegate.swift; sourceTree = "<group>"; };
		C0E8BA4C2ABC8B7600B1CCA6 /* SceneDelegate.swift */ = {isa = PBXFileReference; lastKnownFileType = sourcecode.swift; path = SceneDelegate.swift; sourceTree = "<group>"; };
		C0E8BA532ABC8B7700B1CCA6 /* Assets.xcassets */ = {isa = PBXFileReference; lastKnownFileType = folder.assetcatalog; path = Assets.xcassets; sourceTree = "<group>"; };
		C0E8BA562ABC8B7700B1CCA6 /* Base */ = {isa = PBXFileReference; lastKnownFileType = file.storyboard; name = Base; path = Base.lproj/LaunchScreen.storyboard; sourceTree = "<group>"; };
		C0E8BA582ABC8B7700B1CCA6 /* Info.plist */ = {isa = PBXFileReference; lastKnownFileType = text.plist.xml; path = Info.plist; sourceTree = "<group>"; };
		C0E8BA822ABC980000B1CCA6 /* ko */ = {isa = PBXFileReference; lastKnownFileType = text.plist.strings; name = ko; path = ko.lproj/LaunchScreen.strings; sourceTree = "<group>"; };
		C0E8BA862ABC98F800B1CCA6 /* en */ = {isa = PBXFileReference; lastKnownFileType = text.plist.strings; name = en; path = en.lproj/Localizable.strings; sourceTree = "<group>"; };
		C0E8BA882ABC98F900B1CCA6 /* ko */ = {isa = PBXFileReference; lastKnownFileType = text.plist.strings; name = ko; path = ko.lproj/Localizable.strings; sourceTree = "<group>"; };
		C0E8BA892ABC993000B1CCA6 /* Strings.swift */ = {isa = PBXFileReference; lastKnownFileType = sourcecode.swift; path = Strings.swift; sourceTree = "<group>"; };
		C0E8BA8B2ABC997800B1CCA6 /* String+Extension.swift */ = {isa = PBXFileReference; lastKnownFileType = sourcecode.swift; path = "String+Extension.swift"; sourceTree = "<group>"; };
		C0E8BA922ABDCCC900B1CCA6 /* TabBarVC.swift */ = {isa = PBXFileReference; lastKnownFileType = sourcecode.swift; path = TabBarVC.swift; sourceTree = "<group>"; };
		C0E8BA992ABDCD3800B1CCA6 /* ThemeVC.swift */ = {isa = PBXFileReference; lastKnownFileType = sourcecode.swift; path = ThemeVC.swift; sourceTree = "<group>"; };
		C0E8BA9B2ABDCD5B00B1CCA6 /* MapVC.swift */ = {isa = PBXFileReference; lastKnownFileType = sourcecode.swift; path = MapVC.swift; sourceTree = "<group>"; };
		C0E8BA9D2ABDCD8300B1CCA6 /* SettingVC.swift */ = {isa = PBXFileReference; lastKnownFileType = sourcecode.swift; path = SettingVC.swift; sourceTree = "<group>"; };
		C0E8BAA02ABDDA5900B1CCA6 /* Observable.swift */ = {isa = PBXFileReference; lastKnownFileType = sourcecode.swift; path = Observable.swift; sourceTree = "<group>"; };
		C0E8BAA22ABDDAF100B1CCA6 /* BaseView.swift */ = {isa = PBXFileReference; lastKnownFileType = sourcecode.swift; path = BaseView.swift; sourceTree = "<group>"; };
		C0E8BAA42ABDDB5D00B1CCA6 /* BaseViewController.swift */ = {isa = PBXFileReference; lastKnownFileType = sourcecode.swift; path = BaseViewController.swift; sourceTree = "<group>"; };
		C0E8BAA62ABDDBE400B1CCA6 /* BaseCollectionViewCell.swift */ = {isa = PBXFileReference; lastKnownFileType = sourcecode.swift; path = BaseCollectionViewCell.swift; sourceTree = "<group>"; };
		C0E8BAA92ABDDC3D00B1CCA6 /* ConfigurableViewProtocol.swift */ = {isa = PBXFileReference; lastKnownFileType = sourcecode.swift; path = ConfigurableViewProtocol.swift; sourceTree = "<group>"; };
		C0E8BAAB2ABDDCC800B1CCA6 /* ThemeView.swift */ = {isa = PBXFileReference; lastKnownFileType = sourcecode.swift; path = ThemeView.swift; sourceTree = "<group>"; };
		C0E8BAAD2ABDDD7700B1CCA6 /* MapView.swift */ = {isa = PBXFileReference; lastKnownFileType = sourcecode.swift; path = MapView.swift; sourceTree = "<group>"; };
		C0E8BAAF2ABDDD9700B1CCA6 /* SettingView.swift */ = {isa = PBXFileReference; lastKnownFileType = sourcecode.swift; path = SettingView.swift; sourceTree = "<group>"; };
		C0E8BAB22ABDE72800B1CCA6 /* RegionButton.swift */ = {isa = PBXFileReference; lastKnownFileType = sourcecode.swift; path = RegionButton.swift; sourceTree = "<group>"; };
		C0EF787D2AC5D4470098D091 /* ThemeDetailCollectionHeaderView.swift */ = {isa = PBXFileReference; lastKnownFileType = sourcecode.swift; path = ThemeDetailCollectionHeaderView.swift; sourceTree = "<group>"; };
		C0EF78802AC5D60B0098D091 /* StoryCell.swift */ = {isa = PBXFileReference; lastKnownFileType = sourcecode.swift; path = StoryCell.swift; sourceTree = "<group>"; };
		EE2DB048C391D5CB1AF9994E /* Pods-traveltune.debug.xcconfig */ = {isa = PBXFileReference; includeInIndex = 1; lastKnownFileType = text.xcconfig; name = "Pods-traveltune.debug.xcconfig"; path = "Target Support Files/Pods-traveltune/Pods-traveltune.debug.xcconfig"; sourceTree = "<group>"; };
/* End PBXFileReference section */

/* Begin PBXFrameworksBuildPhase section */
		C0E8BA442ABC8B7600B1CCA6 /* Frameworks */ = {
			isa = PBXFrameworksBuildPhase;
			buildActionMask = 2147483647;
			files = (
				C0E8BA812ABC977C00B1CCA6 /* Toast in Frameworks */,
				C0E8BA792ABC974900B1CCA6 /* Alamofire in Frameworks */,
				C0D81A962AC5437800CB2EF0 /* Hero in Frameworks */,
				C0E8BA762ABC973900B1CCA6 /* Kingfisher in Frameworks */,
				C0E8BA7C2ABC976500B1CCA6 /* Realm in Frameworks */,
				C06449FC2ACC3AE6005C8529 /* IQKeyboardManagerSwift in Frameworks */,
				C0E8BA7E2ABC976500B1CCA6 /* RealmSwift in Frameworks */,
				C0E8BA732ABC972D00B1CCA6 /* SnapKit in Frameworks */,
				91C51E2E461BDC6F5A352807 /* Pods_traveltune.framework in Frameworks */,
			);
			runOnlyForDeploymentPostprocessing = 0;
		};
/* End PBXFrameworksBuildPhase section */

/* Begin PBXGroup section */
		4DC0C71A865D783711EB1525 /* Frameworks */ = {
			isa = PBXGroup;
			children = (
				72431900FFBB4314210744B8 /* Pods_traveltune.framework */,
			);
			name = Frameworks;
			sourceTree = "<group>";
		};
		5E6D859DA31D3F4FF6A1C4D2 /* Pods */ = {
			isa = PBXGroup;
			children = (
				EE2DB048C391D5CB1AF9994E /* Pods-traveltune.debug.xcconfig */,
				6A6C9A4659B7BEA01E36D10E /* Pods-traveltune.release.xcconfig */,
			);
			path = Pods;
			sourceTree = "<group>";
		};
		C002E3AF2ACA7F68004C9C54 /* ThemeDetailInfo */ = {
			isa = PBXGroup;
			children = (
				C002E3B02ACA7FB0004C9C54 /* ThemeDetailInfoVC.swift */,
				C002E3B22ACA7FD4004C9C54 /* ThemeDetailInfoView.swift */,
			);
			path = ThemeDetailInfo;
			sourceTree = "<group>";
		};
		C02DABDB2ACADC9300F3BC42 /* Search */ = {
			isa = PBXGroup;
			children = (
				C02DABDD2ACADD5400F3BC42 /* SearchHome */,
				C06449F32ACC3727005C8529 /* SearchResult */,
			);
			path = Search;
			sourceTree = "<group>";
		};
		C02DABDC2ACADD2100F3BC42 /* Theme */ = {
			isa = PBXGroup;
			children = (
				C0E8BA942ABDCCFE00B1CCA6 /* ThemeHome */,
				C05F921D2AC3F4B200427F6D /* ThemeDetail */,
				C002E3AF2ACA7F68004C9C54 /* ThemeDetailInfo */,
			);
			path = Theme;
			sourceTree = "<group>";
		};
		C02DABDD2ACADD5400F3BC42 /* SearchHome */ = {
			isa = PBXGroup;
			children = (
				C09A697E2ACB34F1002FA468 /* SearchController.swift */,
				C030193F2ACC6BFF00926451 /* SearchRecommendWord.swift */,
				C02DABDE2ACADE3000F3BC42 /* SearchVC.swift */,
				C06449F82ACC37D7005C8529 /* SearchVCProtocol.swift */,
				C02DABE02ACADE4700F3BC42 /* SearchView.swift */,
				C03019412ACC713C00926451 /* SearchViewModel.swift */,
			);
			path = SearchHome;
			sourceTree = "<group>";
		};
		C03592862ACD9FFF00AA3D36 /* TabTravelSpot */ = {
			isa = PBXGroup;
			children = (
				C035928C2ACDA07900AA3D36 /* SearchResultTabTravelSpotVC.swift */,
				C035928E2ACDA09600AA3D36 /* SearchResultTabTravelSpotView.swift */,
				C0D615332ACE890A00EC5EE9 /* SearchResultTabTravelSpotViewModel.swift */,
				C09B48782ACF195A00B951CB /* SearchResultTabTravelSpotVCProtocol.swift */,
			);
			path = TabTravelSpot;
			sourceTree = "<group>";
		};
		C03592872ACDA01200AA3D36 /* TabStory */ = {
			isa = PBXGroup;
			children = (
				C03592882ACDA03700AA3D36 /* SearchResultTabStoryVC.swift */,
				C035928A2ACDA05100AA3D36 /* SearchResultTabStoryView.swift */,
				C0D615352ACE89E100EC5EE9 /* SearchResultTabStoryViewModel.swift */,
				C03FE03A2ACFE73800D02385 /* SearchResultTabStoryVCProtocol.swift */,
			);
			path = TabStory;
			sourceTree = "<group>";
		};
		C0453D232AC81E7100C220A6 /* LaunchScreen */ = {
			isa = PBXGroup;
			children = (
				C07D8B172AD0358B00267C8B /* launch_screen.png */,
			);
			path = LaunchScreen;
			sourceTree = "<group>";
		};
		C04F9C9C2ABEEDDD0058A8D0 /* Network */ = {
			isa = PBXGroup;
			children = (
				C04F9CA12ABEEF610058A8D0 /* Network.swift */,
				C04F9CA62ABEEFD50058A8D0 /* Router.swift */,
				C04F9CF52AC0919B0058A8D0 /* BaseRequestInterceptor.swift */,
				C0D81A902AC49D1000CB2EF0 /* VisitorDataInfoRequestInterceptor.swift */,
			);
			path = Network;
			sourceTree = "<group>";
		};
		C04F9CAA2ABEF7970058A8D0 /* Model */ = {
			isa = PBXGroup;
			children = (
				C04F9CAB2ABEF79E0058A8D0 /* Request */,
				C04F9CAC2ABEF7A30058A8D0 /* Response */,
				C0BDC3272AC934F100D7331E /* FavoriteStory.swift */,
				C00C3CB82ACD4A2B00B89928 /* SearchKeyword.swift */,
			);
			path = Model;
			sourceTree = "<group>";
		};
		C04F9CAB2ABEF79E0058A8D0 /* Request */ = {
			isa = PBXGroup;
			children = (
				C04F9CAF2ABEF8950058A8D0 /* RequestTravelSpots.swift */,
				C04F9CF92AC09C0E0058A8D0 /* RequestCheckVisitorsInMetro.swift */,
				C05F921B2AC3F33000427F6D /* RequestSearchTravelSpots.swift */,
				C0453D182AC6A3DB00C220A6 /* RequestStory.swift */,
				C03592902ACDCD1200AA3D36 /* RequestSearchStory.swift */,
			);
			path = Request;
			sourceTree = "<group>";
		};
		C04F9CAC2ABEF7A30058A8D0 /* Response */ = {
			isa = PBXGroup;
			children = (
				C04F9CAD2ABEF8320058A8D0 /* ResponseTravelSpots.swift */,
				C04F9CFB2AC09CBC0058A8D0 /* ResponseCheckVisitorsInMetro.swift */,
				C0453D1A2AC6A49900C220A6 /* ResponseStory.swift */,
			);
			path = Response;
			sourceTree = "<group>";
		};
		C05BB6AE2AC31748007CC4A5 /* Enum */ = {
			isa = PBXGroup;
			children = (
				C00C3C822ACC8A3C00B89928 /* RegionType.swift */,
				C05BB6AF2AC31770007CC4A5 /* ThemeStory.swift */,
			);
			path = Enum;
			sourceTree = "<group>";
		};
		C05BB6BD2AC339C8007CC4A5 /* Font */ = {
			isa = PBXGroup;
			children = (
				C05BB6B52AC335D5007CC4A5 /* Pavelt 400.otf */,
			);
			path = Font;
			sourceTree = "<group>";
		};
		C05F921D2AC3F4B200427F6D /* ThemeDetail */ = {
			isa = PBXGroup;
			children = (
				C05F921E2AC3F4C600427F6D /* ThemeDetailVC.swift */,
				C05F92202AC3F4F400427F6D /* ThemeDetailView.swift */,
				C0D81AA42AC575F100CB2EF0 /* ThemeDetailVCProtocol.swift */,
				C0453D1E2AC7F8F500C220A6 /* ThemeDetailViewModel.swift */,
			);
			path = ThemeDetail;
			sourceTree = "<group>";
		};
		C0607D892AD27AAB002E4CBD /* Detail */ = {
			isa = PBXGroup;
			children = (
				C091AA692AD31AD800A450E7 /* TravelSpot */,
			);
			path = Detail;
			sourceTree = "<group>";
		};
		C06449F32ACC3727005C8529 /* SearchResult */ = {
			isa = PBXGroup;
			children = (
				C03592862ACD9FFF00AA3D36 /* TabTravelSpot */,
				C03592872ACDA01200AA3D36 /* TabStory */,
				C03592802ACD79D700AA3D36 /* SearchResultVC.swift */,
				C03592942ACDDC2600AA3D36 /* SearchResultViewModel.swift */,
			);
			path = SearchResult;
			sourceTree = "<group>";
		};
		C06C93392AC2B214006B26F6 /* ThemePager */ = {
			isa = PBXGroup;
			children = (
				C08B37A22AC2A627007FF39F /* ThemePagerCell.swift */,
				C06C933B2AC2B231006B26F6 /* ThemePagerCellView.swift */,
			);
			path = ThemePager;
			sourceTree = "<group>";
		};
		C08B37AA2AC2A897007FF39F /* View */ = {
			isa = PBXGroup;
			children = (
				C00839F52AC68DB700C17BD6 /* AudioImageView.swift */,
				C00839F22AC67EBB00C17BD6 /* AudioUISlider.swift */,
				C00839F02AC5E6DE00C17BD6 /* CircleView.swift */,
				C03592822ACD987A00AA3D36 /* CommonTabPagingVC.swift */,
				C073F6502AD2D5B500EEE107 /* CustomAnnotaionView.swift */,
				C01AF0EC2AC9CB74006E8494 /* LoadingIndicator.swift */,
				C0E8BAB22ABDE72800B1CCA6 /* RegionButton.swift */,
				C09A697C2ACB04CD002FA468 /* SearchTextField.swift */,
				C002E3B72ACAA225004C9C54 /* StoryScriptView.swift */,
				C0B6CA182AC99EDD005A0E2A /* ThumbnailImageView.swift */,
				C0B6CA152AC99494005A0E2A /* PlayerBottomView */,
			);
			path = View;
			sourceTree = "<group>";
		};
		C091AA692AD31AD800A450E7 /* TravelSpot */ = {
			isa = PBXGroup;
			children = (
				C0607D8A2AD27C44002E4CBD /* DetailTravelSpotVC.swift */,
				C0607D8C2AD27C64002E4CBD /* DetailTravelSpotView.swift */,
				C0607D8E2AD27C8B002E4CBD /* DetailTravelSpotViewModel.swift */,
				C011CAA12AD29E2400D1E89B /* DetailTravelSpotProtocol.swift */,
			);
			path = TravelSpot;
			sourceTree = "<group>";
		};
		C0B6CA152AC99494005A0E2A /* PlayerBottomView */ = {
			isa = PBXGroup;
			children = (
				C0BDC3342AC982E100D7331E /* PlayerBottomView.swift */,
				C0B6CA162AC994AF005A0E2A /* PlayerBottomProtocol.swift */,
			);
			path = PlayerBottomView;
			sourceTree = "<group>";
		};
		C0D81A702AC40A4E00CB2EF0 /* Splash */ = {
			isa = PBXGroup;
			children = (
				C0D81A712AC40A5A00CB2EF0 /* SplashVC.swift */,
				C0D81A732AC40A7700CB2EF0 /* SplashView.swift */,
				C0D81A752AC40C8E00CB2EF0 /* SplashViewModel.swift */,
			);
			path = Splash;
			sourceTree = "<group>";
		};
		C0D81A7B2AC413EE00CB2EF0 /* Repository */ = {
			isa = PBXGroup;
			children = (
				C0D81A7D2AC413F800CB2EF0 /* Remote */,
				C0D81A7C2AC413F300CB2EF0 /* Local */,
			);
			path = Repository;
			sourceTree = "<group>";
		};
		C0D81A7C2AC413F300CB2EF0 /* Local */ = {
			isa = PBXGroup;
			children = (
				C0D81A7E2AC4143A00CB2EF0 /* LocalTravelSpotRepository.swift */,
				C0BDC31A2AC8871A00D7331E /* LocalThemeStoryRepository.swift */,
				C0BDC32C2AC9372B00D7331E /* LocalFavoriteStoryRepository.swift */,
				C00C3CB02ACD28DC00B89928 /* LocalSearchKeywordRepository.swift */,
			);
			path = Local;
			sourceTree = "<group>";
		};
		C0D81A7D2AC413F800CB2EF0 /* Remote */ = {
			isa = PBXGroup;
			children = (
				C0D81A852AC42C2800CB2EF0 /* TravelSpotRepository.swift */,
				C0453D1C2AC7F6B900C220A6 /* StoryRepository.swift */,
			);
			path = Remote;
			sourceTree = "<group>";
		};
		C0E8BA3E2ABC8B7600B1CCA6 = {
			isa = PBXGroup;
			children = (
				C05BB6BD2AC339C8007CC4A5 /* Font */,
				C0E8BA492ABC8B7600B1CCA6 /* traveltune */,
				C0E8BA482ABC8B7600B1CCA6 /* Products */,
				5E6D859DA31D3F4FF6A1C4D2 /* Pods */,
				4DC0C71A865D783711EB1525 /* Frameworks */,
			);
			sourceTree = "<group>";
		};
		C0E8BA482ABC8B7600B1CCA6 /* Products */ = {
			isa = PBXGroup;
			children = (
				C0E8BA472ABC8B7600B1CCA6 /* traveltune.app */,
			);
			name = Products;
			sourceTree = "<group>";
		};
		C0E8BA492ABC8B7600B1CCA6 /* traveltune */ = {
			isa = PBXGroup;
			children = (
				C04F9C9D2ABEEE460058A8D0 /* .gitignore */,
				C04F9C882ABEE0590058A8D0 /* GoogleService-Info.plist */,
				C0E8BA582ABC8B7700B1CCA6 /* Info.plist */,
				C04F9C9F2ABEEED60058A8D0 /* APIKey.swift */,
				C0E8BA4A2ABC8B7600B1CCA6 /* AppDelegate.swift */,
				C0E8BA4C2ABC8B7600B1CCA6 /* SceneDelegate.swift */,
				C0E8BA552ABC8B7700B1CCA6 /* LaunchScreen.storyboard */,
				C0E8BA912ABDCCB100B1CCA6 /* Base */,
				C0EF78822AC5D6190098D091 /* Cell */,
				C0EF787F2AC5D54A0098D091 /* CellHeaderView */,
				C05BB6AE2AC31748007CC4A5 /* Enum */,
				C0E8BA6E2ABC939E00B1CCA6 /* Extension */,
				C04F9CAA2ABEF7970058A8D0 /* Model */,
				C04F9C9C2ABEEDDD0058A8D0 /* Network */,
				C0E8BAA82ABDDC3500B1CCA6 /* Protocol */,
				C0D81A7B2AC413EE00CB2EF0 /* Repository */,
				C0E8BA692ABC913100B1CCA6 /* Resourse */,
				C0E8BA8D2ABDCC4C00B1CCA6 /* Scene */,
				C0E8BA9F2ABDDA4C00B1CCA6 /* Utils */,
				C08B37AA2AC2A897007FF39F /* View */,
			);
			path = traveltune;
			sourceTree = "<group>";
		};
		C0E8BA692ABC913100B1CCA6 /* Resourse */ = {
			isa = PBXGroup;
			children = (
				C0453D232AC81E7100C220A6 /* LaunchScreen */,
				C0E8BA532ABC8B7700B1CCA6 /* Assets.xcassets */,
				C0E8BA872ABC98F800B1CCA6 /* Localizable.strings */,
				C0E8BA892ABC993000B1CCA6 /* Strings.swift */,
			);
			path = Resourse;
			sourceTree = "<group>";
		};
		C0E8BA6E2ABC939E00B1CCA6 /* Extension */ = {
			isa = PBXGroup;
			children = (
				C0BDC3252AC8912200D7331E /* Copy+Extension.swift */,
				C0D81A8E2AC4966F00CB2EF0 /* Date+Extension.swift */,
				C04F9CA82ABEF6320058A8D0 /* Encodable+Extension.swift */,
				C07D8B152AD00D4800267C8B /* Notification+Extension.swift */,
				C00C3CB32ACD2D2D00B89928 /* Results+Extension.swift */,
				C0E8BA8B2ABC997800B1CCA6 /* String+Extension.swift */,
				C0D81AA12AC56D7000CB2EF0 /* UICollectionViewFlowLayout+Extension.swift */,
				C05F92192AC3494F00427F6D /* UILabel+Extension.swift */,
				C06449FD2ACC3C4D005C8529 /* UITextfield+Extension.swift */,
				C02DABD92ACAAE4E00F3BC42 /* UITextView+Extension.swift */,
				C0D81A872AC43EF300CB2EF0 /* UIViewController+Extension.swift */,
				C02C02F02AC5B7FF0078CB29 /* UIVisualEffectView+Extension.swift */,
			);
			path = Extension;
			sourceTree = "<group>";
		};
		C0E8BA8D2ABDCC4C00B1CCA6 /* Scene */ = {
			isa = PBXGroup;
			children = (
				C0E8BA922ABDCCC900B1CCA6 /* TabBarVC.swift */,
				C0607D892AD27AAB002E4CBD /* Detail */,
				C0E8BA972ABDCD1900B1CCA6 /* Map */,
				C02DABDB2ACADC9300F3BC42 /* Search */,
				C0E8BA982ABDCD2000B1CCA6 /* Setting */,
				C0D81A702AC40A4E00CB2EF0 /* Splash */,
				C02DABDC2ACADD2100F3BC42 /* Theme */,
			);
			path = Scene;
			sourceTree = "<group>";
		};
		C0E8BA912ABDCCB100B1CCA6 /* Base */ = {
			isa = PBXGroup;
			children = (
				C08B37AB2AC2AAAB007FF39F /* BaseCellProtocol.swift */,
				C0E8BAA22ABDDAF100B1CCA6 /* BaseView.swift */,
				C0E8BAA42ABDDB5D00B1CCA6 /* BaseViewController.swift */,
				C0E8BAA62ABDDBE400B1CCA6 /* BaseCollectionViewCell.swift */,
				C0D6153C2ACEE8AA00EC5EE9 /* BaseViewModel.swift */,
			);
			path = Base;
			sourceTree = "<group>";
		};
		C0E8BA942ABDCCFE00B1CCA6 /* ThemeHome */ = {
			isa = PBXGroup;
			children = (
				C0E8BA992ABDCD3800B1CCA6 /* ThemeVC.swift */,
				C0E8BAAB2ABDDCC800B1CCA6 /* ThemeView.swift */,
				C05BB6B12AC31D2A007CC4A5 /* ThemeViewModel.swift */,
				C05F92252AC3F93B00427F6D /* ThemeVCProtocol.swift */,
			);
			path = ThemeHome;
			sourceTree = "<group>";
		};
		C0E8BA972ABDCD1900B1CCA6 /* Map */ = {
			isa = PBXGroup;
			children = (
				C0E8BA9B2ABDCD5B00B1CCA6 /* MapVC.swift */,
				C0E8BAAD2ABDDD7700B1CCA6 /* MapView.swift */,
				C03FE0362ACFDB2800D02385 /* MapViewModel.swift */,
			);
			path = Map;
			sourceTree = "<group>";
		};
		C0E8BA982ABDCD2000B1CCA6 /* Setting */ = {
			isa = PBXGroup;
			children = (
				C0E8BA9D2ABDCD8300B1CCA6 /* SettingVC.swift */,
				C0E8BAAF2ABDDD9700B1CCA6 /* SettingView.swift */,
				C03FE0382ACFDB6600D02385 /* SettingViewModel.swift */,
			);
			path = Setting;
			sourceTree = "<group>";
		};
		C0E8BA9F2ABDDA4C00B1CCA6 /* Utils */ = {
			isa = PBXGroup;
			children = (
				C04F9CF32AC0772C0058A8D0 /* AVPlayerManager.swift */,
				C0D81A992AC5609800CB2EF0 /* Constant.swift */,
				C0D81A922AC4A5B300CB2EF0 /* DateManager.swift */,
				C0D81A772AC40FB000CB2EF0 /* NetworkMonitor.swift */,
				C0E8BAA02ABDDA5900B1CCA6 /* Observable.swift */,
				C0D81A8C2AC4941100CB2EF0 /* UserDefault.swift */,
				C073F6532AD3074300EEE107 /* URLSchemeManager.swift */,
			);
			path = Utils;
			sourceTree = "<group>";
		};
		C0E8BAA82ABDDC3500B1CCA6 /* Protocol */ = {
			isa = PBXGroup;
			children = (
				C0E8BAA92ABDDC3D00B1CCA6 /* ConfigurableViewProtocol.swift */,
				C08B37A72AC2A761007FF39F /* ReusableViewProtocol.swift */,
				C0D81A792AC4104300CB2EF0 /* RealmProtocol.swift */,
			);
			path = Protocol;
			sourceTree = "<group>";
		};
		C0EF787F2AC5D54A0098D091 /* CellHeaderView */ = {
			isa = PBXGroup;
			children = (
				C09A69822ACB3A6D002FA468 /* TitleSupplementaryView.swift */,
				C0EF787D2AC5D4470098D091 /* ThemeDetailCollectionHeaderView.swift */,
			);
			path = CellHeaderView;
			sourceTree = "<group>";
		};
		C0EF78822AC5D6190098D091 /* Cell */ = {
			isa = PBXGroup;
			children = (
				C06449F12ACC2D60005C8529 /* SearchRecentWordCell.swift */,
				C0D615312ACE81A000EC5EE9 /* SearchResultSpotCell.swift */,
				C03FE03C2ACFEB0400D02385 /* SearchResultStoryCell.swift */,
				C0139F6E2ACC040800F7A378 /* SearchTagCell.swift */,
				C0EF78802AC5D60B0098D091 /* StoryCell.swift */,
				C06C93392AC2B214006B26F6 /* ThemePager */,
			);
			path = Cell;
			sourceTree = "<group>";
		};
/* End PBXGroup section */

/* Begin PBXNativeTarget section */
		C0E8BA462ABC8B7600B1CCA6 /* traveltune */ = {
			isa = PBXNativeTarget;
			buildConfigurationList = C0E8BA5B2ABC8B7700B1CCA6 /* Build configuration list for PBXNativeTarget "traveltune" */;
			buildPhases = (
				1AC926633270DBADEAD7447F /* [CP] Check Pods Manifest.lock */,
				C0E8BA432ABC8B7600B1CCA6 /* Sources */,
				C0E8BA442ABC8B7600B1CCA6 /* Frameworks */,
				C0E8BA452ABC8B7600B1CCA6 /* Resources */,
				9D98BDCA9F29E9D692484A4F /* [CP] Embed Pods Frameworks */,
				C08B379E2AC1E11C007FF39F /* Setup Firebase */,
			);
			buildRules = (
			);
			dependencies = (
			);
			name = traveltune;
			packageProductDependencies = (
				C0E8BA722ABC972D00B1CCA6 /* SnapKit */,
				C0E8BA752ABC973900B1CCA6 /* Kingfisher */,
				C0E8BA782ABC974900B1CCA6 /* Alamofire */,
				C0E8BA7B2ABC976500B1CCA6 /* Realm */,
				C0E8BA7D2ABC976500B1CCA6 /* RealmSwift */,
				C0E8BA802ABC977C00B1CCA6 /* Toast */,
				C0D81A952AC5437800CB2EF0 /* Hero */,
				C06449FB2ACC3AE6005C8529 /* IQKeyboardManagerSwift */,
			);
			productName = traveltune;
			productReference = C0E8BA472ABC8B7600B1CCA6 /* traveltune.app */;
			productType = "com.apple.product-type.application";
		};
/* End PBXNativeTarget section */

/* Begin PBXProject section */
		C0E8BA3F2ABC8B7600B1CCA6 /* Project object */ = {
			isa = PBXProject;
			attributes = {
				BuildIndependentTargetsInParallel = 1;
				LastSwiftUpdateCheck = 1500;
				LastUpgradeCheck = 1500;
				TargetAttributes = {
					C0E8BA462ABC8B7600B1CCA6 = {
						CreatedOnToolsVersion = 15.0;
					};
				};
			};
			buildConfigurationList = C0E8BA422ABC8B7600B1CCA6 /* Build configuration list for PBXProject "traveltune" */;
			compatibilityVersion = "Xcode 14.0";
			developmentRegion = en;
			hasScannedForEncodings = 0;
			knownRegions = (
				en,
				Base,
				ko,
			);
			mainGroup = C0E8BA3E2ABC8B7600B1CCA6;
			packageReferences = (
				C0E8BA712ABC972D00B1CCA6 /* XCRemoteSwiftPackageReference "SnapKit" */,
				C0E8BA742ABC973900B1CCA6 /* XCRemoteSwiftPackageReference "Kingfisher" */,
				C0E8BA772ABC974900B1CCA6 /* XCRemoteSwiftPackageReference "Alamofire" */,
				C0E8BA7A2ABC976500B1CCA6 /* XCRemoteSwiftPackageReference "realm-swift" */,
				C0E8BA7F2ABC977C00B1CCA6 /* XCRemoteSwiftPackageReference "Toast-Swift" */,
				C0D81A942AC5437800CB2EF0 /* XCRemoteSwiftPackageReference "Hero" */,
				C06449FA2ACC3AE6005C8529 /* XCRemoteSwiftPackageReference "IQKeyboardManager" */,
			);
			productRefGroup = C0E8BA482ABC8B7600B1CCA6 /* Products */;
			projectDirPath = "";
			projectRoot = "";
			targets = (
				C0E8BA462ABC8B7600B1CCA6 /* traveltune */,
			);
		};
/* End PBXProject section */

/* Begin PBXResourcesBuildPhase section */
		C0E8BA452ABC8B7600B1CCA6 /* Resources */ = {
			isa = PBXResourcesBuildPhase;
			buildActionMask = 2147483647;
			files = (
				C0E8BA852ABC98F800B1CCA6 /* Localizable.strings in Resources */,
				C04F9C9E2ABEEE460058A8D0 /* .gitignore in Resources */,
				C0E8BA572ABC8B7700B1CCA6 /* LaunchScreen.storyboard in Resources */,
				C05BB6B62AC335D5007CC4A5 /* Pavelt 400.otf in Resources */,
				C0E8BA542ABC8B7700B1CCA6 /* Assets.xcassets in Resources */,
				C04F9C892ABEE0590058A8D0 /* GoogleService-Info.plist in Resources */,
				C07D8B182AD0358B00267C8B /* launch_screen.png in Resources */,
			);
			runOnlyForDeploymentPostprocessing = 0;
		};
/* End PBXResourcesBuildPhase section */

/* Begin PBXShellScriptBuildPhase section */
		1AC926633270DBADEAD7447F /* [CP] Check Pods Manifest.lock */ = {
			isa = PBXShellScriptBuildPhase;
			buildActionMask = 2147483647;
			files = (
			);
			inputFileListPaths = (
			);
			inputPaths = (
				"${PODS_PODFILE_DIR_PATH}/Podfile.lock",
				"${PODS_ROOT}/Manifest.lock",
			);
			name = "[CP] Check Pods Manifest.lock";
			outputFileListPaths = (
			);
			outputPaths = (
				"$(DERIVED_FILE_DIR)/Pods-traveltune-checkManifestLockResult.txt",
			);
			runOnlyForDeploymentPostprocessing = 0;
			shellPath = /bin/sh;
			shellScript = "diff \"${PODS_PODFILE_DIR_PATH}/Podfile.lock\" \"${PODS_ROOT}/Manifest.lock\" > /dev/null\nif [ $? != 0 ] ; then\n    # print error to STDERR\n    echo \"error: The sandbox is not in sync with the Podfile.lock. Run 'pod install' or update your CocoaPods installation.\" >&2\n    exit 1\nfi\n# This output is used by Xcode 'outputs' to avoid re-running this script phase.\necho \"SUCCESS\" > \"${SCRIPT_OUTPUT_FILE_0}\"\n";
			showEnvVarsInLog = 0;
		};
		9D98BDCA9F29E9D692484A4F /* [CP] Embed Pods Frameworks */ = {
			isa = PBXShellScriptBuildPhase;
			buildActionMask = 2147483647;
			files = (
			);
			inputFileListPaths = (
				"${PODS_ROOT}/Target Support Files/Pods-traveltune/Pods-traveltune-frameworks-${CONFIGURATION}-input-files.xcfilelist",
			);
			name = "[CP] Embed Pods Frameworks";
			outputFileListPaths = (
				"${PODS_ROOT}/Target Support Files/Pods-traveltune/Pods-traveltune-frameworks-${CONFIGURATION}-output-files.xcfilelist",
			);
			runOnlyForDeploymentPostprocessing = 0;
			shellPath = /bin/sh;
			shellScript = "\"${PODS_ROOT}/Target Support Files/Pods-traveltune/Pods-traveltune-frameworks.sh\"\n";
			showEnvVarsInLog = 0;
		};
		C08B379E2AC1E11C007FF39F /* Setup Firebase */ = {
			isa = PBXShellScriptBuildPhase;
			buildActionMask = 2147483647;
			files = (
			);
			inputFileListPaths = (
			);
			inputPaths = (
				"${DWARF_DSYM_FOLDER_PATH}/${DWARF_DSYM_FILE_NAME}/Contents/Resources/DWARF/${TARGET_NAME}",
				"$(SRCROOT)/$(BUILT_PRODUCTS_DIR)/$(INFOPLIST_PATH)",
			);
			name = "Setup Firebase";
			outputFileListPaths = (
			);
			outputPaths = (
			);
			runOnlyForDeploymentPostprocessing = 0;
			shellPath = /bin/sh;
			shellScript = "\"${PODS_ROOT}/FirebaseCrashlytics/run\"\n\n";
		};
/* End PBXShellScriptBuildPhase section */

/* Begin PBXSourcesBuildPhase section */
		C0E8BA432ABC8B7600B1CCA6 /* Sources */ = {
			isa = PBXSourcesBuildPhase;
			buildActionMask = 2147483647;
			files = (
				C03592912ACDCD1200AA3D36 /* RequestSearchStory.swift in Sources */,
				C04F9CA72ABEEFD50058A8D0 /* Router.swift in Sources */,
				C0B6CA172AC994AF005A0E2A /* PlayerBottomProtocol.swift in Sources */,
				C05F92212AC3F4F400427F6D /* ThemeDetailView.swift in Sources */,
				C0D81A912AC49D1000CB2EF0 /* VisitorDataInfoRequestInterceptor.swift in Sources */,
				C05BB6B22AC31D2A007CC4A5 /* ThemeViewModel.swift in Sources */,
				C0D81A762AC40C8E00CB2EF0 /* SplashViewModel.swift in Sources */,
				C0BDC32D2AC9372B00D7331E /* LocalFavoriteStoryRepository.swift in Sources */,
				C011CAA22AD29E2400D1E89B /* DetailTravelSpotProtocol.swift in Sources */,
				C04F9CA92ABEF6320058A8D0 /* Encodable+Extension.swift in Sources */,
				C04F9CFA2AC09C0E0058A8D0 /* RequestCheckVisitorsInMetro.swift in Sources */,
				C0453D1F2AC7F8F500C220A6 /* ThemeDetailViewModel.swift in Sources */,
				C03FE0372ACFDB2800D02385 /* MapViewModel.swift in Sources */,
				C0D81A9A2AC5609800CB2EF0 /* Constant.swift in Sources */,
				C00C3CB12ACD28DC00B89928 /* LocalSearchKeywordRepository.swift in Sources */,
				C09A697F2ACB34F1002FA468 /* SearchController.swift in Sources */,
				C06449F22ACC2D60005C8529 /* SearchRecentWordCell.swift in Sources */,
				C09B48792ACF195A00B951CB /* SearchResultTabTravelSpotVCProtocol.swift in Sources */,
				C04F9CAE2ABEF8320058A8D0 /* ResponseTravelSpots.swift in Sources */,
				C08B37AC2AC2AAAB007FF39F /* BaseCellProtocol.swift in Sources */,
				C002E3B12ACA7FB0004C9C54 /* ThemeDetailInfoVC.swift in Sources */,
				C04F9CA02ABEEED60058A8D0 /* APIKey.swift in Sources */,
				C0D81AA22AC56D7000CB2EF0 /* UICollectionViewFlowLayout+Extension.swift in Sources */,
				C0E8BAAE2ABDDD7700B1CCA6 /* MapView.swift in Sources */,
				C0E8BA9A2ABDCD3800B1CCA6 /* ThemeVC.swift in Sources */,
				C0E8BA9E2ABDCD8300B1CCA6 /* SettingVC.swift in Sources */,
				C0D81A742AC40A7700CB2EF0 /* SplashView.swift in Sources */,
				C00839F12AC5E6DE00C17BD6 /* CircleView.swift in Sources */,
				C0E8BAAC2ABDDCC800B1CCA6 /* ThemeView.swift in Sources */,
				C03019402ACC6BFF00926451 /* SearchRecommendWord.swift in Sources */,
				C0E8BAA12ABDDA5900B1CCA6 /* Observable.swift in Sources */,
				C04F9CF62AC0919B0058A8D0 /* BaseRequestInterceptor.swift in Sources */,
				C0E8BA4B2ABC8B7600B1CCA6 /* AppDelegate.swift in Sources */,
				C002E3B32ACA7FD4004C9C54 /* ThemeDetailInfoView.swift in Sources */,
				C06C933C2AC2B231006B26F6 /* ThemePagerCellView.swift in Sources */,
				C05F92262AC3F93B00427F6D /* ThemeVCProtocol.swift in Sources */,
				C0607D8B2AD27C44002E4CBD /* DetailTravelSpotVC.swift in Sources */,
				C0D615322ACE81A000EC5EE9 /* SearchResultSpotCell.swift in Sources */,
				C07D8B162AD00D4800267C8B /* Notification+Extension.swift in Sources */,
				C03019422ACC713C00926451 /* SearchViewModel.swift in Sources */,
				C035928B2ACDA05100AA3D36 /* SearchResultTabStoryView.swift in Sources */,
				C0EF787E2AC5D4470098D091 /* ThemeDetailCollectionHeaderView.swift in Sources */,
				C0E8BAA52ABDDB5D00B1CCA6 /* BaseViewController.swift in Sources */,
				C0BDC3282AC934F100D7331E /* FavoriteStory.swift in Sources */,
				C03592812ACD79D700AA3D36 /* SearchResultVC.swift in Sources */,
				C0E8BA8A2ABC993000B1CCA6 /* Strings.swift in Sources */,
				C0EF78812AC5D60B0098D091 /* StoryCell.swift in Sources */,
				C02DABE12ACADE4700F3BC42 /* SearchView.swift in Sources */,
				C02DABDF2ACADE3000F3BC42 /* SearchVC.swift in Sources */,
				C05F921A2AC3494F00427F6D /* UILabel+Extension.swift in Sources */,
				C08B37A32AC2A627007FF39F /* ThemePagerCell.swift in Sources */,
				C03592832ACD987A00AA3D36 /* CommonTabPagingVC.swift in Sources */,
				C03592892ACDA03700AA3D36 /* SearchResultTabStoryVC.swift in Sources */,
				C0D81A722AC40A5A00CB2EF0 /* SplashVC.swift in Sources */,
				C035928D2ACDA07900AA3D36 /* SearchResultTabTravelSpotVC.swift in Sources */,
				C00839F32AC67EBB00C17BD6 /* AudioUISlider.swift in Sources */,
				C00C3CB42ACD2D2D00B89928 /* Results+Extension.swift in Sources */,
				C01AF0ED2AC9CB74006E8494 /* LoadingIndicator.swift in Sources */,
				C073F6512AD2D5B500EEE107 /* CustomAnnotaionView.swift in Sources */,
				C03FE03D2ACFEB0400D02385 /* SearchResultStoryCell.swift in Sources */,
				C06449F92ACC37D7005C8529 /* SearchVCProtocol.swift in Sources */,
				C03FE0392ACFDB6600D02385 /* SettingViewModel.swift in Sources */,
				C0607D8F2AD27C8B002E4CBD /* DetailTravelSpotViewModel.swift in Sources */,
				C0D81A932AC4A5B300CB2EF0 /* DateManager.swift in Sources */,
				C04F9CA22ABEEF610058A8D0 /* Network.swift in Sources */,
				C0E8BA8C2ABC997800B1CCA6 /* String+Extension.swift in Sources */,
				C0D615342ACE890A00EC5EE9 /* SearchResultTabTravelSpotViewModel.swift in Sources */,
				C0453D1D2AC7F6B900C220A6 /* StoryRepository.swift in Sources */,
				C0E8BA9C2ABDCD5B00B1CCA6 /* MapVC.swift in Sources */,
				C0E8BAAA2ABDDC3D00B1CCA6 /* ConfigurableViewProtocol.swift in Sources */,
				C03FE03B2ACFE73800D02385 /* SearchResultTabStoryVCProtocol.swift in Sources */,
				C0B6CA192AC99EDD005A0E2A /* ThumbnailImageView.swift in Sources */,
				C035928F2ACDA09600AA3D36 /* SearchResultTabTravelSpotView.swift in Sources */,
				C04F9CB02ABEF8950058A8D0 /* RequestTravelSpots.swift in Sources */,
				C00C3CB92ACD4A2B00B89928 /* SearchKeyword.swift in Sources */,
				C0D81A7F2AC4143A00CB2EF0 /* LocalTravelSpotRepository.swift in Sources */,
				C073F6542AD3074300EEE107 /* URLSchemeManager.swift in Sources */,
				C06449FE2ACC3C4D005C8529 /* UITextfield+Extension.swift in Sources */,
				C09A697D2ACB04CD002FA468 /* SearchTextField.swift in Sources */,
				C02C02F12AC5B7FF0078CB29 /* UIVisualEffectView+Extension.swift in Sources */,
				C0BDC3262AC8912200D7331E /* Copy+Extension.swift in Sources */,
				C0453D192AC6A3DB00C220A6 /* RequestStory.swift in Sources */,
				C002E3B82ACAA225004C9C54 /* StoryScriptView.swift in Sources */,
				C0D81A882AC43EF300CB2EF0 /* UIViewController+Extension.swift in Sources */,
				C0D81A862AC42C2800CB2EF0 /* TravelSpotRepository.swift in Sources */,
				C0D81A8F2AC4966F00CB2EF0 /* Date+Extension.swift in Sources */,
				C0D81A8D2AC4941100CB2EF0 /* UserDefault.swift in Sources */,
				C0E8BA932ABDCCC900B1CCA6 /* TabBarVC.swift in Sources */,
				C0BDC31B2AC8871A00D7331E /* LocalThemeStoryRepository.swift in Sources */,
				C0453D1B2AC6A49900C220A6 /* ResponseStory.swift in Sources */,
				C0D81A782AC40FB000CB2EF0 /* NetworkMonitor.swift in Sources */,
				C0139F6F2ACC040800F7A378 /* SearchTagCell.swift in Sources */,
				C0E8BAA32ABDDAF100B1CCA6 /* BaseView.swift in Sources */,
				C04F9CFC2AC09CBC0058A8D0 /* ResponseCheckVisitorsInMetro.swift in Sources */,
				C03592952ACDDC2600AA3D36 /* SearchResultViewModel.swift in Sources */,
				C0E8BAA72ABDDBE400B1CCA6 /* BaseCollectionViewCell.swift in Sources */,
				C02DABDA2ACAAE4E00F3BC42 /* UITextView+Extension.swift in Sources */,
				C0D615362ACE89E100EC5EE9 /* SearchResultTabStoryViewModel.swift in Sources */,
				C0BDC3352AC982E100D7331E /* PlayerBottomView.swift in Sources */,
				C08B37A82AC2A761007FF39F /* ReusableViewProtocol.swift in Sources */,
				C0D81AA52AC575F100CB2EF0 /* ThemeDetailVCProtocol.swift in Sources */,
				C00839F62AC68DB700C17BD6 /* AudioImageView.swift in Sources */,
				C0E8BAB02ABDDD9700B1CCA6 /* SettingView.swift in Sources */,
				C0D81A7A2AC4104300CB2EF0 /* RealmProtocol.swift in Sources */,
				C00C3C832ACC8A3C00B89928 /* RegionType.swift in Sources */,
				C05F921C2AC3F33000427F6D /* RequestSearchTravelSpots.swift in Sources */,
				C04F9CF42AC0772C0058A8D0 /* AVPlayerManager.swift in Sources */,
				C0E8BA4D2ABC8B7600B1CCA6 /* SceneDelegate.swift in Sources */,
				C0607D8D2AD27C64002E4CBD /* DetailTravelSpotView.swift in Sources */,
				C0E8BAB32ABDE72800B1CCA6 /* RegionButton.swift in Sources */,
				C0D6153D2ACEE8AA00EC5EE9 /* BaseViewModel.swift in Sources */,
				C09A69832ACB3A6D002FA468 /* TitleSupplementaryView.swift in Sources */,
				C05F921F2AC3F4C600427F6D /* ThemeDetailVC.swift in Sources */,
				C05BB6B02AC31770007CC4A5 /* ThemeStory.swift in Sources */,
			);
			runOnlyForDeploymentPostprocessing = 0;
		};
/* End PBXSourcesBuildPhase section */

/* Begin PBXVariantGroup section */
		C0E8BA552ABC8B7700B1CCA6 /* LaunchScreen.storyboard */ = {
			isa = PBXVariantGroup;
			children = (
				C0E8BA562ABC8B7700B1CCA6 /* Base */,
				C0E8BA822ABC980000B1CCA6 /* ko */,
			);
			name = LaunchScreen.storyboard;
			sourceTree = "<group>";
		};
		C0E8BA872ABC98F800B1CCA6 /* Localizable.strings */ = {
			isa = PBXVariantGroup;
			children = (
				C0E8BA862ABC98F800B1CCA6 /* en */,
				C0E8BA882ABC98F900B1CCA6 /* ko */,
			);
			name = Localizable.strings;
			sourceTree = "<group>";
		};
/* End PBXVariantGroup section */

/* Begin XCBuildConfiguration section */
		C0E8BA592ABC8B7700B1CCA6 /* Debug */ = {
			isa = XCBuildConfiguration;
			buildSettings = {
				ALWAYS_SEARCH_USER_PATHS = NO;
				ASSETCATALOG_COMPILER_GENERATE_SWIFT_ASSET_SYMBOL_EXTENSIONS = YES;
				CLANG_ANALYZER_LOCALIZABILITY_NONLOCALIZED = YES;
				CLANG_ANALYZER_NONNULL = YES;
				CLANG_ANALYZER_NUMBER_OBJECT_CONVERSION = YES_AGGRESSIVE;
				CLANG_CXX_LANGUAGE_STANDARD = "gnu++20";
				CLANG_ENABLE_MODULES = YES;
				CLANG_ENABLE_OBJC_ARC = YES;
				CLANG_ENABLE_OBJC_WEAK = YES;
				CLANG_WARN_BLOCK_CAPTURE_AUTORELEASING = YES;
				CLANG_WARN_BOOL_CONVERSION = YES;
				CLANG_WARN_COMMA = YES;
				CLANG_WARN_CONSTANT_CONVERSION = YES;
				CLANG_WARN_DEPRECATED_OBJC_IMPLEMENTATIONS = YES;
				CLANG_WARN_DIRECT_OBJC_ISA_USAGE = YES_ERROR;
				CLANG_WARN_DOCUMENTATION_COMMENTS = YES;
				CLANG_WARN_EMPTY_BODY = YES;
				CLANG_WARN_ENUM_CONVERSION = YES;
				CLANG_WARN_INFINITE_RECURSION = YES;
				CLANG_WARN_INT_CONVERSION = YES;
				CLANG_WARN_NON_LITERAL_NULL_CONVERSION = YES;
				CLANG_WARN_OBJC_IMPLICIT_RETAIN_SELF = YES;
				CLANG_WARN_OBJC_LITERAL_CONVERSION = YES;
				CLANG_WARN_OBJC_ROOT_CLASS = YES_ERROR;
				CLANG_WARN_QUOTED_INCLUDE_IN_FRAMEWORK_HEADER = YES;
				CLANG_WARN_RANGE_LOOP_ANALYSIS = YES;
				CLANG_WARN_STRICT_PROTOTYPES = YES;
				CLANG_WARN_SUSPICIOUS_MOVE = YES;
				CLANG_WARN_UNGUARDED_AVAILABILITY = YES_AGGRESSIVE;
				CLANG_WARN_UNREACHABLE_CODE = YES;
				CLANG_WARN__DUPLICATE_METHOD_MATCH = YES;
				COPY_PHASE_STRIP = NO;
				DEBUG_INFORMATION_FORMAT = "dwarf-with-dsym";
				ENABLE_STRICT_OBJC_MSGSEND = YES;
				ENABLE_TESTABILITY = YES;
				ENABLE_USER_SCRIPT_SANDBOXING = NO;
				GCC_C_LANGUAGE_STANDARD = gnu17;
				GCC_DYNAMIC_NO_PIC = NO;
				GCC_NO_COMMON_BLOCKS = YES;
				GCC_OPTIMIZATION_LEVEL = 0;
				GCC_PREPROCESSOR_DEFINITIONS = (
					"DEBUG=1",
					"$(inherited)",
				);
				GCC_WARN_64_TO_32_BIT_CONVERSION = YES;
				GCC_WARN_ABOUT_RETURN_TYPE = YES_ERROR;
				GCC_WARN_UNDECLARED_SELECTOR = YES;
				GCC_WARN_UNINITIALIZED_AUTOS = YES_AGGRESSIVE;
				GCC_WARN_UNUSED_FUNCTION = YES;
				GCC_WARN_UNUSED_VARIABLE = YES;
				IPHONEOS_DEPLOYMENT_TARGET = 16.0;
				LOCALIZATION_PREFERS_STRING_CATALOGS = YES;
				MTL_ENABLE_DEBUG_INFO = INCLUDE_SOURCE;
				MTL_FAST_MATH = YES;
				ONLY_ACTIVE_ARCH = YES;
				SDKROOT = iphoneos;
				SWIFT_ACTIVE_COMPILATION_CONDITIONS = "DEBUG $(inherited)";
				SWIFT_OPTIMIZATION_LEVEL = "-Onone";
			};
			name = Debug;
		};
		C0E8BA5A2ABC8B7700B1CCA6 /* Release */ = {
			isa = XCBuildConfiguration;
			buildSettings = {
				ALWAYS_SEARCH_USER_PATHS = NO;
				ASSETCATALOG_COMPILER_GENERATE_SWIFT_ASSET_SYMBOL_EXTENSIONS = YES;
				CLANG_ANALYZER_LOCALIZABILITY_NONLOCALIZED = YES;
				CLANG_ANALYZER_NONNULL = YES;
				CLANG_ANALYZER_NUMBER_OBJECT_CONVERSION = YES_AGGRESSIVE;
				CLANG_CXX_LANGUAGE_STANDARD = "gnu++20";
				CLANG_ENABLE_MODULES = YES;
				CLANG_ENABLE_OBJC_ARC = YES;
				CLANG_ENABLE_OBJC_WEAK = YES;
				CLANG_WARN_BLOCK_CAPTURE_AUTORELEASING = YES;
				CLANG_WARN_BOOL_CONVERSION = YES;
				CLANG_WARN_COMMA = YES;
				CLANG_WARN_CONSTANT_CONVERSION = YES;
				CLANG_WARN_DEPRECATED_OBJC_IMPLEMENTATIONS = YES;
				CLANG_WARN_DIRECT_OBJC_ISA_USAGE = YES_ERROR;
				CLANG_WARN_DOCUMENTATION_COMMENTS = YES;
				CLANG_WARN_EMPTY_BODY = YES;
				CLANG_WARN_ENUM_CONVERSION = YES;
				CLANG_WARN_INFINITE_RECURSION = YES;
				CLANG_WARN_INT_CONVERSION = YES;
				CLANG_WARN_NON_LITERAL_NULL_CONVERSION = YES;
				CLANG_WARN_OBJC_IMPLICIT_RETAIN_SELF = YES;
				CLANG_WARN_OBJC_LITERAL_CONVERSION = YES;
				CLANG_WARN_OBJC_ROOT_CLASS = YES_ERROR;
				CLANG_WARN_QUOTED_INCLUDE_IN_FRAMEWORK_HEADER = YES;
				CLANG_WARN_RANGE_LOOP_ANALYSIS = YES;
				CLANG_WARN_STRICT_PROTOTYPES = YES;
				CLANG_WARN_SUSPICIOUS_MOVE = YES;
				CLANG_WARN_UNGUARDED_AVAILABILITY = YES_AGGRESSIVE;
				CLANG_WARN_UNREACHABLE_CODE = YES;
				CLANG_WARN__DUPLICATE_METHOD_MATCH = YES;
				COPY_PHASE_STRIP = NO;
				DEBUG_INFORMATION_FORMAT = "dwarf-with-dsym";
				ENABLE_NS_ASSERTIONS = NO;
				ENABLE_STRICT_OBJC_MSGSEND = YES;
				ENABLE_USER_SCRIPT_SANDBOXING = NO;
				GCC_C_LANGUAGE_STANDARD = gnu17;
				GCC_NO_COMMON_BLOCKS = YES;
				GCC_WARN_64_TO_32_BIT_CONVERSION = YES;
				GCC_WARN_ABOUT_RETURN_TYPE = YES_ERROR;
				GCC_WARN_UNDECLARED_SELECTOR = YES;
				GCC_WARN_UNINITIALIZED_AUTOS = YES_AGGRESSIVE;
				GCC_WARN_UNUSED_FUNCTION = YES;
				GCC_WARN_UNUSED_VARIABLE = YES;
				IPHONEOS_DEPLOYMENT_TARGET = 16.0;
				LOCALIZATION_PREFERS_STRING_CATALOGS = YES;
				MTL_ENABLE_DEBUG_INFO = NO;
				MTL_FAST_MATH = YES;
				SDKROOT = iphoneos;
				SWIFT_COMPILATION_MODE = wholemodule;
				VALIDATE_PRODUCT = YES;
			};
			name = Release;
		};
		C0E8BA5C2ABC8B7700B1CCA6 /* Debug */ = {
			isa = XCBuildConfiguration;
			baseConfigurationReference = EE2DB048C391D5CB1AF9994E /* Pods-traveltune.debug.xcconfig */;
			buildSettings = {
				ASSETCATALOG_COMPILER_APPICON_NAME = AppIcon;
				ASSETCATALOG_COMPILER_GLOBAL_ACCENT_COLOR_NAME = AccentColor;
				CODE_SIGN_STYLE = Automatic;
				CURRENT_PROJECT_VERSION = 1;
				DEBUG_INFORMATION_FORMAT = "dwarf-with-dsym";
				DEVELOPMENT_TEAM = SV3K237PCX;
				GENERATE_INFOPLIST_FILE = YES;
				INFOPLIST_FILE = traveltune/Info.plist;
				INFOPLIST_KEY_UIApplicationSupportsIndirectInputEvents = YES;
				INFOPLIST_KEY_UILaunchStoryboardName = LaunchScreen;
				INFOPLIST_KEY_UISupportedInterfaceOrientations = UIInterfaceOrientationPortrait;
				INFOPLIST_KEY_UISupportedInterfaceOrientations_iPad = "UIInterfaceOrientationLandscapeLeft UIInterfaceOrientationLandscapeRight UIInterfaceOrientationPortrait UIInterfaceOrientationPortraitUpsideDown";
				IPHONEOS_DEPLOYMENT_TARGET = 16.0;
				LD_RUNPATH_SEARCH_PATHS = (
					"$(inherited)",
					"@executable_path/Frameworks",
				);
				MARKETING_VERSION = 1.0;
				PRODUCT_BUNDLE_IDENTIFIER = com.comet.traveltune;
				PRODUCT_NAME = "$(TARGET_NAME)";
				SUPPORTED_PLATFORMS = "iphoneos iphonesimulator";
				SUPPORTS_MACCATALYST = NO;
				SWIFT_EMIT_LOC_STRINGS = YES;
				SWIFT_VERSION = 5.0;
				TARGETED_DEVICE_FAMILY = 1;
			};
			name = Debug;
		};
		C0E8BA5D2ABC8B7700B1CCA6 /* Release */ = {
			isa = XCBuildConfiguration;
			baseConfigurationReference = 6A6C9A4659B7BEA01E36D10E /* Pods-traveltune.release.xcconfig */;
			buildSettings = {
				ASSETCATALOG_COMPILER_APPICON_NAME = AppIcon;
				ASSETCATALOG_COMPILER_GLOBAL_ACCENT_COLOR_NAME = AccentColor;
				CODE_SIGN_STYLE = Automatic;
				CURRENT_PROJECT_VERSION = 1;
				DEVELOPMENT_TEAM = SV3K237PCX;
				GENERATE_INFOPLIST_FILE = YES;
				INFOPLIST_FILE = traveltune/Info.plist;
				INFOPLIST_KEY_UIApplicationSupportsIndirectInputEvents = YES;
				INFOPLIST_KEY_UILaunchStoryboardName = LaunchScreen;
				INFOPLIST_KEY_UISupportedInterfaceOrientations = UIInterfaceOrientationPortrait;
				INFOPLIST_KEY_UISupportedInterfaceOrientations_iPad = "UIInterfaceOrientationLandscapeLeft UIInterfaceOrientationLandscapeRight UIInterfaceOrientationPortrait UIInterfaceOrientationPortraitUpsideDown";
				IPHONEOS_DEPLOYMENT_TARGET = 16.0;
				LD_RUNPATH_SEARCH_PATHS = (
					"$(inherited)",
					"@executable_path/Frameworks",
				);
				MARKETING_VERSION = 1.0;
				PRODUCT_BUNDLE_IDENTIFIER = com.comet.traveltune;
				PRODUCT_NAME = "$(TARGET_NAME)";
				SUPPORTED_PLATFORMS = "iphoneos iphonesimulator";
				SUPPORTS_MACCATALYST = NO;
				SWIFT_EMIT_LOC_STRINGS = YES;
				SWIFT_VERSION = 5.0;
				TARGETED_DEVICE_FAMILY = 1;
			};
			name = Release;
		};
/* End XCBuildConfiguration section */

/* Begin XCConfigurationList section */
		C0E8BA422ABC8B7600B1CCA6 /* Build configuration list for PBXProject "traveltune" */ = {
			isa = XCConfigurationList;
			buildConfigurations = (
				C0E8BA592ABC8B7700B1CCA6 /* Debug */,
				C0E8BA5A2ABC8B7700B1CCA6 /* Release */,
			);
			defaultConfigurationIsVisible = 0;
			defaultConfigurationName = Release;
		};
		C0E8BA5B2ABC8B7700B1CCA6 /* Build configuration list for PBXNativeTarget "traveltune" */ = {
			isa = XCConfigurationList;
			buildConfigurations = (
				C0E8BA5C2ABC8B7700B1CCA6 /* Debug */,
				C0E8BA5D2ABC8B7700B1CCA6 /* Release */,
			);
			defaultConfigurationIsVisible = 0;
			defaultConfigurationName = Release;
		};
/* End XCConfigurationList section */

/* Begin XCRemoteSwiftPackageReference section */
		C06449FA2ACC3AE6005C8529 /* XCRemoteSwiftPackageReference "IQKeyboardManager" */ = {
			isa = XCRemoteSwiftPackageReference;
			repositoryURL = "https://github.com/hackiftekhar/IQKeyboardManager.git";
			requirement = {
				kind = upToNextMajorVersion;
				minimumVersion = 6.5.13;
			};
		};
		C0D81A942AC5437800CB2EF0 /* XCRemoteSwiftPackageReference "Hero" */ = {
			isa = XCRemoteSwiftPackageReference;
			repositoryURL = "https://github.com/HeroTransitions/Hero.git";
			requirement = {
				kind = upToNextMajorVersion;
				minimumVersion = 1.6.2;
			};
		};
		C0E8BA712ABC972D00B1CCA6 /* XCRemoteSwiftPackageReference "SnapKit" */ = {
			isa = XCRemoteSwiftPackageReference;
			repositoryURL = "https://github.com/SnapKit/SnapKit";
			requirement = {
				kind = upToNextMajorVersion;
				minimumVersion = 5.6.0;
			};
		};
		C0E8BA742ABC973900B1CCA6 /* XCRemoteSwiftPackageReference "Kingfisher" */ = {
			isa = XCRemoteSwiftPackageReference;
			repositoryURL = "https://github.com/onevcat/Kingfisher.git";
			requirement = {
				kind = upToNextMajorVersion;
				minimumVersion = 7.9.1;
			};
		};
		C0E8BA772ABC974900B1CCA6 /* XCRemoteSwiftPackageReference "Alamofire" */ = {
			isa = XCRemoteSwiftPackageReference;
			repositoryURL = "https://github.com/Alamofire/Alamofire.git";
			requirement = {
				kind = upToNextMajorVersion;
				minimumVersion = 5.8.0;
			};
		};
		C0E8BA7A2ABC976500B1CCA6 /* XCRemoteSwiftPackageReference "realm-swift" */ = {
			isa = XCRemoteSwiftPackageReference;
			repositoryURL = "https://github.com/realm/realm-swift.git";
			requirement = {
				branch = master;
				kind = branch;
			};
		};
		C0E8BA7F2ABC977C00B1CCA6 /* XCRemoteSwiftPackageReference "Toast-Swift" */ = {
			isa = XCRemoteSwiftPackageReference;
			repositoryURL = "https://github.com/scalessec/Toast-Swift";
			requirement = {
				kind = upToNextMajorVersion;
				minimumVersion = 5.0.1;
			};
		};
/* End XCRemoteSwiftPackageReference section */

/* Begin XCSwiftPackageProductDependency section */
		C06449FB2ACC3AE6005C8529 /* IQKeyboardManagerSwift */ = {
			isa = XCSwiftPackageProductDependency;
			package = C06449FA2ACC3AE6005C8529 /* XCRemoteSwiftPackageReference "IQKeyboardManager" */;
			productName = IQKeyboardManagerSwift;
		};
		C0D81A952AC5437800CB2EF0 /* Hero */ = {
			isa = XCSwiftPackageProductDependency;
			package = C0D81A942AC5437800CB2EF0 /* XCRemoteSwiftPackageReference "Hero" */;
			productName = Hero;
		};
		C0E8BA722ABC972D00B1CCA6 /* SnapKit */ = {
			isa = XCSwiftPackageProductDependency;
			package = C0E8BA712ABC972D00B1CCA6 /* XCRemoteSwiftPackageReference "SnapKit" */;
			productName = SnapKit;
		};
		C0E8BA752ABC973900B1CCA6 /* Kingfisher */ = {
			isa = XCSwiftPackageProductDependency;
			package = C0E8BA742ABC973900B1CCA6 /* XCRemoteSwiftPackageReference "Kingfisher" */;
			productName = Kingfisher;
		};
		C0E8BA782ABC974900B1CCA6 /* Alamofire */ = {
			isa = XCSwiftPackageProductDependency;
			package = C0E8BA772ABC974900B1CCA6 /* XCRemoteSwiftPackageReference "Alamofire" */;
			productName = Alamofire;
		};
		C0E8BA7B2ABC976500B1CCA6 /* Realm */ = {
			isa = XCSwiftPackageProductDependency;
			package = C0E8BA7A2ABC976500B1CCA6 /* XCRemoteSwiftPackageReference "realm-swift" */;
			productName = Realm;
		};
		C0E8BA7D2ABC976500B1CCA6 /* RealmSwift */ = {
			isa = XCSwiftPackageProductDependency;
			package = C0E8BA7A2ABC976500B1CCA6 /* XCRemoteSwiftPackageReference "realm-swift" */;
			productName = RealmSwift;
		};
		C0E8BA802ABC977C00B1CCA6 /* Toast */ = {
			isa = XCSwiftPackageProductDependency;
			package = C0E8BA7F2ABC977C00B1CCA6 /* XCRemoteSwiftPackageReference "Toast-Swift" */;
			productName = Toast;
		};
/* End XCSwiftPackageProductDependency section */
	};
	rootObject = C0E8BA3F2ABC8B7600B1CCA6 /* Project object */;
}
