// !$*UTF8*$!
{
	archiveVersion = 1;
	classes = {
	};
	objectVersion = 56;
	objects = {

/* Begin PBXBuildFile section */
		91C51E2E461BDC6F5A352807 /* Pods_traveltune.framework in Frameworks */ = {isa = PBXBuildFile; fileRef = 72431900FFBB4314210744B8 /* Pods_traveltune.framework */; };
		C04F9C892ABEE0590058A8D0 /* GoogleService-Info.plist in Resources */ = {isa = PBXBuildFile; fileRef = C04F9C882ABEE0590058A8D0 /* GoogleService-Info.plist */; };
		C04F9C9E2ABEEE460058A8D0 /* .gitignore in Resources */ = {isa = PBXBuildFile; fileRef = C04F9C9D2ABEEE460058A8D0 /* .gitignore */; };
		C04F9CA02ABEEED60058A8D0 /* APIKey.swift in Sources */ = {isa = PBXBuildFile; fileRef = C04F9C9F2ABEEED60058A8D0 /* APIKey.swift */; };
		C04F9CA22ABEEF610058A8D0 /* Network.swift in Sources */ = {isa = PBXBuildFile; fileRef = C04F9CA12ABEEF610058A8D0 /* Network.swift */; };
		C04F9CA72ABEEFD50058A8D0 /* Router.swift in Sources */ = {isa = PBXBuildFile; fileRef = C04F9CA62ABEEFD50058A8D0 /* Router.swift */; };
		C04F9CA92ABEF6320058A8D0 /* Encodable+Extension.swift in Sources */ = {isa = PBXBuildFile; fileRef = C04F9CA82ABEF6320058A8D0 /* Encodable+Extension.swift */; };
		C04F9CAE2ABEF8320058A8D0 /* ResponseTravelSpots.swift in Sources */ = {isa = PBXBuildFile; fileRef = C04F9CAD2ABEF8320058A8D0 /* ResponseTravelSpots.swift */; };
		C04F9CB02ABEF8950058A8D0 /* RequestTravelSpots.swift in Sources */ = {isa = PBXBuildFile; fileRef = C04F9CAF2ABEF8950058A8D0 /* RequestTravelSpots.swift */; };
		C04F9CF42AC0772C0058A8D0 /* AVPlayerManager.swift in Sources */ = {isa = PBXBuildFile; fileRef = C04F9CF32AC0772C0058A8D0 /* AVPlayerManager.swift */; };
		C04F9CF62AC0919B0058A8D0 /* BaseRequestInterceptor.swift in Sources */ = {isa = PBXBuildFile; fileRef = C04F9CF52AC0919B0058A8D0 /* BaseRequestInterceptor.swift */; };
		C04F9CFA2AC09C0E0058A8D0 /* RequestCheckVisitorsInMetro.swift in Sources */ = {isa = PBXBuildFile; fileRef = C04F9CF92AC09C0E0058A8D0 /* RequestCheckVisitorsInMetro.swift */; };
		C04F9CFC2AC09CBC0058A8D0 /* ResponseCheckVisitorsInMetro.swift in Sources */ = {isa = PBXBuildFile; fileRef = C04F9CFB2AC09CBC0058A8D0 /* ResponseCheckVisitorsInMetro.swift */; };
		C05BB6B02AC31770007CC4A5 /* ThemeStory.swift in Sources */ = {isa = PBXBuildFile; fileRef = C05BB6AF2AC31770007CC4A5 /* ThemeStory.swift */; };
		C05BB6B22AC31D2A007CC4A5 /* ThemeViewModel.swift in Sources */ = {isa = PBXBuildFile; fileRef = C05BB6B12AC31D2A007CC4A5 /* ThemeViewModel.swift */; };
		C05BB6B62AC335D5007CC4A5 /* Pavelt 400.otf in Resources */ = {isa = PBXBuildFile; fileRef = C05BB6B52AC335D5007CC4A5 /* Pavelt 400.otf */; };
		C05F921A2AC3494F00427F6D /* UILabel+Extension.swift in Sources */ = {isa = PBXBuildFile; fileRef = C05F92192AC3494F00427F6D /* UILabel+Extension.swift */; };
		C05F921C2AC3F33000427F6D /* RequestSearchTravelSpots.swift in Sources */ = {isa = PBXBuildFile; fileRef = C05F921B2AC3F33000427F6D /* RequestSearchTravelSpots.swift */; };
		C05F921F2AC3F4C600427F6D /* ThemeDetailVC.swift in Sources */ = {isa = PBXBuildFile; fileRef = C05F921E2AC3F4C600427F6D /* ThemeDetailVC.swift */; };
		C05F92212AC3F4F400427F6D /* ThemeDetailView.swift in Sources */ = {isa = PBXBuildFile; fileRef = C05F92202AC3F4F400427F6D /* ThemeDetailView.swift */; };
		C05F92262AC3F93B00427F6D /* ThemeVCProtocol.swift in Sources */ = {isa = PBXBuildFile; fileRef = C05F92252AC3F93B00427F6D /* ThemeVCProtocol.swift */; };
		C06C933C2AC2B231006B26F6 /* ThemePagerCellView.swift in Sources */ = {isa = PBXBuildFile; fileRef = C06C933B2AC2B231006B26F6 /* ThemePagerCellView.swift */; };
		C08B37A32AC2A627007FF39F /* ThemePagerCollectionViewCell.swift in Sources */ = {isa = PBXBuildFile; fileRef = C08B37A22AC2A627007FF39F /* ThemePagerCollectionViewCell.swift */; };
		C08B37A82AC2A761007FF39F /* ReusableViewProtocol.swift in Sources */ = {isa = PBXBuildFile; fileRef = C08B37A72AC2A761007FF39F /* ReusableViewProtocol.swift */; };
		C08B37AC2AC2AAAB007FF39F /* BaseCellProtocol.swift in Sources */ = {isa = PBXBuildFile; fileRef = C08B37AB2AC2AAAB007FF39F /* BaseCellProtocol.swift */; };
		C0D81A722AC40A5A00CB2EF0 /* SplashVC.swift in Sources */ = {isa = PBXBuildFile; fileRef = C0D81A712AC40A5A00CB2EF0 /* SplashVC.swift */; };
		C0D81A742AC40A7700CB2EF0 /* SplashView.swift in Sources */ = {isa = PBXBuildFile; fileRef = C0D81A732AC40A7700CB2EF0 /* SplashView.swift */; };
		C0D81A762AC40C8E00CB2EF0 /* SplashViewModel.swift in Sources */ = {isa = PBXBuildFile; fileRef = C0D81A752AC40C8E00CB2EF0 /* SplashViewModel.swift */; };
		C0D81A782AC40FB000CB2EF0 /* NetworkMonitor.swift in Sources */ = {isa = PBXBuildFile; fileRef = C0D81A772AC40FB000CB2EF0 /* NetworkMonitor.swift */; };
		C0D81A7A2AC4104300CB2EF0 /* RealmProtocol.swift in Sources */ = {isa = PBXBuildFile; fileRef = C0D81A792AC4104300CB2EF0 /* RealmProtocol.swift */; };
		C0D81A7F2AC4143A00CB2EF0 /* LocalTravelSpotRepository.swift in Sources */ = {isa = PBXBuildFile; fileRef = C0D81A7E2AC4143A00CB2EF0 /* LocalTravelSpotRepository.swift */; };
		C0D81A862AC42C2800CB2EF0 /* RemoteTravelSpotRepository.swift in Sources */ = {isa = PBXBuildFile; fileRef = C0D81A852AC42C2800CB2EF0 /* RemoteTravelSpotRepository.swift */; };
		C0D81A882AC43EF300CB2EF0 /* UIViewController+Extension.swift in Sources */ = {isa = PBXBuildFile; fileRef = C0D81A872AC43EF300CB2EF0 /* UIViewController+Extension.swift */; };
		C0D81A8D2AC4941100CB2EF0 /* UserDefault.swift in Sources */ = {isa = PBXBuildFile; fileRef = C0D81A8C2AC4941100CB2EF0 /* UserDefault.swift */; };
		C0D81A8F2AC4966F00CB2EF0 /* Date+Extension.swift in Sources */ = {isa = PBXBuildFile; fileRef = C0D81A8E2AC4966F00CB2EF0 /* Date+Extension.swift */; };
		C0D81A912AC49D1000CB2EF0 /* VisitorDataInfoRequestInterceptor.swift in Sources */ = {isa = PBXBuildFile; fileRef = C0D81A902AC49D1000CB2EF0 /* VisitorDataInfoRequestInterceptor.swift */; };
		C0D81A932AC4A5B300CB2EF0 /* DateManager.swift in Sources */ = {isa = PBXBuildFile; fileRef = C0D81A922AC4A5B300CB2EF0 /* DateManager.swift */; };
		C0D81A962AC5437800CB2EF0 /* Hero in Frameworks */ = {isa = PBXBuildFile; productRef = C0D81A952AC5437800CB2EF0 /* Hero */; };
		C0D81A982AC55FE600CB2EF0 /* HeroID.swift in Sources */ = {isa = PBXBuildFile; fileRef = C0D81A972AC55FE600CB2EF0 /* HeroID.swift */; };
		C0D81A9A2AC5609800CB2EF0 /* Constant.swift in Sources */ = {isa = PBXBuildFile; fileRef = C0D81A992AC5609800CB2EF0 /* Constant.swift */; };
		C0D81AA22AC56D7000CB2EF0 /* UICollectionViewFlowLayout+Extension.swift in Sources */ = {isa = PBXBuildFile; fileRef = C0D81AA12AC56D7000CB2EF0 /* UICollectionViewFlowLayout+Extension.swift */; };
		C0D81AA52AC575F100CB2EF0 /* ThemeDetailVCProtocol.swift in Sources */ = {isa = PBXBuildFile; fileRef = C0D81AA42AC575F100CB2EF0 /* ThemeDetailVCProtocol.swift */; };
		C0E8BA4B2ABC8B7600B1CCA6 /* AppDelegate.swift in Sources */ = {isa = PBXBuildFile; fileRef = C0E8BA4A2ABC8B7600B1CCA6 /* AppDelegate.swift */; };
		C0E8BA4D2ABC8B7600B1CCA6 /* SceneDelegate.swift in Sources */ = {isa = PBXBuildFile; fileRef = C0E8BA4C2ABC8B7600B1CCA6 /* SceneDelegate.swift */; };
		C0E8BA542ABC8B7700B1CCA6 /* Assets.xcassets in Resources */ = {isa = PBXBuildFile; fileRef = C0E8BA532ABC8B7700B1CCA6 /* Assets.xcassets */; };
		C0E8BA572ABC8B7700B1CCA6 /* LaunchScreen.storyboard in Resources */ = {isa = PBXBuildFile; fileRef = C0E8BA552ABC8B7700B1CCA6 /* LaunchScreen.storyboard */; };
		C0E8BA6B2ABC915F00B1CCA6 /* Colors.xcassets in Resources */ = {isa = PBXBuildFile; fileRef = C0E8BA6A2ABC915F00B1CCA6 /* Colors.xcassets */; };
		C0E8BA6D2ABC916A00B1CCA6 /* Images.xcassets in Resources */ = {isa = PBXBuildFile; fileRef = C0E8BA6C2ABC916A00B1CCA6 /* Images.xcassets */; };
		C0E8BA732ABC972D00B1CCA6 /* SnapKit in Frameworks */ = {isa = PBXBuildFile; productRef = C0E8BA722ABC972D00B1CCA6 /* SnapKit */; };
		C0E8BA762ABC973900B1CCA6 /* Kingfisher in Frameworks */ = {isa = PBXBuildFile; productRef = C0E8BA752ABC973900B1CCA6 /* Kingfisher */; };
		C0E8BA792ABC974900B1CCA6 /* Alamofire in Frameworks */ = {isa = PBXBuildFile; productRef = C0E8BA782ABC974900B1CCA6 /* Alamofire */; };
		C0E8BA7C2ABC976500B1CCA6 /* Realm in Frameworks */ = {isa = PBXBuildFile; productRef = C0E8BA7B2ABC976500B1CCA6 /* Realm */; };
		C0E8BA7E2ABC976500B1CCA6 /* RealmSwift in Frameworks */ = {isa = PBXBuildFile; productRef = C0E8BA7D2ABC976500B1CCA6 /* RealmSwift */; };
		C0E8BA812ABC977C00B1CCA6 /* Toast in Frameworks */ = {isa = PBXBuildFile; productRef = C0E8BA802ABC977C00B1CCA6 /* Toast */; };
		C0E8BA852ABC98F800B1CCA6 /* Localizable.strings in Resources */ = {isa = PBXBuildFile; fileRef = C0E8BA872ABC98F800B1CCA6 /* Localizable.strings */; };
		C0E8BA8A2ABC993000B1CCA6 /* Strings.swift in Sources */ = {isa = PBXBuildFile; fileRef = C0E8BA892ABC993000B1CCA6 /* Strings.swift */; };
		C0E8BA8C2ABC997800B1CCA6 /* String+Extension.swift in Sources */ = {isa = PBXBuildFile; fileRef = C0E8BA8B2ABC997800B1CCA6 /* String+Extension.swift */; };
		C0E8BA932ABDCCC900B1CCA6 /* TabBarVC.swift in Sources */ = {isa = PBXBuildFile; fileRef = C0E8BA922ABDCCC900B1CCA6 /* TabBarVC.swift */; };
		C0E8BA9A2ABDCD3800B1CCA6 /* ThemeVC.swift in Sources */ = {isa = PBXBuildFile; fileRef = C0E8BA992ABDCD3800B1CCA6 /* ThemeVC.swift */; };
		C0E8BA9C2ABDCD5B00B1CCA6 /* MapVC.swift in Sources */ = {isa = PBXBuildFile; fileRef = C0E8BA9B2ABDCD5B00B1CCA6 /* MapVC.swift */; };
		C0E8BA9E2ABDCD8300B1CCA6 /* PlaylistVC.swift in Sources */ = {isa = PBXBuildFile; fileRef = C0E8BA9D2ABDCD8300B1CCA6 /* PlaylistVC.swift */; };
		C0E8BAA12ABDDA5900B1CCA6 /* Observable.swift in Sources */ = {isa = PBXBuildFile; fileRef = C0E8BAA02ABDDA5900B1CCA6 /* Observable.swift */; };
		C0E8BAA32ABDDAF100B1CCA6 /* BaseView.swift in Sources */ = {isa = PBXBuildFile; fileRef = C0E8BAA22ABDDAF100B1CCA6 /* BaseView.swift */; };
		C0E8BAA52ABDDB5D00B1CCA6 /* BaseViewController.swift in Sources */ = {isa = PBXBuildFile; fileRef = C0E8BAA42ABDDB5D00B1CCA6 /* BaseViewController.swift */; };
		C0E8BAA72ABDDBE400B1CCA6 /* BaseCollectionViewCell.swift in Sources */ = {isa = PBXBuildFile; fileRef = C0E8BAA62ABDDBE400B1CCA6 /* BaseCollectionViewCell.swift */; };
		C0E8BAAA2ABDDC3D00B1CCA6 /* ConfigurableViewProtocol.swift in Sources */ = {isa = PBXBuildFile; fileRef = C0E8BAA92ABDDC3D00B1CCA6 /* ConfigurableViewProtocol.swift */; };
		C0E8BAAC2ABDDCC800B1CCA6 /* ThemeView.swift in Sources */ = {isa = PBXBuildFile; fileRef = C0E8BAAB2ABDDCC800B1CCA6 /* ThemeView.swift */; };
		C0E8BAAE2ABDDD7700B1CCA6 /* MapView.swift in Sources */ = {isa = PBXBuildFile; fileRef = C0E8BAAD2ABDDD7700B1CCA6 /* MapView.swift */; };
		C0E8BAB02ABDDD9700B1CCA6 /* PlaylistView.swift in Sources */ = {isa = PBXBuildFile; fileRef = C0E8BAAF2ABDDD9700B1CCA6 /* PlaylistView.swift */; };
		C0E8BAB32ABDE72800B1CCA6 /* RegionButton.swift in Sources */ = {isa = PBXBuildFile; fileRef = C0E8BAB22ABDE72800B1CCA6 /* RegionButton.swift */; };
/* End PBXBuildFile section */

/* Begin PBXFileReference section */
		6A6C9A4659B7BEA01E36D10E /* Pods-traveltune.release.xcconfig */ = {isa = PBXFileReference; includeInIndex = 1; lastKnownFileType = text.xcconfig; name = "Pods-traveltune.release.xcconfig"; path = "Target Support Files/Pods-traveltune/Pods-traveltune.release.xcconfig"; sourceTree = "<group>"; };
		72431900FFBB4314210744B8 /* Pods_traveltune.framework */ = {isa = PBXFileReference; explicitFileType = wrapper.framework; includeInIndex = 0; path = Pods_traveltune.framework; sourceTree = BUILT_PRODUCTS_DIR; };
		C04F9C882ABEE0590058A8D0 /* GoogleService-Info.plist */ = {isa = PBXFileReference; fileEncoding = 4; lastKnownFileType = text.plist.xml; path = "GoogleService-Info.plist"; sourceTree = "<group>"; };
		C04F9C9D2ABEEE460058A8D0 /* .gitignore */ = {isa = PBXFileReference; lastKnownFileType = text; path = .gitignore; sourceTree = "<group>"; };
		C04F9C9F2ABEEED60058A8D0 /* APIKey.swift */ = {isa = PBXFileReference; lastKnownFileType = sourcecode.swift; path = APIKey.swift; sourceTree = "<group>"; };
		C04F9CA12ABEEF610058A8D0 /* Network.swift */ = {isa = PBXFileReference; lastKnownFileType = sourcecode.swift; path = Network.swift; sourceTree = "<group>"; };
		C04F9CA62ABEEFD50058A8D0 /* Router.swift */ = {isa = PBXFileReference; lastKnownFileType = sourcecode.swift; path = Router.swift; sourceTree = "<group>"; };
		C04F9CA82ABEF6320058A8D0 /* Encodable+Extension.swift */ = {isa = PBXFileReference; lastKnownFileType = sourcecode.swift; path = "Encodable+Extension.swift"; sourceTree = "<group>"; };
		C04F9CAD2ABEF8320058A8D0 /* ResponseTravelSpots.swift */ = {isa = PBXFileReference; lastKnownFileType = sourcecode.swift; path = ResponseTravelSpots.swift; sourceTree = "<group>"; };
		C04F9CAF2ABEF8950058A8D0 /* RequestTravelSpots.swift */ = {isa = PBXFileReference; lastKnownFileType = sourcecode.swift; path = RequestTravelSpots.swift; sourceTree = "<group>"; };
		C04F9CF32AC0772C0058A8D0 /* AVPlayerManager.swift */ = {isa = PBXFileReference; lastKnownFileType = sourcecode.swift; path = AVPlayerManager.swift; sourceTree = "<group>"; };
		C04F9CF52AC0919B0058A8D0 /* BaseRequestInterceptor.swift */ = {isa = PBXFileReference; lastKnownFileType = sourcecode.swift; path = BaseRequestInterceptor.swift; sourceTree = "<group>"; };
		C04F9CF92AC09C0E0058A8D0 /* RequestCheckVisitorsInMetro.swift */ = {isa = PBXFileReference; lastKnownFileType = sourcecode.swift; path = RequestCheckVisitorsInMetro.swift; sourceTree = "<group>"; };
		C04F9CFB2AC09CBC0058A8D0 /* ResponseCheckVisitorsInMetro.swift */ = {isa = PBXFileReference; lastKnownFileType = sourcecode.swift; path = ResponseCheckVisitorsInMetro.swift; sourceTree = "<group>"; };
		C05BB6AF2AC31770007CC4A5 /* ThemeStory.swift */ = {isa = PBXFileReference; lastKnownFileType = sourcecode.swift; path = ThemeStory.swift; sourceTree = "<group>"; };
		C05BB6B12AC31D2A007CC4A5 /* ThemeViewModel.swift */ = {isa = PBXFileReference; lastKnownFileType = sourcecode.swift; path = ThemeViewModel.swift; sourceTree = "<group>"; };
		C05BB6B52AC335D5007CC4A5 /* Pavelt 400.otf */ = {isa = PBXFileReference; lastKnownFileType = file; path = "Pavelt 400.otf"; sourceTree = "<group>"; };
		C05F92192AC3494F00427F6D /* UILabel+Extension.swift */ = {isa = PBXFileReference; lastKnownFileType = sourcecode.swift; path = "UILabel+Extension.swift"; sourceTree = "<group>"; };
		C05F921B2AC3F33000427F6D /* RequestSearchTravelSpots.swift */ = {isa = PBXFileReference; lastKnownFileType = sourcecode.swift; path = RequestSearchTravelSpots.swift; sourceTree = "<group>"; };
		C05F921E2AC3F4C600427F6D /* ThemeDetailVC.swift */ = {isa = PBXFileReference; lastKnownFileType = sourcecode.swift; path = ThemeDetailVC.swift; sourceTree = "<group>"; };
		C05F92202AC3F4F400427F6D /* ThemeDetailView.swift */ = {isa = PBXFileReference; lastKnownFileType = sourcecode.swift; path = ThemeDetailView.swift; sourceTree = "<group>"; };
		C05F92252AC3F93B00427F6D /* ThemeVCProtocol.swift */ = {isa = PBXFileReference; lastKnownFileType = sourcecode.swift; path = ThemeVCProtocol.swift; sourceTree = "<group>"; };
		C06C933B2AC2B231006B26F6 /* ThemePagerCellView.swift */ = {isa = PBXFileReference; lastKnownFileType = sourcecode.swift; path = ThemePagerCellView.swift; sourceTree = "<group>"; };
		C08B37A22AC2A627007FF39F /* ThemePagerCollectionViewCell.swift */ = {isa = PBXFileReference; lastKnownFileType = sourcecode.swift; path = ThemePagerCollectionViewCell.swift; sourceTree = "<group>"; };
		C08B37A72AC2A761007FF39F /* ReusableViewProtocol.swift */ = {isa = PBXFileReference; lastKnownFileType = sourcecode.swift; path = ReusableViewProtocol.swift; sourceTree = "<group>"; };
		C08B37AB2AC2AAAB007FF39F /* BaseCellProtocol.swift */ = {isa = PBXFileReference; lastKnownFileType = sourcecode.swift; path = BaseCellProtocol.swift; sourceTree = "<group>"; };
		C0D81A712AC40A5A00CB2EF0 /* SplashVC.swift */ = {isa = PBXFileReference; lastKnownFileType = sourcecode.swift; path = SplashVC.swift; sourceTree = "<group>"; };
		C0D81A732AC40A7700CB2EF0 /* SplashView.swift */ = {isa = PBXFileReference; lastKnownFileType = sourcecode.swift; path = SplashView.swift; sourceTree = "<group>"; };
		C0D81A752AC40C8E00CB2EF0 /* SplashViewModel.swift */ = {isa = PBXFileReference; lastKnownFileType = sourcecode.swift; path = SplashViewModel.swift; sourceTree = "<group>"; };
		C0D81A772AC40FB000CB2EF0 /* NetworkMonitor.swift */ = {isa = PBXFileReference; lastKnownFileType = sourcecode.swift; path = NetworkMonitor.swift; sourceTree = "<group>"; };
		C0D81A792AC4104300CB2EF0 /* RealmProtocol.swift */ = {isa = PBXFileReference; lastKnownFileType = sourcecode.swift; path = RealmProtocol.swift; sourceTree = "<group>"; };
		C0D81A7E2AC4143A00CB2EF0 /* LocalTravelSpotRepository.swift */ = {isa = PBXFileReference; lastKnownFileType = sourcecode.swift; name = LocalTravelSpotRepository.swift; path = traveltune/Repository/Local/LocalTravelSpotRepository.swift; sourceTree = SOURCE_ROOT; };
		C0D81A852AC42C2800CB2EF0 /* RemoteTravelSpotRepository.swift */ = {isa = PBXFileReference; lastKnownFileType = sourcecode.swift; path = RemoteTravelSpotRepository.swift; sourceTree = "<group>"; };
		C0D81A872AC43EF300CB2EF0 /* UIViewController+Extension.swift */ = {isa = PBXFileReference; lastKnownFileType = sourcecode.swift; path = "UIViewController+Extension.swift"; sourceTree = "<group>"; };
		C0D81A8C2AC4941100CB2EF0 /* UserDefault.swift */ = {isa = PBXFileReference; lastKnownFileType = sourcecode.swift; path = UserDefault.swift; sourceTree = "<group>"; };
		C0D81A8E2AC4966F00CB2EF0 /* Date+Extension.swift */ = {isa = PBXFileReference; lastKnownFileType = sourcecode.swift; path = "Date+Extension.swift"; sourceTree = "<group>"; };
		C0D81A902AC49D1000CB2EF0 /* VisitorDataInfoRequestInterceptor.swift */ = {isa = PBXFileReference; lastKnownFileType = sourcecode.swift; path = VisitorDataInfoRequestInterceptor.swift; sourceTree = "<group>"; };
		C0D81A922AC4A5B300CB2EF0 /* DateManager.swift */ = {isa = PBXFileReference; lastKnownFileType = sourcecode.swift; path = DateManager.swift; sourceTree = "<group>"; };
		C0D81A972AC55FE600CB2EF0 /* HeroID.swift */ = {isa = PBXFileReference; lastKnownFileType = sourcecode.swift; path = HeroID.swift; sourceTree = "<group>"; };
		C0D81A992AC5609800CB2EF0 /* Constant.swift */ = {isa = PBXFileReference; lastKnownFileType = sourcecode.swift; path = Constant.swift; sourceTree = "<group>"; };
		C0D81AA12AC56D7000CB2EF0 /* UICollectionViewFlowLayout+Extension.swift */ = {isa = PBXFileReference; lastKnownFileType = sourcecode.swift; path = "UICollectionViewFlowLayout+Extension.swift"; sourceTree = "<group>"; };
		C0D81AA42AC575F100CB2EF0 /* ThemeDetailVCProtocol.swift */ = {isa = PBXFileReference; lastKnownFileType = sourcecode.swift; path = ThemeDetailVCProtocol.swift; sourceTree = "<group>"; };
		C0E8BA472ABC8B7600B1CCA6 /* traveltune.app */ = {isa = PBXFileReference; explicitFileType = wrapper.application; includeInIndex = 0; path = traveltune.app; sourceTree = BUILT_PRODUCTS_DIR; };
		C0E8BA4A2ABC8B7600B1CCA6 /* AppDelegate.swift */ = {isa = PBXFileReference; lastKnownFileType = sourcecode.swift; path = AppDelegate.swift; sourceTree = "<group>"; };
		C0E8BA4C2ABC8B7600B1CCA6 /* SceneDelegate.swift */ = {isa = PBXFileReference; lastKnownFileType = sourcecode.swift; path = SceneDelegate.swift; sourceTree = "<group>"; };
		C0E8BA532ABC8B7700B1CCA6 /* Assets.xcassets */ = {isa = PBXFileReference; lastKnownFileType = folder.assetcatalog; path = Assets.xcassets; sourceTree = "<group>"; };
		C0E8BA562ABC8B7700B1CCA6 /* Base */ = {isa = PBXFileReference; lastKnownFileType = file.storyboard; name = Base; path = Base.lproj/LaunchScreen.storyboard; sourceTree = "<group>"; };
		C0E8BA582ABC8B7700B1CCA6 /* Info.plist */ = {isa = PBXFileReference; lastKnownFileType = text.plist.xml; path = Info.plist; sourceTree = "<group>"; };
		C0E8BA6A2ABC915F00B1CCA6 /* Colors.xcassets */ = {isa = PBXFileReference; lastKnownFileType = folder.assetcatalog; path = Colors.xcassets; sourceTree = "<group>"; };
		C0E8BA6C2ABC916A00B1CCA6 /* Images.xcassets */ = {isa = PBXFileReference; lastKnownFileType = folder.assetcatalog; path = Images.xcassets; sourceTree = "<group>"; };
		C0E8BA822ABC980000B1CCA6 /* ko */ = {isa = PBXFileReference; lastKnownFileType = text.plist.strings; name = ko; path = ko.lproj/LaunchScreen.strings; sourceTree = "<group>"; };
		C0E8BA862ABC98F800B1CCA6 /* en */ = {isa = PBXFileReference; lastKnownFileType = text.plist.strings; name = en; path = en.lproj/Localizable.strings; sourceTree = "<group>"; };
		C0E8BA882ABC98F900B1CCA6 /* ko */ = {isa = PBXFileReference; lastKnownFileType = text.plist.strings; name = ko; path = ko.lproj/Localizable.strings; sourceTree = "<group>"; };
		C0E8BA892ABC993000B1CCA6 /* Strings.swift */ = {isa = PBXFileReference; lastKnownFileType = sourcecode.swift; path = Strings.swift; sourceTree = "<group>"; };
		C0E8BA8B2ABC997800B1CCA6 /* String+Extension.swift */ = {isa = PBXFileReference; lastKnownFileType = sourcecode.swift; path = "String+Extension.swift"; sourceTree = "<group>"; };
		C0E8BA922ABDCCC900B1CCA6 /* TabBarVC.swift */ = {isa = PBXFileReference; lastKnownFileType = sourcecode.swift; path = TabBarVC.swift; sourceTree = "<group>"; };
		C0E8BA992ABDCD3800B1CCA6 /* ThemeVC.swift */ = {isa = PBXFileReference; lastKnownFileType = sourcecode.swift; path = ThemeVC.swift; sourceTree = "<group>"; };
		C0E8BA9B2ABDCD5B00B1CCA6 /* MapVC.swift */ = {isa = PBXFileReference; lastKnownFileType = sourcecode.swift; path = MapVC.swift; sourceTree = "<group>"; };
		C0E8BA9D2ABDCD8300B1CCA6 /* PlaylistVC.swift */ = {isa = PBXFileReference; lastKnownFileType = sourcecode.swift; path = PlaylistVC.swift; sourceTree = "<group>"; };
		C0E8BAA02ABDDA5900B1CCA6 /* Observable.swift */ = {isa = PBXFileReference; lastKnownFileType = sourcecode.swift; path = Observable.swift; sourceTree = "<group>"; };
		C0E8BAA22ABDDAF100B1CCA6 /* BaseView.swift */ = {isa = PBXFileReference; lastKnownFileType = sourcecode.swift; path = BaseView.swift; sourceTree = "<group>"; };
		C0E8BAA42ABDDB5D00B1CCA6 /* BaseViewController.swift */ = {isa = PBXFileReference; lastKnownFileType = sourcecode.swift; path = BaseViewController.swift; sourceTree = "<group>"; };
		C0E8BAA62ABDDBE400B1CCA6 /* BaseCollectionViewCell.swift */ = {isa = PBXFileReference; lastKnownFileType = sourcecode.swift; path = BaseCollectionViewCell.swift; sourceTree = "<group>"; };
		C0E8BAA92ABDDC3D00B1CCA6 /* ConfigurableViewProtocol.swift */ = {isa = PBXFileReference; lastKnownFileType = sourcecode.swift; path = ConfigurableViewProtocol.swift; sourceTree = "<group>"; };
		C0E8BAAB2ABDDCC800B1CCA6 /* ThemeView.swift */ = {isa = PBXFileReference; lastKnownFileType = sourcecode.swift; path = ThemeView.swift; sourceTree = "<group>"; };
		C0E8BAAD2ABDDD7700B1CCA6 /* MapView.swift */ = {isa = PBXFileReference; lastKnownFileType = sourcecode.swift; path = MapView.swift; sourceTree = "<group>"; };
		C0E8BAAF2ABDDD9700B1CCA6 /* PlaylistView.swift */ = {isa = PBXFileReference; lastKnownFileType = sourcecode.swift; path = PlaylistView.swift; sourceTree = "<group>"; };
		C0E8BAB22ABDE72800B1CCA6 /* RegionButton.swift */ = {isa = PBXFileReference; lastKnownFileType = sourcecode.swift; path = RegionButton.swift; sourceTree = "<group>"; };
		EE2DB048C391D5CB1AF9994E /* Pods-traveltune.debug.xcconfig */ = {isa = PBXFileReference; includeInIndex = 1; lastKnownFileType = text.xcconfig; name = "Pods-traveltune.debug.xcconfig"; path = "Target Support Files/Pods-traveltune/Pods-traveltune.debug.xcconfig"; sourceTree = "<group>"; };
/* End PBXFileReference section */

/* Begin PBXFrameworksBuildPhase section */
		C0E8BA442ABC8B7600B1CCA6 /* Frameworks */ = {
			isa = PBXFrameworksBuildPhase;
			buildActionMask = 2147483647;
			files = (
				C0E8BA812ABC977C00B1CCA6 /* Toast in Frameworks */,
				C0E8BA792ABC974900B1CCA6 /* Alamofire in Frameworks */,
				C0D81A962AC5437800CB2EF0 /* Hero in Frameworks */,
				C0E8BA762ABC973900B1CCA6 /* Kingfisher in Frameworks */,
				C0E8BA7C2ABC976500B1CCA6 /* Realm in Frameworks */,
				C0E8BA7E2ABC976500B1CCA6 /* RealmSwift in Frameworks */,
				C0E8BA732ABC972D00B1CCA6 /* SnapKit in Frameworks */,
				91C51E2E461BDC6F5A352807 /* Pods_traveltune.framework in Frameworks */,
			);
			runOnlyForDeploymentPostprocessing = 0;
		};
/* End PBXFrameworksBuildPhase section */

/* Begin PBXGroup section */
		4DC0C71A865D783711EB1525 /* Frameworks */ = {
			isa = PBXGroup;
			children = (
				72431900FFBB4314210744B8 /* Pods_traveltune.framework */,
			);
			name = Frameworks;
			sourceTree = "<group>";
		};
		5E6D859DA31D3F4FF6A1C4D2 /* Pods */ = {
			isa = PBXGroup;
			children = (
				EE2DB048C391D5CB1AF9994E /* Pods-traveltune.debug.xcconfig */,
				6A6C9A4659B7BEA01E36D10E /* Pods-traveltune.release.xcconfig */,
			);
			path = Pods;
			sourceTree = "<group>";
		};
		C04F9C9C2ABEEDDD0058A8D0 /* Network */ = {
			isa = PBXGroup;
			children = (
				C04F9CA12ABEEF610058A8D0 /* Network.swift */,
				C04F9CA62ABEEFD50058A8D0 /* Router.swift */,
				C04F9CF52AC0919B0058A8D0 /* BaseRequestInterceptor.swift */,
				C0D81A902AC49D1000CB2EF0 /* VisitorDataInfoRequestInterceptor.swift */,
			);
			path = Network;
			sourceTree = "<group>";
		};
		C04F9CAA2ABEF7970058A8D0 /* Model */ = {
			isa = PBXGroup;
			children = (
				C04F9CAB2ABEF79E0058A8D0 /* Request */,
				C04F9CAC2ABEF7A30058A8D0 /* Response */,
			);
			path = Model;
			sourceTree = "<group>";
		};
		C04F9CAB2ABEF79E0058A8D0 /* Request */ = {
			isa = PBXGroup;
			children = (
				C04F9CAF2ABEF8950058A8D0 /* RequestTravelSpots.swift */,
				C04F9CF92AC09C0E0058A8D0 /* RequestCheckVisitorsInMetro.swift */,
				C05F921B2AC3F33000427F6D /* RequestSearchTravelSpots.swift */,
			);
			path = Request;
			sourceTree = "<group>";
		};
		C04F9CAC2ABEF7A30058A8D0 /* Response */ = {
			isa = PBXGroup;
			children = (
				C04F9CAD2ABEF8320058A8D0 /* ResponseTravelSpots.swift */,
				C04F9CFB2AC09CBC0058A8D0 /* ResponseCheckVisitorsInMetro.swift */,
			);
			path = Response;
			sourceTree = "<group>";
		};
		C05BB6AE2AC31748007CC4A5 /* Enum */ = {
			isa = PBXGroup;
			children = (
				C05BB6AF2AC31770007CC4A5 /* ThemeStory.swift */,
				C0D81A972AC55FE600CB2EF0 /* HeroID.swift */,
			);
			path = Enum;
			sourceTree = "<group>";
		};
		C05BB6BD2AC339C8007CC4A5 /* Font */ = {
			isa = PBXGroup;
			children = (
				C05BB6B52AC335D5007CC4A5 /* Pavelt 400.otf */,
			);
			path = Font;
			sourceTree = "<group>";
		};
		C05F921D2AC3F4B200427F6D /* ThemeDetail */ = {
			isa = PBXGroup;
			children = (
				C05F921E2AC3F4C600427F6D /* ThemeDetailVC.swift */,
				C05F92202AC3F4F400427F6D /* ThemeDetailView.swift */,
				C0D81AA42AC575F100CB2EF0 /* ThemeDetailVCProtocol.swift */,
			);
			path = ThemeDetail;
			sourceTree = "<group>";
		};
		C06C93392AC2B214006B26F6 /* ThemePager */ = {
			isa = PBXGroup;
			children = (
				C08B37A22AC2A627007FF39F /* ThemePagerCollectionViewCell.swift */,
				C06C933B2AC2B231006B26F6 /* ThemePagerCellView.swift */,
			);
			path = ThemePager;
			sourceTree = "<group>";
		};
		C08B37A12AC2A5FE007FF39F /* Cell */ = {
			isa = PBXGroup;
			children = (
				C06C93392AC2B214006B26F6 /* ThemePager */,
			);
			path = Cell;
			sourceTree = "<group>";
		};
		C08B37AA2AC2A897007FF39F /* View */ = {
			isa = PBXGroup;
			children = (
				C0E8BAB22ABDE72800B1CCA6 /* RegionButton.swift */,
			);
			path = View;
			sourceTree = "<group>";
		};
		C0D81A702AC40A4E00CB2EF0 /* Splash */ = {
			isa = PBXGroup;
			children = (
				C0D81A712AC40A5A00CB2EF0 /* SplashVC.swift */,
				C0D81A732AC40A7700CB2EF0 /* SplashView.swift */,
				C0D81A752AC40C8E00CB2EF0 /* SplashViewModel.swift */,
			);
			path = Splash;
			sourceTree = "<group>";
		};
		C0D81A7B2AC413EE00CB2EF0 /* Repository */ = {
			isa = PBXGroup;
			children = (
				C0D81A7D2AC413F800CB2EF0 /* Remote */,
				C0D81A7C2AC413F300CB2EF0 /* Local */,
			);
			path = Repository;
			sourceTree = "<group>";
		};
		C0D81A7C2AC413F300CB2EF0 /* Local */ = {
			isa = PBXGroup;
			children = (
				C0D81A7E2AC4143A00CB2EF0 /* LocalTravelSpotRepository.swift */,
			);
			path = Local;
			sourceTree = "<group>";
		};
		C0D81A7D2AC413F800CB2EF0 /* Remote */ = {
			isa = PBXGroup;
			children = (
				C0D81A852AC42C2800CB2EF0 /* RemoteTravelSpotRepository.swift */,
			);
			path = Remote;
			sourceTree = "<group>";
		};
		C0E8BA3E2ABC8B7600B1CCA6 = {
			isa = PBXGroup;
			children = (
				C05BB6BD2AC339C8007CC4A5 /* Font */,
				C0E8BA492ABC8B7600B1CCA6 /* traveltune */,
				C0E8BA482ABC8B7600B1CCA6 /* Products */,
				5E6D859DA31D3F4FF6A1C4D2 /* Pods */,
				4DC0C71A865D783711EB1525 /* Frameworks */,
			);
			sourceTree = "<group>";
		};
		C0E8BA482ABC8B7600B1CCA6 /* Products */ = {
			isa = PBXGroup;
			children = (
				C0E8BA472ABC8B7600B1CCA6 /* traveltune.app */,
			);
			name = Products;
			sourceTree = "<group>";
		};
		C0E8BA492ABC8B7600B1CCA6 /* traveltune */ = {
			isa = PBXGroup;
			children = (
				C04F9C9D2ABEEE460058A8D0 /* .gitignore */,
				C04F9C882ABEE0590058A8D0 /* GoogleService-Info.plist */,
				C0E8BA582ABC8B7700B1CCA6 /* Info.plist */,
				C04F9C9F2ABEEED60058A8D0 /* APIKey.swift */,
				C0E8BA4A2ABC8B7600B1CCA6 /* AppDelegate.swift */,
				C0E8BA4C2ABC8B7600B1CCA6 /* SceneDelegate.swift */,
				C0E8BA912ABDCCB100B1CCA6 /* Base */,
				C05BB6AE2AC31748007CC4A5 /* Enum */,
				C0E8BA6E2ABC939E00B1CCA6 /* Extension */,
				C0E8BA552ABC8B7700B1CCA6 /* LaunchScreen.storyboard */,
				C04F9CAA2ABEF7970058A8D0 /* Model */,
				C04F9C9C2ABEEDDD0058A8D0 /* Network */,
				C0E8BAA82ABDDC3500B1CCA6 /* Protocol */,
				C0D81A7B2AC413EE00CB2EF0 /* Repository */,
				C0E8BA692ABC913100B1CCA6 /* Resourse */,
				C0E8BA8D2ABDCC4C00B1CCA6 /* Scene */,
				C0E8BA9F2ABDDA4C00B1CCA6 /* Utils */,
				C08B37AA2AC2A897007FF39F /* View */,
			);
			path = traveltune;
			sourceTree = "<group>";
		};
		C0E8BA692ABC913100B1CCA6 /* Resourse */ = {
			isa = PBXGroup;
			children = (
				C0E8BA532ABC8B7700B1CCA6 /* Assets.xcassets */,
				C0E8BA6A2ABC915F00B1CCA6 /* Colors.xcassets */,
				C0E8BA6C2ABC916A00B1CCA6 /* Images.xcassets */,
				C0E8BA872ABC98F800B1CCA6 /* Localizable.strings */,
				C0E8BA892ABC993000B1CCA6 /* Strings.swift */,
			);
			path = Resourse;
			sourceTree = "<group>";
		};
		C0E8BA6E2ABC939E00B1CCA6 /* Extension */ = {
			isa = PBXGroup;
			children = (
				C0E8BA8B2ABC997800B1CCA6 /* String+Extension.swift */,
				C04F9CA82ABEF6320058A8D0 /* Encodable+Extension.swift */,
				C05F92192AC3494F00427F6D /* UILabel+Extension.swift */,
				C0D81A872AC43EF300CB2EF0 /* UIViewController+Extension.swift */,
				C0D81A8E2AC4966F00CB2EF0 /* Date+Extension.swift */,
				C0D81AA12AC56D7000CB2EF0 /* UICollectionViewFlowLayout+Extension.swift */,
			);
			path = Extension;
			sourceTree = "<group>";
		};
		C0E8BA8D2ABDCC4C00B1CCA6 /* Scene */ = {
			isa = PBXGroup;
			children = (
				C0D81A702AC40A4E00CB2EF0 /* Splash */,
				C0E8BA922ABDCCC900B1CCA6 /* TabBarVC.swift */,
				C0E8BA972ABDCD1900B1CCA6 /* Map */,
				C0E8BA982ABDCD2000B1CCA6 /* Playlist */,
				C0E8BA942ABDCCFE00B1CCA6 /* Theme */,
				C05F921D2AC3F4B200427F6D /* ThemeDetail */,
			);
			path = Scene;
			sourceTree = "<group>";
		};
		C0E8BA912ABDCCB100B1CCA6 /* Base */ = {
			isa = PBXGroup;
			children = (
				C08B37AB2AC2AAAB007FF39F /* BaseCellProtocol.swift */,
				C0E8BAA22ABDDAF100B1CCA6 /* BaseView.swift */,
				C0E8BAA42ABDDB5D00B1CCA6 /* BaseViewController.swift */,
				C0E8BAA62ABDDBE400B1CCA6 /* BaseCollectionViewCell.swift */,
			);
			path = Base;
			sourceTree = "<group>";
		};
		C0E8BA942ABDCCFE00B1CCA6 /* Theme */ = {
			isa = PBXGroup;
			children = (
				C08B37A12AC2A5FE007FF39F /* Cell */,
				C0E8BA992ABDCD3800B1CCA6 /* ThemeVC.swift */,
				C0E8BAAB2ABDDCC800B1CCA6 /* ThemeView.swift */,
				C05BB6B12AC31D2A007CC4A5 /* ThemeViewModel.swift */,
				C05F92252AC3F93B00427F6D /* ThemeVCProtocol.swift */,
			);
			path = Theme;
			sourceTree = "<group>";
		};
		C0E8BA972ABDCD1900B1CCA6 /* Map */ = {
			isa = PBXGroup;
			children = (
				C0E8BA9B2ABDCD5B00B1CCA6 /* MapVC.swift */,
				C0E8BAAD2ABDDD7700B1CCA6 /* MapView.swift */,
			);
			path = Map;
			sourceTree = "<group>";
		};
		C0E8BA982ABDCD2000B1CCA6 /* Playlist */ = {
			isa = PBXGroup;
			children = (
				C0E8BA9D2ABDCD8300B1CCA6 /* PlaylistVC.swift */,
				C0E8BAAF2ABDDD9700B1CCA6 /* PlaylistView.swift */,
			);
			path = Playlist;
			sourceTree = "<group>";
		};
		C0E8BA9F2ABDDA4C00B1CCA6 /* Utils */ = {
			isa = PBXGroup;
			children = (
				C0E8BAA02ABDDA5900B1CCA6 /* Observable.swift */,
				C04F9CF32AC0772C0058A8D0 /* AVPlayerManager.swift */,
				C0D81A772AC40FB000CB2EF0 /* NetworkMonitor.swift */,
				C0D81A8C2AC4941100CB2EF0 /* UserDefault.swift */,
				C0D81A922AC4A5B300CB2EF0 /* DateManager.swift */,
				C0D81A992AC5609800CB2EF0 /* Constant.swift */,
			);
			path = Utils;
			sourceTree = "<group>";
		};
		C0E8BAA82ABDDC3500B1CCA6 /* Protocol */ = {
			isa = PBXGroup;
			children = (
				C0E8BAA92ABDDC3D00B1CCA6 /* ConfigurableViewProtocol.swift */,
				C08B37A72AC2A761007FF39F /* ReusableViewProtocol.swift */,
				C0D81A792AC4104300CB2EF0 /* RealmProtocol.swift */,
			);
			path = Protocol;
			sourceTree = "<group>";
		};
/* End PBXGroup section */

/* Begin PBXNativeTarget section */
		C0E8BA462ABC8B7600B1CCA6 /* traveltune */ = {
			isa = PBXNativeTarget;
			buildConfigurationList = C0E8BA5B2ABC8B7700B1CCA6 /* Build configuration list for PBXNativeTarget "traveltune" */;
			buildPhases = (
				1AC926633270DBADEAD7447F /* [CP] Check Pods Manifest.lock */,
				C0E8BA432ABC8B7600B1CCA6 /* Sources */,
				C0E8BA442ABC8B7600B1CCA6 /* Frameworks */,
				C0E8BA452ABC8B7600B1CCA6 /* Resources */,
				9D98BDCA9F29E9D692484A4F /* [CP] Embed Pods Frameworks */,
				C08B379E2AC1E11C007FF39F /* Setup Firebase */,
			);
			buildRules = (
			);
			dependencies = (
			);
			name = traveltune;
			packageProductDependencies = (
				C0E8BA722ABC972D00B1CCA6 /* SnapKit */,
				C0E8BA752ABC973900B1CCA6 /* Kingfisher */,
				C0E8BA782ABC974900B1CCA6 /* Alamofire */,
				C0E8BA7B2ABC976500B1CCA6 /* Realm */,
				C0E8BA7D2ABC976500B1CCA6 /* RealmSwift */,
				C0E8BA802ABC977C00B1CCA6 /* Toast */,
				C0D81A952AC5437800CB2EF0 /* Hero */,
			);
			productName = traveltune;
			productReference = C0E8BA472ABC8B7600B1CCA6 /* traveltune.app */;
			productType = "com.apple.product-type.application";
		};
/* End PBXNativeTarget section */

/* Begin PBXProject section */
		C0E8BA3F2ABC8B7600B1CCA6 /* Project object */ = {
			isa = PBXProject;
			attributes = {
				BuildIndependentTargetsInParallel = 1;
				LastSwiftUpdateCheck = 1500;
				LastUpgradeCheck = 1500;
				TargetAttributes = {
					C0E8BA462ABC8B7600B1CCA6 = {
						CreatedOnToolsVersion = 15.0;
					};
				};
			};
			buildConfigurationList = C0E8BA422ABC8B7600B1CCA6 /* Build configuration list for PBXProject "traveltune" */;
			compatibilityVersion = "Xcode 14.0";
			developmentRegion = en;
			hasScannedForEncodings = 0;
			knownRegions = (
				en,
				Base,
				ko,
			);
			mainGroup = C0E8BA3E2ABC8B7600B1CCA6;
			packageReferences = (
				C0E8BA712ABC972D00B1CCA6 /* XCRemoteSwiftPackageReference "SnapKit" */,
				C0E8BA742ABC973900B1CCA6 /* XCRemoteSwiftPackageReference "Kingfisher" */,
				C0E8BA772ABC974900B1CCA6 /* XCRemoteSwiftPackageReference "Alamofire" */,
				C0E8BA7A2ABC976500B1CCA6 /* XCRemoteSwiftPackageReference "realm-swift" */,
				C0E8BA7F2ABC977C00B1CCA6 /* XCRemoteSwiftPackageReference "Toast-Swift" */,
				C0D81A942AC5437800CB2EF0 /* XCRemoteSwiftPackageReference "Hero" */,
			);
			productRefGroup = C0E8BA482ABC8B7600B1CCA6 /* Products */;
			projectDirPath = "";
			projectRoot = "";
			targets = (
				C0E8BA462ABC8B7600B1CCA6 /* traveltune */,
			);
		};
/* End PBXProject section */

/* Begin PBXResourcesBuildPhase section */
		C0E8BA452ABC8B7600B1CCA6 /* Resources */ = {
			isa = PBXResourcesBuildPhase;
			buildActionMask = 2147483647;
			files = (
				C0E8BA852ABC98F800B1CCA6 /* Localizable.strings in Resources */,
				C04F9C9E2ABEEE460058A8D0 /* .gitignore in Resources */,
				C0E8BA6B2ABC915F00B1CCA6 /* Colors.xcassets in Resources */,
				C0E8BA6D2ABC916A00B1CCA6 /* Images.xcassets in Resources */,
				C0E8BA572ABC8B7700B1CCA6 /* LaunchScreen.storyboard in Resources */,
				C05BB6B62AC335D5007CC4A5 /* Pavelt 400.otf in Resources */,
				C0E8BA542ABC8B7700B1CCA6 /* Assets.xcassets in Resources */,
				C04F9C892ABEE0590058A8D0 /* GoogleService-Info.plist in Resources */,
			);
			runOnlyForDeploymentPostprocessing = 0;
		};
/* End PBXResourcesBuildPhase section */

/* Begin PBXShellScriptBuildPhase section */
		1AC926633270DBADEAD7447F /* [CP] Check Pods Manifest.lock */ = {
			isa = PBXShellScriptBuildPhase;
			buildActionMask = 2147483647;
			files = (
			);
			inputFileListPaths = (
			);
			inputPaths = (
				"${PODS_PODFILE_DIR_PATH}/Podfile.lock",
				"${PODS_ROOT}/Manifest.lock",
			);
			name = "[CP] Check Pods Manifest.lock";
			outputFileListPaths = (
			);
			outputPaths = (
				"$(DERIVED_FILE_DIR)/Pods-traveltune-checkManifestLockResult.txt",
			);
			runOnlyForDeploymentPostprocessing = 0;
			shellPath = /bin/sh;
			shellScript = "diff \"${PODS_PODFILE_DIR_PATH}/Podfile.lock\" \"${PODS_ROOT}/Manifest.lock\" > /dev/null\nif [ $? != 0 ] ; then\n    # print error to STDERR\n    echo \"error: The sandbox is not in sync with the Podfile.lock. Run 'pod install' or update your CocoaPods installation.\" >&2\n    exit 1\nfi\n# This output is used by Xcode 'outputs' to avoid re-running this script phase.\necho \"SUCCESS\" > \"${SCRIPT_OUTPUT_FILE_0}\"\n";
			showEnvVarsInLog = 0;
		};
		9D98BDCA9F29E9D692484A4F /* [CP] Embed Pods Frameworks */ = {
			isa = PBXShellScriptBuildPhase;
			buildActionMask = 2147483647;
			files = (
			);
			inputFileListPaths = (
				"${PODS_ROOT}/Target Support Files/Pods-traveltune/Pods-traveltune-frameworks-${CONFIGURATION}-input-files.xcfilelist",
			);
			name = "[CP] Embed Pods Frameworks";
			outputFileListPaths = (
				"${PODS_ROOT}/Target Support Files/Pods-traveltune/Pods-traveltune-frameworks-${CONFIGURATION}-output-files.xcfilelist",
			);
			runOnlyForDeploymentPostprocessing = 0;
			shellPath = /bin/sh;
			shellScript = "\"${PODS_ROOT}/Target Support Files/Pods-traveltune/Pods-traveltune-frameworks.sh\"\n";
			showEnvVarsInLog = 0;
		};
		C08B379E2AC1E11C007FF39F /* Setup Firebase */ = {
			isa = PBXShellScriptBuildPhase;
			buildActionMask = 2147483647;
			files = (
			);
			inputFileListPaths = (
			);
			inputPaths = (
				"${DWARF_DSYM_FOLDER_PATH}/${DWARF_DSYM_FILE_NAME}/Contents/Resources/DWARF/${TARGET_NAME}",
				"$(SRCROOT)/$(BUILT_PRODUCTS_DIR)/$(INFOPLIST_PATH)",
			);
			name = "Setup Firebase";
			outputFileListPaths = (
			);
			outputPaths = (
			);
			runOnlyForDeploymentPostprocessing = 0;
			shellPath = /bin/sh;
			shellScript = "\"${PODS_ROOT}/FirebaseCrashlytics/run\"\n\n";
		};
/* End PBXShellScriptBuildPhase section */

/* Begin PBXSourcesBuildPhase section */
		C0E8BA432ABC8B7600B1CCA6 /* Sources */ = {
			isa = PBXSourcesBuildPhase;
			buildActionMask = 2147483647;
			files = (
				C04F9CA72ABEEFD50058A8D0 /* Router.swift in Sources */,
				C05F92212AC3F4F400427F6D /* ThemeDetailView.swift in Sources */,
				C0D81A912AC49D1000CB2EF0 /* VisitorDataInfoRequestInterceptor.swift in Sources */,
				C05BB6B22AC31D2A007CC4A5 /* ThemeViewModel.swift in Sources */,
				C0D81A762AC40C8E00CB2EF0 /* SplashViewModel.swift in Sources */,
				C04F9CA92ABEF6320058A8D0 /* Encodable+Extension.swift in Sources */,
				C04F9CFA2AC09C0E0058A8D0 /* RequestCheckVisitorsInMetro.swift in Sources */,
				C0D81A9A2AC5609800CB2EF0 /* Constant.swift in Sources */,
				C04F9CAE2ABEF8320058A8D0 /* ResponseTravelSpots.swift in Sources */,
				C08B37AC2AC2AAAB007FF39F /* BaseCellProtocol.swift in Sources */,
				C04F9CA02ABEEED60058A8D0 /* APIKey.swift in Sources */,
				C0D81AA22AC56D7000CB2EF0 /* UICollectionViewFlowLayout+Extension.swift in Sources */,
				C0E8BAAE2ABDDD7700B1CCA6 /* MapView.swift in Sources */,
				C0E8BA9A2ABDCD3800B1CCA6 /* ThemeVC.swift in Sources */,
				C0E8BA9E2ABDCD8300B1CCA6 /* PlaylistVC.swift in Sources */,
				C0D81A742AC40A7700CB2EF0 /* SplashView.swift in Sources */,
				C0E8BAAC2ABDDCC800B1CCA6 /* ThemeView.swift in Sources */,
				C0E8BAA12ABDDA5900B1CCA6 /* Observable.swift in Sources */,
				C04F9CF62AC0919B0058A8D0 /* BaseRequestInterceptor.swift in Sources */,
				C0E8BA4B2ABC8B7600B1CCA6 /* AppDelegate.swift in Sources */,
				C06C933C2AC2B231006B26F6 /* ThemePagerCellView.swift in Sources */,
				C05F92262AC3F93B00427F6D /* ThemeVCProtocol.swift in Sources */,
				C0E8BAA52ABDDB5D00B1CCA6 /* BaseViewController.swift in Sources */,
				C0E8BA8A2ABC993000B1CCA6 /* Strings.swift in Sources */,
				C0D81A982AC55FE600CB2EF0 /* HeroID.swift in Sources */,
				C05F921A2AC3494F00427F6D /* UILabel+Extension.swift in Sources */,
				C08B37A32AC2A627007FF39F /* ThemePagerCollectionViewCell.swift in Sources */,
				C0D81A722AC40A5A00CB2EF0 /* SplashVC.swift in Sources */,
				C0D81A932AC4A5B300CB2EF0 /* DateManager.swift in Sources */,
				C04F9CA22ABEEF610058A8D0 /* Network.swift in Sources */,
				C0E8BA8C2ABC997800B1CCA6 /* String+Extension.swift in Sources */,
				C0E8BA9C2ABDCD5B00B1CCA6 /* MapVC.swift in Sources */,
				C0E8BAAA2ABDDC3D00B1CCA6 /* ConfigurableViewProtocol.swift in Sources */,
				C04F9CB02ABEF8950058A8D0 /* RequestTravelSpots.swift in Sources */,
				C0D81A7F2AC4143A00CB2EF0 /* LocalTravelSpotRepository.swift in Sources */,
				C0D81A882AC43EF300CB2EF0 /* UIViewController+Extension.swift in Sources */,
				C0D81A862AC42C2800CB2EF0 /* RemoteTravelSpotRepository.swift in Sources */,
				C0D81A8F2AC4966F00CB2EF0 /* Date+Extension.swift in Sources */,
				C0D81A8D2AC4941100CB2EF0 /* UserDefault.swift in Sources */,
				C0E8BA932ABDCCC900B1CCA6 /* TabBarVC.swift in Sources */,
				C0D81A782AC40FB000CB2EF0 /* NetworkMonitor.swift in Sources */,
				C0E8BAA32ABDDAF100B1CCA6 /* BaseView.swift in Sources */,
				C04F9CFC2AC09CBC0058A8D0 /* ResponseCheckVisitorsInMetro.swift in Sources */,
				C0E8BAA72ABDDBE400B1CCA6 /* BaseCollectionViewCell.swift in Sources */,
				C08B37A82AC2A761007FF39F /* ReusableViewProtocol.swift in Sources */,
				C0D81AA52AC575F100CB2EF0 /* ThemeDetailVCProtocol.swift in Sources */,
				C0E8BAB02ABDDD9700B1CCA6 /* PlaylistView.swift in Sources */,
				C0D81A7A2AC4104300CB2EF0 /* RealmProtocol.swift in Sources */,
				C05F921C2AC3F33000427F6D /* RequestSearchTravelSpots.swift in Sources */,
				C04F9CF42AC0772C0058A8D0 /* AVPlayerManager.swift in Sources */,
				C0E8BA4D2ABC8B7600B1CCA6 /* SceneDelegate.swift in Sources */,
				C0E8BAB32ABDE72800B1CCA6 /* RegionButton.swift in Sources */,
				C05F921F2AC3F4C600427F6D /* ThemeDetailVC.swift in Sources */,
				C05BB6B02AC31770007CC4A5 /* ThemeStory.swift in Sources */,
			);
			runOnlyForDeploymentPostprocessing = 0;
		};
/* End PBXSourcesBuildPhase section */

/* Begin PBXVariantGroup section */
		C0E8BA552ABC8B7700B1CCA6 /* LaunchScreen.storyboard */ = {
			isa = PBXVariantGroup;
			children = (
				C0E8BA562ABC8B7700B1CCA6 /* Base */,
				C0E8BA822ABC980000B1CCA6 /* ko */,
			);
			name = LaunchScreen.storyboard;
			sourceTree = "<group>";
		};
		C0E8BA872ABC98F800B1CCA6 /* Localizable.strings */ = {
			isa = PBXVariantGroup;
			children = (
				C0E8BA862ABC98F800B1CCA6 /* en */,
				C0E8BA882ABC98F900B1CCA6 /* ko */,
			);
			name = Localizable.strings;
			sourceTree = "<group>";
		};
/* End PBXVariantGroup section */

/* Begin XCBuildConfiguration section */
		C0E8BA592ABC8B7700B1CCA6 /* Debug */ = {
			isa = XCBuildConfiguration;
			buildSettings = {
				ALWAYS_SEARCH_USER_PATHS = NO;
				ASSETCATALOG_COMPILER_GENERATE_SWIFT_ASSET_SYMBOL_EXTENSIONS = YES;
				CLANG_ANALYZER_LOCALIZABILITY_NONLOCALIZED = YES;
				CLANG_ANALYZER_NONNULL = YES;
				CLANG_ANALYZER_NUMBER_OBJECT_CONVERSION = YES_AGGRESSIVE;
				CLANG_CXX_LANGUAGE_STANDARD = "gnu++20";
				CLANG_ENABLE_MODULES = YES;
				CLANG_ENABLE_OBJC_ARC = YES;
				CLANG_ENABLE_OBJC_WEAK = YES;
				CLANG_WARN_BLOCK_CAPTURE_AUTORELEASING = YES;
				CLANG_WARN_BOOL_CONVERSION = YES;
				CLANG_WARN_COMMA = YES;
				CLANG_WARN_CONSTANT_CONVERSION = YES;
				CLANG_WARN_DEPRECATED_OBJC_IMPLEMENTATIONS = YES;
				CLANG_WARN_DIRECT_OBJC_ISA_USAGE = YES_ERROR;
				CLANG_WARN_DOCUMENTATION_COMMENTS = YES;
				CLANG_WARN_EMPTY_BODY = YES;
				CLANG_WARN_ENUM_CONVERSION = YES;
				CLANG_WARN_INFINITE_RECURSION = YES;
				CLANG_WARN_INT_CONVERSION = YES;
				CLANG_WARN_NON_LITERAL_NULL_CONVERSION = YES;
				CLANG_WARN_OBJC_IMPLICIT_RETAIN_SELF = YES;
				CLANG_WARN_OBJC_LITERAL_CONVERSION = YES;
				CLANG_WARN_OBJC_ROOT_CLASS = YES_ERROR;
				CLANG_WARN_QUOTED_INCLUDE_IN_FRAMEWORK_HEADER = YES;
				CLANG_WARN_RANGE_LOOP_ANALYSIS = YES;
				CLANG_WARN_STRICT_PROTOTYPES = YES;
				CLANG_WARN_SUSPICIOUS_MOVE = YES;
				CLANG_WARN_UNGUARDED_AVAILABILITY = YES_AGGRESSIVE;
				CLANG_WARN_UNREACHABLE_CODE = YES;
				CLANG_WARN__DUPLICATE_METHOD_MATCH = YES;
				COPY_PHASE_STRIP = NO;
				DEBUG_INFORMATION_FORMAT = "dwarf-with-dsym";
				ENABLE_STRICT_OBJC_MSGSEND = YES;
				ENABLE_TESTABILITY = YES;
				ENABLE_USER_SCRIPT_SANDBOXING = NO;
				GCC_C_LANGUAGE_STANDARD = gnu17;
				GCC_DYNAMIC_NO_PIC = NO;
				GCC_NO_COMMON_BLOCKS = YES;
				GCC_OPTIMIZATION_LEVEL = 0;
				GCC_PREPROCESSOR_DEFINITIONS = (
					"DEBUG=1",
					"$(inherited)",
				);
				GCC_WARN_64_TO_32_BIT_CONVERSION = YES;
				GCC_WARN_ABOUT_RETURN_TYPE = YES_ERROR;
				GCC_WARN_UNDECLARED_SELECTOR = YES;
				GCC_WARN_UNINITIALIZED_AUTOS = YES_AGGRESSIVE;
				GCC_WARN_UNUSED_FUNCTION = YES;
				GCC_WARN_UNUSED_VARIABLE = YES;
				IPHONEOS_DEPLOYMENT_TARGET = 16.0;
				LOCALIZATION_PREFERS_STRING_CATALOGS = YES;
				MTL_ENABLE_DEBUG_INFO = INCLUDE_SOURCE;
				MTL_FAST_MATH = YES;
				ONLY_ACTIVE_ARCH = YES;
				SDKROOT = iphoneos;
				SWIFT_ACTIVE_COMPILATION_CONDITIONS = "DEBUG $(inherited)";
				SWIFT_OPTIMIZATION_LEVEL = "-Onone";
			};
			name = Debug;
		};
		C0E8BA5A2ABC8B7700B1CCA6 /* Release */ = {
			isa = XCBuildConfiguration;
			buildSettings = {
				ALWAYS_SEARCH_USER_PATHS = NO;
				ASSETCATALOG_COMPILER_GENERATE_SWIFT_ASSET_SYMBOL_EXTENSIONS = YES;
				CLANG_ANALYZER_LOCALIZABILITY_NONLOCALIZED = YES;
				CLANG_ANALYZER_NONNULL = YES;
				CLANG_ANALYZER_NUMBER_OBJECT_CONVERSION = YES_AGGRESSIVE;
				CLANG_CXX_LANGUAGE_STANDARD = "gnu++20";
				CLANG_ENABLE_MODULES = YES;
				CLANG_ENABLE_OBJC_ARC = YES;
				CLANG_ENABLE_OBJC_WEAK = YES;
				CLANG_WARN_BLOCK_CAPTURE_AUTORELEASING = YES;
				CLANG_WARN_BOOL_CONVERSION = YES;
				CLANG_WARN_COMMA = YES;
				CLANG_WARN_CONSTANT_CONVERSION = YES;
				CLANG_WARN_DEPRECATED_OBJC_IMPLEMENTATIONS = YES;
				CLANG_WARN_DIRECT_OBJC_ISA_USAGE = YES_ERROR;
				CLANG_WARN_DOCUMENTATION_COMMENTS = YES;
				CLANG_WARN_EMPTY_BODY = YES;
				CLANG_WARN_ENUM_CONVERSION = YES;
				CLANG_WARN_INFINITE_RECURSION = YES;
				CLANG_WARN_INT_CONVERSION = YES;
				CLANG_WARN_NON_LITERAL_NULL_CONVERSION = YES;
				CLANG_WARN_OBJC_IMPLICIT_RETAIN_SELF = YES;
				CLANG_WARN_OBJC_LITERAL_CONVERSION = YES;
				CLANG_WARN_OBJC_ROOT_CLASS = YES_ERROR;
				CLANG_WARN_QUOTED_INCLUDE_IN_FRAMEWORK_HEADER = YES;
				CLANG_WARN_RANGE_LOOP_ANALYSIS = YES;
				CLANG_WARN_STRICT_PROTOTYPES = YES;
				CLANG_WARN_SUSPICIOUS_MOVE = YES;
				CLANG_WARN_UNGUARDED_AVAILABILITY = YES_AGGRESSIVE;
				CLANG_WARN_UNREACHABLE_CODE = YES;
				CLANG_WARN__DUPLICATE_METHOD_MATCH = YES;
				COPY_PHASE_STRIP = NO;
				DEBUG_INFORMATION_FORMAT = "dwarf-with-dsym";
				ENABLE_NS_ASSERTIONS = NO;
				ENABLE_STRICT_OBJC_MSGSEND = YES;
				ENABLE_USER_SCRIPT_SANDBOXING = NO;
				GCC_C_LANGUAGE_STANDARD = gnu17;
				GCC_NO_COMMON_BLOCKS = YES;
				GCC_WARN_64_TO_32_BIT_CONVERSION = YES;
				GCC_WARN_ABOUT_RETURN_TYPE = YES_ERROR;
				GCC_WARN_UNDECLARED_SELECTOR = YES;
				GCC_WARN_UNINITIALIZED_AUTOS = YES_AGGRESSIVE;
				GCC_WARN_UNUSED_FUNCTION = YES;
				GCC_WARN_UNUSED_VARIABLE = YES;
				IPHONEOS_DEPLOYMENT_TARGET = 16.0;
				LOCALIZATION_PREFERS_STRING_CATALOGS = YES;
				MTL_ENABLE_DEBUG_INFO = NO;
				MTL_FAST_MATH = YES;
				SDKROOT = iphoneos;
				SWIFT_COMPILATION_MODE = wholemodule;
				VALIDATE_PRODUCT = YES;
			};
			name = Release;
		};
		C0E8BA5C2ABC8B7700B1CCA6 /* Debug */ = {
			isa = XCBuildConfiguration;
			baseConfigurationReference = EE2DB048C391D5CB1AF9994E /* Pods-traveltune.debug.xcconfig */;
			buildSettings = {
				ASSETCATALOG_COMPILER_APPICON_NAME = AppIcon;
				ASSETCATALOG_COMPILER_GLOBAL_ACCENT_COLOR_NAME = AccentColor;
				CODE_SIGN_STYLE = Automatic;
				CURRENT_PROJECT_VERSION = 1;
				DEBUG_INFORMATION_FORMAT = "dwarf-with-dsym";
				DEVELOPMENT_TEAM = SV3K237PCX;
				GENERATE_INFOPLIST_FILE = YES;
				INFOPLIST_FILE = traveltune/Info.plist;
				INFOPLIST_KEY_UIApplicationSupportsIndirectInputEvents = YES;
				INFOPLIST_KEY_UILaunchStoryboardName = LaunchScreen;
				INFOPLIST_KEY_UISupportedInterfaceOrientations = UIInterfaceOrientationPortrait;
				INFOPLIST_KEY_UISupportedInterfaceOrientations_iPad = "UIInterfaceOrientationLandscapeLeft UIInterfaceOrientationLandscapeRight UIInterfaceOrientationPortrait UIInterfaceOrientationPortraitUpsideDown";
				IPHONEOS_DEPLOYMENT_TARGET = 16.0;
				LD_RUNPATH_SEARCH_PATHS = (
					"$(inherited)",
					"@executable_path/Frameworks",
				);
				MARKETING_VERSION = 1.0;
				PRODUCT_BUNDLE_IDENTIFIER = com.comet.traveltune;
				PRODUCT_NAME = "$(TARGET_NAME)";
				SUPPORTED_PLATFORMS = "iphoneos iphonesimulator";
				SUPPORTS_MACCATALYST = NO;
				SWIFT_EMIT_LOC_STRINGS = YES;
				SWIFT_VERSION = 5.0;
				TARGETED_DEVICE_FAMILY = 1;
			};
			name = Debug;
		};
		C0E8BA5D2ABC8B7700B1CCA6 /* Release */ = {
			isa = XCBuildConfiguration;
			baseConfigurationReference = 6A6C9A4659B7BEA01E36D10E /* Pods-traveltune.release.xcconfig */;
			buildSettings = {
				ASSETCATALOG_COMPILER_APPICON_NAME = AppIcon;
				ASSETCATALOG_COMPILER_GLOBAL_ACCENT_COLOR_NAME = AccentColor;
				CODE_SIGN_STYLE = Automatic;
				CURRENT_PROJECT_VERSION = 1;
				DEVELOPMENT_TEAM = SV3K237PCX;
				GENERATE_INFOPLIST_FILE = YES;
				INFOPLIST_FILE = traveltune/Info.plist;
				INFOPLIST_KEY_UIApplicationSupportsIndirectInputEvents = YES;
				INFOPLIST_KEY_UILaunchStoryboardName = LaunchScreen;
				INFOPLIST_KEY_UISupportedInterfaceOrientations = UIInterfaceOrientationPortrait;
				INFOPLIST_KEY_UISupportedInterfaceOrientations_iPad = "UIInterfaceOrientationLandscapeLeft UIInterfaceOrientationLandscapeRight UIInterfaceOrientationPortrait UIInterfaceOrientationPortraitUpsideDown";
				IPHONEOS_DEPLOYMENT_TARGET = 16.0;
				LD_RUNPATH_SEARCH_PATHS = (
					"$(inherited)",
					"@executable_path/Frameworks",
				);
				MARKETING_VERSION = 1.0;
				PRODUCT_BUNDLE_IDENTIFIER = com.comet.traveltune;
				PRODUCT_NAME = "$(TARGET_NAME)";
				SUPPORTED_PLATFORMS = "iphoneos iphonesimulator";
				SUPPORTS_MACCATALYST = NO;
				SWIFT_EMIT_LOC_STRINGS = YES;
				SWIFT_VERSION = 5.0;
				TARGETED_DEVICE_FAMILY = 1;
			};
			name = Release;
		};
/* End XCBuildConfiguration section */

/* Begin XCConfigurationList section */
		C0E8BA422ABC8B7600B1CCA6 /* Build configuration list for PBXProject "traveltune" */ = {
			isa = XCConfigurationList;
			buildConfigurations = (
				C0E8BA592ABC8B7700B1CCA6 /* Debug */,
				C0E8BA5A2ABC8B7700B1CCA6 /* Release */,
			);
			defaultConfigurationIsVisible = 0;
			defaultConfigurationName = Release;
		};
		C0E8BA5B2ABC8B7700B1CCA6 /* Build configuration list for PBXNativeTarget "traveltune" */ = {
			isa = XCConfigurationList;
			buildConfigurations = (
				C0E8BA5C2ABC8B7700B1CCA6 /* Debug */,
				C0E8BA5D2ABC8B7700B1CCA6 /* Release */,
			);
			defaultConfigurationIsVisible = 0;
			defaultConfigurationName = Release;
		};
/* End XCConfigurationList section */

/* Begin XCRemoteSwiftPackageReference section */
		C0D81A942AC5437800CB2EF0 /* XCRemoteSwiftPackageReference "Hero" */ = {
			isa = XCRemoteSwiftPackageReference;
			repositoryURL = "https://github.com/HeroTransitions/Hero.git";
			requirement = {
				kind = upToNextMajorVersion;
				minimumVersion = 1.6.2;
			};
		};
		C0E8BA712ABC972D00B1CCA6 /* XCRemoteSwiftPackageReference "SnapKit" */ = {
			isa = XCRemoteSwiftPackageReference;
			repositoryURL = "https://github.com/SnapKit/SnapKit";
			requirement = {
				kind = upToNextMajorVersion;
				minimumVersion = 5.6.0;
			};
		};
		C0E8BA742ABC973900B1CCA6 /* XCRemoteSwiftPackageReference "Kingfisher" */ = {
			isa = XCRemoteSwiftPackageReference;
			repositoryURL = "https://github.com/onevcat/Kingfisher.git";
			requirement = {
				kind = upToNextMajorVersion;
				minimumVersion = 7.9.1;
			};
		};
		C0E8BA772ABC974900B1CCA6 /* XCRemoteSwiftPackageReference "Alamofire" */ = {
			isa = XCRemoteSwiftPackageReference;
			repositoryURL = "https://github.com/Alamofire/Alamofire.git";
			requirement = {
				kind = upToNextMajorVersion;
				minimumVersion = 5.8.0;
			};
		};
		C0E8BA7A2ABC976500B1CCA6 /* XCRemoteSwiftPackageReference "realm-swift" */ = {
			isa = XCRemoteSwiftPackageReference;
			repositoryURL = "https://github.com/realm/realm-swift.git";
			requirement = {
				branch = master;
				kind = branch;
			};
		};
		C0E8BA7F2ABC977C00B1CCA6 /* XCRemoteSwiftPackageReference "Toast-Swift" */ = {
			isa = XCRemoteSwiftPackageReference;
			repositoryURL = "https://github.com/scalessec/Toast-Swift";
			requirement = {
				kind = upToNextMajorVersion;
				minimumVersion = 5.0.1;
			};
		};
/* End XCRemoteSwiftPackageReference section */

/* Begin XCSwiftPackageProductDependency section */
		C0D81A952AC5437800CB2EF0 /* Hero */ = {
			isa = XCSwiftPackageProductDependency;
			package = C0D81A942AC5437800CB2EF0 /* XCRemoteSwiftPackageReference "Hero" */;
			productName = Hero;
		};
		C0E8BA722ABC972D00B1CCA6 /* SnapKit */ = {
			isa = XCSwiftPackageProductDependency;
			package = C0E8BA712ABC972D00B1CCA6 /* XCRemoteSwiftPackageReference "SnapKit" */;
			productName = SnapKit;
		};
		C0E8BA752ABC973900B1CCA6 /* Kingfisher */ = {
			isa = XCSwiftPackageProductDependency;
			package = C0E8BA742ABC973900B1CCA6 /* XCRemoteSwiftPackageReference "Kingfisher" */;
			productName = Kingfisher;
		};
		C0E8BA782ABC974900B1CCA6 /* Alamofire */ = {
			isa = XCSwiftPackageProductDependency;
			package = C0E8BA772ABC974900B1CCA6 /* XCRemoteSwiftPackageReference "Alamofire" */;
			productName = Alamofire;
		};
		C0E8BA7B2ABC976500B1CCA6 /* Realm */ = {
			isa = XCSwiftPackageProductDependency;
			package = C0E8BA7A2ABC976500B1CCA6 /* XCRemoteSwiftPackageReference "realm-swift" */;
			productName = Realm;
		};
		C0E8BA7D2ABC976500B1CCA6 /* RealmSwift */ = {
			isa = XCSwiftPackageProductDependency;
			package = C0E8BA7A2ABC976500B1CCA6 /* XCRemoteSwiftPackageReference "realm-swift" */;
			productName = RealmSwift;
		};
		C0E8BA802ABC977C00B1CCA6 /* Toast */ = {
			isa = XCSwiftPackageProductDependency;
			package = C0E8BA7F2ABC977C00B1CCA6 /* XCRemoteSwiftPackageReference "Toast-Swift" */;
			productName = Toast;
		};
/* End XCSwiftPackageProductDependency section */
	};
	rootObject = C0E8BA3F2ABC8B7600B1CCA6 /* Project object */;
}
