// !$*UTF8*$!
{
	archiveVersion = 1;
	classes = {
	};
	objectVersion = 56;
	objects = {

/* Begin PBXBuildFile section */
		C0E8BA4B2ABC8B7600B1CCA6 /* AppDelegate.swift in Sources */ = {isa = PBXBuildFile; fileRef = C0E8BA4A2ABC8B7600B1CCA6 /* AppDelegate.swift */; };
		C0E8BA4D2ABC8B7600B1CCA6 /* SceneDelegate.swift in Sources */ = {isa = PBXBuildFile; fileRef = C0E8BA4C2ABC8B7600B1CCA6 /* SceneDelegate.swift */; };
		C0E8BA4F2ABC8B7600B1CCA6 /* ViewController.swift in Sources */ = {isa = PBXBuildFile; fileRef = C0E8BA4E2ABC8B7600B1CCA6 /* ViewController.swift */; };
		C0E8BA542ABC8B7700B1CCA6 /* Assets.xcassets in Resources */ = {isa = PBXBuildFile; fileRef = C0E8BA532ABC8B7700B1CCA6 /* Assets.xcassets */; };
		C0E8BA572ABC8B7700B1CCA6 /* LaunchScreen.storyboard in Resources */ = {isa = PBXBuildFile; fileRef = C0E8BA552ABC8B7700B1CCA6 /* LaunchScreen.storyboard */; };
		C0E8BA6B2ABC915F00B1CCA6 /* Colors.xcassets in Resources */ = {isa = PBXBuildFile; fileRef = C0E8BA6A2ABC915F00B1CCA6 /* Colors.xcassets */; };
		C0E8BA6D2ABC916A00B1CCA6 /* Images.xcassets in Resources */ = {isa = PBXBuildFile; fileRef = C0E8BA6C2ABC916A00B1CCA6 /* Images.xcassets */; };
		C0E8BA732ABC972D00B1CCA6 /* SnapKit in Frameworks */ = {isa = PBXBuildFile; productRef = C0E8BA722ABC972D00B1CCA6 /* SnapKit */; };
		C0E8BA762ABC973900B1CCA6 /* Kingfisher in Frameworks */ = {isa = PBXBuildFile; productRef = C0E8BA752ABC973900B1CCA6 /* Kingfisher */; };
		C0E8BA792ABC974900B1CCA6 /* Alamofire in Frameworks */ = {isa = PBXBuildFile; productRef = C0E8BA782ABC974900B1CCA6 /* Alamofire */; };
		C0E8BA7C2ABC976500B1CCA6 /* Realm in Frameworks */ = {isa = PBXBuildFile; productRef = C0E8BA7B2ABC976500B1CCA6 /* Realm */; };
		C0E8BA7E2ABC976500B1CCA6 /* RealmSwift in Frameworks */ = {isa = PBXBuildFile; productRef = C0E8BA7D2ABC976500B1CCA6 /* RealmSwift */; };
		C0E8BA812ABC977C00B1CCA6 /* Toast in Frameworks */ = {isa = PBXBuildFile; productRef = C0E8BA802ABC977C00B1CCA6 /* Toast */; };
		C0E8BA852ABC98F800B1CCA6 /* Localizable.strings in Resources */ = {isa = PBXBuildFile; fileRef = C0E8BA872ABC98F800B1CCA6 /* Localizable.strings */; };
		C0E8BA8A2ABC993000B1CCA6 /* Strings.swift in Sources */ = {isa = PBXBuildFile; fileRef = C0E8BA892ABC993000B1CCA6 /* Strings.swift */; };
		C0E8BA8C2ABC997800B1CCA6 /* String+Extension.swift in Sources */ = {isa = PBXBuildFile; fileRef = C0E8BA8B2ABC997800B1CCA6 /* String+Extension.swift */; };
/* End PBXBuildFile section */

/* Begin PBXFileReference section */
		C0E8BA472ABC8B7600B1CCA6 /* traveltune.app */ = {isa = PBXFileReference; explicitFileType = wrapper.application; includeInIndex = 0; path = traveltune.app; sourceTree = BUILT_PRODUCTS_DIR; };
		C0E8BA4A2ABC8B7600B1CCA6 /* AppDelegate.swift */ = {isa = PBXFileReference; lastKnownFileType = sourcecode.swift; path = AppDelegate.swift; sourceTree = "<group>"; };
		C0E8BA4C2ABC8B7600B1CCA6 /* SceneDelegate.swift */ = {isa = PBXFileReference; lastKnownFileType = sourcecode.swift; path = SceneDelegate.swift; sourceTree = "<group>"; };
		C0E8BA4E2ABC8B7600B1CCA6 /* ViewController.swift */ = {isa = PBXFileReference; lastKnownFileType = sourcecode.swift; path = ViewController.swift; sourceTree = "<group>"; };
		C0E8BA532ABC8B7700B1CCA6 /* Assets.xcassets */ = {isa = PBXFileReference; lastKnownFileType = folder.assetcatalog; path = Assets.xcassets; sourceTree = "<group>"; };
		C0E8BA562ABC8B7700B1CCA6 /* Base */ = {isa = PBXFileReference; lastKnownFileType = file.storyboard; name = Base; path = Base.lproj/LaunchScreen.storyboard; sourceTree = "<group>"; };
		C0E8BA582ABC8B7700B1CCA6 /* Info.plist */ = {isa = PBXFileReference; lastKnownFileType = text.plist.xml; path = Info.plist; sourceTree = "<group>"; };
		C0E8BA6A2ABC915F00B1CCA6 /* Colors.xcassets */ = {isa = PBXFileReference; lastKnownFileType = folder.assetcatalog; path = Colors.xcassets; sourceTree = "<group>"; };
		C0E8BA6C2ABC916A00B1CCA6 /* Images.xcassets */ = {isa = PBXFileReference; lastKnownFileType = folder.assetcatalog; path = Images.xcassets; sourceTree = "<group>"; };
		C0E8BA822ABC980000B1CCA6 /* ko */ = {isa = PBXFileReference; lastKnownFileType = text.plist.strings; name = ko; path = ko.lproj/LaunchScreen.strings; sourceTree = "<group>"; };
		C0E8BA862ABC98F800B1CCA6 /* en */ = {isa = PBXFileReference; lastKnownFileType = text.plist.strings; name = en; path = en.lproj/Localizable.strings; sourceTree = "<group>"; };
		C0E8BA882ABC98F900B1CCA6 /* ko */ = {isa = PBXFileReference; lastKnownFileType = text.plist.strings; name = ko; path = ko.lproj/Localizable.strings; sourceTree = "<group>"; };
		C0E8BA892ABC993000B1CCA6 /* Strings.swift */ = {isa = PBXFileReference; lastKnownFileType = sourcecode.swift; path = Strings.swift; sourceTree = "<group>"; };
		C0E8BA8B2ABC997800B1CCA6 /* String+Extension.swift */ = {isa = PBXFileReference; lastKnownFileType = sourcecode.swift; path = "String+Extension.swift"; sourceTree = "<group>"; };
/* End PBXFileReference section */

/* Begin PBXFrameworksBuildPhase section */
		C0E8BA442ABC8B7600B1CCA6 /* Frameworks */ = {
			isa = PBXFrameworksBuildPhase;
			buildActionMask = 2147483647;
			files = (
				C0E8BA812ABC977C00B1CCA6 /* Toast in Frameworks */,
				C0E8BA792ABC974900B1CCA6 /* Alamofire in Frameworks */,
				C0E8BA762ABC973900B1CCA6 /* Kingfisher in Frameworks */,
				C0E8BA7C2ABC976500B1CCA6 /* Realm in Frameworks */,
				C0E8BA7E2ABC976500B1CCA6 /* RealmSwift in Frameworks */,
				C0E8BA732ABC972D00B1CCA6 /* SnapKit in Frameworks */,
			);
			runOnlyForDeploymentPostprocessing = 0;
		};
/* End PBXFrameworksBuildPhase section */

/* Begin PBXGroup section */
		C0E8BA3E2ABC8B7600B1CCA6 = {
			isa = PBXGroup;
			children = (
				C0E8BA492ABC8B7600B1CCA6 /* traveltune */,
				C0E8BA482ABC8B7600B1CCA6 /* Products */,
			);
			sourceTree = "<group>";
		};
		C0E8BA482ABC8B7600B1CCA6 /* Products */ = {
			isa = PBXGroup;
			children = (
				C0E8BA472ABC8B7600B1CCA6 /* traveltune.app */,
			);
			name = Products;
			sourceTree = "<group>";
		};
		C0E8BA492ABC8B7600B1CCA6 /* traveltune */ = {
			isa = PBXGroup;
			children = (
				C0E8BA6E2ABC939E00B1CCA6 /* Extension */,
				C0E8BA692ABC913100B1CCA6 /* Resourse */,
				C0E8BA4A2ABC8B7600B1CCA6 /* AppDelegate.swift */,
				C0E8BA4C2ABC8B7600B1CCA6 /* SceneDelegate.swift */,
				C0E8BA4E2ABC8B7600B1CCA6 /* ViewController.swift */,
				C0E8BA552ABC8B7700B1CCA6 /* LaunchScreen.storyboard */,
				C0E8BA582ABC8B7700B1CCA6 /* Info.plist */,
			);
			path = traveltune;
			sourceTree = "<group>";
		};
		C0E8BA692ABC913100B1CCA6 /* Resourse */ = {
			isa = PBXGroup;
			children = (
				C0E8BA532ABC8B7700B1CCA6 /* Assets.xcassets */,
				C0E8BA6A2ABC915F00B1CCA6 /* Colors.xcassets */,
				C0E8BA6C2ABC916A00B1CCA6 /* Images.xcassets */,
				C0E8BA872ABC98F800B1CCA6 /* Localizable.strings */,
				C0E8BA892ABC993000B1CCA6 /* Strings.swift */,
			);
			path = Resourse;
			sourceTree = "<group>";
		};
		C0E8BA6E2ABC939E00B1CCA6 /* Extension */ = {
			isa = PBXGroup;
			children = (
				C0E8BA8B2ABC997800B1CCA6 /* String+Extension.swift */,
			);
			path = Extension;
			sourceTree = "<group>";
		};
/* End PBXGroup section */

/* Begin PBXNativeTarget section */
		C0E8BA462ABC8B7600B1CCA6 /* traveltune */ = {
			isa = PBXNativeTarget;
			buildConfigurationList = C0E8BA5B2ABC8B7700B1CCA6 /* Build configuration list for PBXNativeTarget "traveltune" */;
			buildPhases = (
				C0E8BA432ABC8B7600B1CCA6 /* Sources */,
				C0E8BA442ABC8B7600B1CCA6 /* Frameworks */,
				C0E8BA452ABC8B7600B1CCA6 /* Resources */,
			);
			buildRules = (
			);
			dependencies = (
			);
			name = traveltune;
			packageProductDependencies = (
				C0E8BA722ABC972D00B1CCA6 /* SnapKit */,
				C0E8BA752ABC973900B1CCA6 /* Kingfisher */,
				C0E8BA782ABC974900B1CCA6 /* Alamofire */,
				C0E8BA7B2ABC976500B1CCA6 /* Realm */,
				C0E8BA7D2ABC976500B1CCA6 /* RealmSwift */,
				C0E8BA802ABC977C00B1CCA6 /* Toast */,
			);
			productName = traveltune;
			productReference = C0E8BA472ABC8B7600B1CCA6 /* traveltune.app */;
			productType = "com.apple.product-type.application";
		};
/* End PBXNativeTarget section */

/* Begin PBXProject section */
		C0E8BA3F2ABC8B7600B1CCA6 /* Project object */ = {
			isa = PBXProject;
			attributes = {
				BuildIndependentTargetsInParallel = 1;
				LastSwiftUpdateCheck = 1500;
				LastUpgradeCheck = 1500;
				TargetAttributes = {
					C0E8BA462ABC8B7600B1CCA6 = {
						CreatedOnToolsVersion = 15.0;
					};
				};
			};
			buildConfigurationList = C0E8BA422ABC8B7600B1CCA6 /* Build configuration list for PBXProject "traveltune" */;
			compatibilityVersion = "Xcode 14.0";
			developmentRegion = en;
			hasScannedForEncodings = 0;
			knownRegions = (
				en,
				Base,
				ko,
			);
			mainGroup = C0E8BA3E2ABC8B7600B1CCA6;
			packageReferences = (
				C0E8BA712ABC972D00B1CCA6 /* XCRemoteSwiftPackageReference "SnapKit" */,
				C0E8BA742ABC973900B1CCA6 /* XCRemoteSwiftPackageReference "Kingfisher" */,
				C0E8BA772ABC974900B1CCA6 /* XCRemoteSwiftPackageReference "Alamofire" */,
				C0E8BA7A2ABC976500B1CCA6 /* XCRemoteSwiftPackageReference "realm-swift" */,
				C0E8BA7F2ABC977C00B1CCA6 /* XCRemoteSwiftPackageReference "Toast-Swift" */,
			);
			productRefGroup = C0E8BA482ABC8B7600B1CCA6 /* Products */;
			projectDirPath = "";
			projectRoot = "";
			targets = (
				C0E8BA462ABC8B7600B1CCA6 /* traveltune */,
			);
		};
/* End PBXProject section */

/* Begin PBXResourcesBuildPhase section */
		C0E8BA452ABC8B7600B1CCA6 /* Resources */ = {
			isa = PBXResourcesBuildPhase;
			buildActionMask = 2147483647;
			files = (
				C0E8BA852ABC98F800B1CCA6 /* Localizable.strings in Resources */,
				C0E8BA6B2ABC915F00B1CCA6 /* Colors.xcassets in Resources */,
				C0E8BA6D2ABC916A00B1CCA6 /* Images.xcassets in Resources */,
				C0E8BA572ABC8B7700B1CCA6 /* LaunchScreen.storyboard in Resources */,
				C0E8BA542ABC8B7700B1CCA6 /* Assets.xcassets in Resources */,
			);
			runOnlyForDeploymentPostprocessing = 0;
		};
/* End PBXResourcesBuildPhase section */

/* Begin PBXSourcesBuildPhase section */
		C0E8BA432ABC8B7600B1CCA6 /* Sources */ = {
			isa = PBXSourcesBuildPhase;
			buildActionMask = 2147483647;
			files = (
				C0E8BA4F2ABC8B7600B1CCA6 /* ViewController.swift in Sources */,
				C0E8BA4B2ABC8B7600B1CCA6 /* AppDelegate.swift in Sources */,
				C0E8BA8A2ABC993000B1CCA6 /* Strings.swift in Sources */,
				C0E8BA8C2ABC997800B1CCA6 /* String+Extension.swift in Sources */,
				C0E8BA4D2ABC8B7600B1CCA6 /* SceneDelegate.swift in Sources */,
			);
			runOnlyForDeploymentPostprocessing = 0;
		};
/* End PBXSourcesBuildPhase section */

/* Begin PBXVariantGroup section */
		C0E8BA552ABC8B7700B1CCA6 /* LaunchScreen.storyboard */ = {
			isa = PBXVariantGroup;
			children = (
				C0E8BA562ABC8B7700B1CCA6 /* Base */,
				C0E8BA822ABC980000B1CCA6 /* ko */,
			);
			name = LaunchScreen.storyboard;
			sourceTree = "<group>";
		};
		C0E8BA872ABC98F800B1CCA6 /* Localizable.strings */ = {
			isa = PBXVariantGroup;
			children = (
				C0E8BA862ABC98F800B1CCA6 /* en */,
				C0E8BA882ABC98F900B1CCA6 /* ko */,
			);
			name = Localizable.strings;
			sourceTree = "<group>";
		};
/* End PBXVariantGroup section */

/* Begin XCBuildConfiguration section */
		C0E8BA592ABC8B7700B1CCA6 /* Debug */ = {
			isa = XCBuildConfiguration;
			buildSettings = {
				ALWAYS_SEARCH_USER_PATHS = NO;
				ASSETCATALOG_COMPILER_GENERATE_SWIFT_ASSET_SYMBOL_EXTENSIONS = YES;
				CLANG_ANALYZER_LOCALIZABILITY_NONLOCALIZED = YES;
				CLANG_ANALYZER_NONNULL = YES;
				CLANG_ANALYZER_NUMBER_OBJECT_CONVERSION = YES_AGGRESSIVE;
				CLANG_CXX_LANGUAGE_STANDARD = "gnu++20";
				CLANG_ENABLE_MODULES = YES;
				CLANG_ENABLE_OBJC_ARC = YES;
				CLANG_ENABLE_OBJC_WEAK = YES;
				CLANG_WARN_BLOCK_CAPTURE_AUTORELEASING = YES;
				CLANG_WARN_BOOL_CONVERSION = YES;
				CLANG_WARN_COMMA = YES;
				CLANG_WARN_CONSTANT_CONVERSION = YES;
				CLANG_WARN_DEPRECATED_OBJC_IMPLEMENTATIONS = YES;
				CLANG_WARN_DIRECT_OBJC_ISA_USAGE = YES_ERROR;
				CLANG_WARN_DOCUMENTATION_COMMENTS = YES;
				CLANG_WARN_EMPTY_BODY = YES;
				CLANG_WARN_ENUM_CONVERSION = YES;
				CLANG_WARN_INFINITE_RECURSION = YES;
				CLANG_WARN_INT_CONVERSION = YES;
				CLANG_WARN_NON_LITERAL_NULL_CONVERSION = YES;
				CLANG_WARN_OBJC_IMPLICIT_RETAIN_SELF = YES;
				CLANG_WARN_OBJC_LITERAL_CONVERSION = YES;
				CLANG_WARN_OBJC_ROOT_CLASS = YES_ERROR;
				CLANG_WARN_QUOTED_INCLUDE_IN_FRAMEWORK_HEADER = YES;
				CLANG_WARN_RANGE_LOOP_ANALYSIS = YES;
				CLANG_WARN_STRICT_PROTOTYPES = YES;
				CLANG_WARN_SUSPICIOUS_MOVE = YES;
				CLANG_WARN_UNGUARDED_AVAILABILITY = YES_AGGRESSIVE;
				CLANG_WARN_UNREACHABLE_CODE = YES;
				CLANG_WARN__DUPLICATE_METHOD_MATCH = YES;
				COPY_PHASE_STRIP = NO;
				DEBUG_INFORMATION_FORMAT = dwarf;
				ENABLE_STRICT_OBJC_MSGSEND = YES;
				ENABLE_TESTABILITY = YES;
				ENABLE_USER_SCRIPT_SANDBOXING = YES;
				GCC_C_LANGUAGE_STANDARD = gnu17;
				GCC_DYNAMIC_NO_PIC = NO;
				GCC_NO_COMMON_BLOCKS = YES;
				GCC_OPTIMIZATION_LEVEL = 0;
				GCC_PREPROCESSOR_DEFINITIONS = (
					"DEBUG=1",
					"$(inherited)",
				);
				GCC_WARN_64_TO_32_BIT_CONVERSION = YES;
				GCC_WARN_ABOUT_RETURN_TYPE = YES_ERROR;
				GCC_WARN_UNDECLARED_SELECTOR = YES;
				GCC_WARN_UNINITIALIZED_AUTOS = YES_AGGRESSIVE;
				GCC_WARN_UNUSED_FUNCTION = YES;
				GCC_WARN_UNUSED_VARIABLE = YES;
				IPHONEOS_DEPLOYMENT_TARGET = 16.0;
				LOCALIZATION_PREFERS_STRING_CATALOGS = YES;
				MTL_ENABLE_DEBUG_INFO = INCLUDE_SOURCE;
				MTL_FAST_MATH = YES;
				ONLY_ACTIVE_ARCH = YES;
				SDKROOT = iphoneos;
				SWIFT_ACTIVE_COMPILATION_CONDITIONS = "DEBUG $(inherited)";
				SWIFT_OPTIMIZATION_LEVEL = "-Onone";
			};
			name = Debug;
		};
		C0E8BA5A2ABC8B7700B1CCA6 /* Release */ = {
			isa = XCBuildConfiguration;
			buildSettings = {
				ALWAYS_SEARCH_USER_PATHS = NO;
				ASSETCATALOG_COMPILER_GENERATE_SWIFT_ASSET_SYMBOL_EXTENSIONS = YES;
				CLANG_ANALYZER_LOCALIZABILITY_NONLOCALIZED = YES;
				CLANG_ANALYZER_NONNULL = YES;
				CLANG_ANALYZER_NUMBER_OBJECT_CONVERSION = YES_AGGRESSIVE;
				CLANG_CXX_LANGUAGE_STANDARD = "gnu++20";
				CLANG_ENABLE_MODULES = YES;
				CLANG_ENABLE_OBJC_ARC = YES;
				CLANG_ENABLE_OBJC_WEAK = YES;
				CLANG_WARN_BLOCK_CAPTURE_AUTORELEASING = YES;
				CLANG_WARN_BOOL_CONVERSION = YES;
				CLANG_WARN_COMMA = YES;
				CLANG_WARN_CONSTANT_CONVERSION = YES;
				CLANG_WARN_DEPRECATED_OBJC_IMPLEMENTATIONS = YES;
				CLANG_WARN_DIRECT_OBJC_ISA_USAGE = YES_ERROR;
				CLANG_WARN_DOCUMENTATION_COMMENTS = YES;
				CLANG_WARN_EMPTY_BODY = YES;
				CLANG_WARN_ENUM_CONVERSION = YES;
				CLANG_WARN_INFINITE_RECURSION = YES;
				CLANG_WARN_INT_CONVERSION = YES;
				CLANG_WARN_NON_LITERAL_NULL_CONVERSION = YES;
				CLANG_WARN_OBJC_IMPLICIT_RETAIN_SELF = YES;
				CLANG_WARN_OBJC_LITERAL_CONVERSION = YES;
				CLANG_WARN_OBJC_ROOT_CLASS = YES_ERROR;
				CLANG_WARN_QUOTED_INCLUDE_IN_FRAMEWORK_HEADER = YES;
				CLANG_WARN_RANGE_LOOP_ANALYSIS = YES;
				CLANG_WARN_STRICT_PROTOTYPES = YES;
				CLANG_WARN_SUSPICIOUS_MOVE = YES;
				CLANG_WARN_UNGUARDED_AVAILABILITY = YES_AGGRESSIVE;
				CLANG_WARN_UNREACHABLE_CODE = YES;
				CLANG_WARN__DUPLICATE_METHOD_MATCH = YES;
				COPY_PHASE_STRIP = NO;
				DEBUG_INFORMATION_FORMAT = "dwarf-with-dsym";
				ENABLE_NS_ASSERTIONS = NO;
				ENABLE_STRICT_OBJC_MSGSEND = YES;
				ENABLE_USER_SCRIPT_SANDBOXING = YES;
				GCC_C_LANGUAGE_STANDARD = gnu17;
				GCC_NO_COMMON_BLOCKS = YES;
				GCC_WARN_64_TO_32_BIT_CONVERSION = YES;
				GCC_WARN_ABOUT_RETURN_TYPE = YES_ERROR;
				GCC_WARN_UNDECLARED_SELECTOR = YES;
				GCC_WARN_UNINITIALIZED_AUTOS = YES_AGGRESSIVE;
				GCC_WARN_UNUSED_FUNCTION = YES;
				GCC_WARN_UNUSED_VARIABLE = YES;
				IPHONEOS_DEPLOYMENT_TARGET = 16.0;
				LOCALIZATION_PREFERS_STRING_CATALOGS = YES;
				MTL_ENABLE_DEBUG_INFO = NO;
				MTL_FAST_MATH = YES;
				SDKROOT = iphoneos;
				SWIFT_COMPILATION_MODE = wholemodule;
				VALIDATE_PRODUCT = YES;
			};
			name = Release;
		};
		C0E8BA5C2ABC8B7700B1CCA6 /* Debug */ = {
			isa = XCBuildConfiguration;
			buildSettings = {
				ASSETCATALOG_COMPILER_APPICON_NAME = AppIcon;
				ASSETCATALOG_COMPILER_GLOBAL_ACCENT_COLOR_NAME = AccentColor;
				CODE_SIGN_STYLE = Automatic;
				CURRENT_PROJECT_VERSION = 1;
				DEVELOPMENT_TEAM = SV3K237PCX;
				GENERATE_INFOPLIST_FILE = YES;
				INFOPLIST_FILE = traveltune/Info.plist;
				INFOPLIST_KEY_UIApplicationSupportsIndirectInputEvents = YES;
				INFOPLIST_KEY_UILaunchStoryboardName = LaunchScreen;
				INFOPLIST_KEY_UISupportedInterfaceOrientations = UIInterfaceOrientationPortrait;
				INFOPLIST_KEY_UISupportedInterfaceOrientations_iPad = "UIInterfaceOrientationLandscapeLeft UIInterfaceOrientationLandscapeRight UIInterfaceOrientationPortrait UIInterfaceOrientationPortraitUpsideDown";
				IPHONEOS_DEPLOYMENT_TARGET = 16.0;
				LD_RUNPATH_SEARCH_PATHS = (
					"$(inherited)",
					"@executable_path/Frameworks",
				);
				MARKETING_VERSION = 1.0;
				PRODUCT_BUNDLE_IDENTIFIER = com.comet.traveltune;
				PRODUCT_NAME = "$(TARGET_NAME)";
				SUPPORTED_PLATFORMS = "iphoneos iphonesimulator";
				SUPPORTS_MACCATALYST = NO;
				SWIFT_EMIT_LOC_STRINGS = YES;
				SWIFT_VERSION = 5.0;
				TARGETED_DEVICE_FAMILY = 1;
			};
			name = Debug;
		};
		C0E8BA5D2ABC8B7700B1CCA6 /* Release */ = {
			isa = XCBuildConfiguration;
			buildSettings = {
				ASSETCATALOG_COMPILER_APPICON_NAME = AppIcon;
				ASSETCATALOG_COMPILER_GLOBAL_ACCENT_COLOR_NAME = AccentColor;
				CODE_SIGN_STYLE = Automatic;
				CURRENT_PROJECT_VERSION = 1;
				DEVELOPMENT_TEAM = SV3K237PCX;
				GENERATE_INFOPLIST_FILE = YES;
				INFOPLIST_FILE = traveltune/Info.plist;
				INFOPLIST_KEY_UIApplicationSupportsIndirectInputEvents = YES;
				INFOPLIST_KEY_UILaunchStoryboardName = LaunchScreen;
				INFOPLIST_KEY_UISupportedInterfaceOrientations = UIInterfaceOrientationPortrait;
				INFOPLIST_KEY_UISupportedInterfaceOrientations_iPad = "UIInterfaceOrientationLandscapeLeft UIInterfaceOrientationLandscapeRight UIInterfaceOrientationPortrait UIInterfaceOrientationPortraitUpsideDown";
				IPHONEOS_DEPLOYMENT_TARGET = 16.0;
				LD_RUNPATH_SEARCH_PATHS = (
					"$(inherited)",
					"@executable_path/Frameworks",
				);
				MARKETING_VERSION = 1.0;
				PRODUCT_BUNDLE_IDENTIFIER = com.comet.traveltune;
				PRODUCT_NAME = "$(TARGET_NAME)";
				SUPPORTED_PLATFORMS = "iphoneos iphonesimulator";
				SUPPORTS_MACCATALYST = NO;
				SWIFT_EMIT_LOC_STRINGS = YES;
				SWIFT_VERSION = 5.0;
				TARGETED_DEVICE_FAMILY = 1;
			};
			name = Release;
		};
/* End XCBuildConfiguration section */

/* Begin XCConfigurationList section */
		C0E8BA422ABC8B7600B1CCA6 /* Build configuration list for PBXProject "traveltune" */ = {
			isa = XCConfigurationList;
			buildConfigurations = (
				C0E8BA592ABC8B7700B1CCA6 /* Debug */,
				C0E8BA5A2ABC8B7700B1CCA6 /* Release */,
			);
			defaultConfigurationIsVisible = 0;
			defaultConfigurationName = Release;
		};
		C0E8BA5B2ABC8B7700B1CCA6 /* Build configuration list for PBXNativeTarget "traveltune" */ = {
			isa = XCConfigurationList;
			buildConfigurations = (
				C0E8BA5C2ABC8B7700B1CCA6 /* Debug */,
				C0E8BA5D2ABC8B7700B1CCA6 /* Release */,
			);
			defaultConfigurationIsVisible = 0;
			defaultConfigurationName = Release;
		};
/* End XCConfigurationList section */

/* Begin XCRemoteSwiftPackageReference section */
		C0E8BA712ABC972D00B1CCA6 /* XCRemoteSwiftPackageReference "SnapKit" */ = {
			isa = XCRemoteSwiftPackageReference;
			repositoryURL = "https://github.com/SnapKit/SnapKit";
			requirement = {
				kind = upToNextMajorVersion;
				minimumVersion = 5.6.0;
			};
		};
		C0E8BA742ABC973900B1CCA6 /* XCRemoteSwiftPackageReference "Kingfisher" */ = {
			isa = XCRemoteSwiftPackageReference;
			repositoryURL = "https://github.com/onevcat/Kingfisher.git";
			requirement = {
				kind = upToNextMajorVersion;
				minimumVersion = 7.9.1;
			};
		};
		C0E8BA772ABC974900B1CCA6 /* XCRemoteSwiftPackageReference "Alamofire" */ = {
			isa = XCRemoteSwiftPackageReference;
			repositoryURL = "https://github.com/Alamofire/Alamofire.git";
			requirement = {
				kind = upToNextMajorVersion;
				minimumVersion = 5.8.0;
			};
		};
		C0E8BA7A2ABC976500B1CCA6 /* XCRemoteSwiftPackageReference "realm-swift" */ = {
			isa = XCRemoteSwiftPackageReference;
			repositoryURL = "https://github.com/realm/realm-swift.git";
			requirement = {
				branch = master;
				kind = branch;
			};
		};
		C0E8BA7F2ABC977C00B1CCA6 /* XCRemoteSwiftPackageReference "Toast-Swift" */ = {
			isa = XCRemoteSwiftPackageReference;
			repositoryURL = "https://github.com/scalessec/Toast-Swift";
			requirement = {
				kind = upToNextMajorVersion;
				minimumVersion = 5.0.1;
			};
		};
/* End XCRemoteSwiftPackageReference section */

/* Begin XCSwiftPackageProductDependency section */
		C0E8BA722ABC972D00B1CCA6 /* SnapKit */ = {
			isa = XCSwiftPackageProductDependency;
			package = C0E8BA712ABC972D00B1CCA6 /* XCRemoteSwiftPackageReference "SnapKit" */;
			productName = SnapKit;
		};
		C0E8BA752ABC973900B1CCA6 /* Kingfisher */ = {
			isa = XCSwiftPackageProductDependency;
			package = C0E8BA742ABC973900B1CCA6 /* XCRemoteSwiftPackageReference "Kingfisher" */;
			productName = Kingfisher;
		};
		C0E8BA782ABC974900B1CCA6 /* Alamofire */ = {
			isa = XCSwiftPackageProductDependency;
			package = C0E8BA772ABC974900B1CCA6 /* XCRemoteSwiftPackageReference "Alamofire" */;
			productName = Alamofire;
		};
		C0E8BA7B2ABC976500B1CCA6 /* Realm */ = {
			isa = XCSwiftPackageProductDependency;
			package = C0E8BA7A2ABC976500B1CCA6 /* XCRemoteSwiftPackageReference "realm-swift" */;
			productName = Realm;
		};
		C0E8BA7D2ABC976500B1CCA6 /* RealmSwift */ = {
			isa = XCSwiftPackageProductDependency;
			package = C0E8BA7A2ABC976500B1CCA6 /* XCRemoteSwiftPackageReference "realm-swift" */;
			productName = RealmSwift;
		};
		C0E8BA802ABC977C00B1CCA6 /* Toast */ = {
			isa = XCSwiftPackageProductDependency;
			package = C0E8BA7F2ABC977C00B1CCA6 /* XCRemoteSwiftPackageReference "Toast-Swift" */;
			productName = Toast;
		};
/* End XCSwiftPackageProductDependency section */
	};
	rootObject = C0E8BA3F2ABC8B7600B1CCA6 /* Project object */;
}
